
Microsoft Visual Studio Solution File, Format Version 12.00
# Visual Studio 15
VisualStudioVersion = 15.0.26403.7
MinimumVisualStudioVersion = 10.0.40219.1
Project("{FAE04EC0-301F-11D3-BF4B-00C04F79EFBC}") = "Linx.Desktop.LinqExtensions", "Desktop\Linx.Desktop.LinqExtensions\Linx.Desktop.LinqExtensions.csproj", "{31FEE263-46B1-4276-B522-3337C2051B4E}"
EndProject
Project("{9A19103F-16F7-4668-BE54-9A1E7A4F7556}") = "Linx.LinqExtensions.Core", "Desktop\Linx.LinqExtensions.Core\Linx.LinqExtensions.Core.csproj", "{83264C48-9D73-46A1-9BD4-EEC149E55114}"
EndProject
Global
	GlobalSection(SolutionConfigurationPlatforms) = preSolution
		Debug|Any CPU = Debug|Any CPU
		Release|Any CPU = Release|Any CPU
	EndGlobalSection
	GlobalSection(ProjectConfigurationPlatforms) = postSolution
		{31FEE263-46B1-4276-B522-3337C2051B4E}.Debug|Any CPU.ActiveCfg = Debug|Any CPU
		{31FEE263-46B1-4276-B522-3337C2051B4E}.Debug|Any CPU.Build.0 = Debug|Any CPU
		{31FEE263-46B1-4276-B522-3337C2051B4E}.Release|Any CPU.ActiveCfg = Release|Any CPU
		{31FEE263-46B1-4276-B522-3337C2051B4E}.Release|Any CPU.Build.0 = Release|Any CPU
		{83264C48-9D73-46A1-9BD4-EEC149E55114}.Debug|Any CPU.ActiveCfg = Debug|Any CPU
		{83264C48-9D73-46A1-9BD4-EEC149E55114}.Debug|Any CPU.Build.0 = Debug|Any CPU
		{83264C48-9D73-46A1-9BD4-EEC149E55114}.Release|Any CPU.ActiveCfg = Release|Any CPU
		{83264C48-9D73-46A1-9BD4-EEC149E55114}.Release|Any CPU.Build.0 = Release|Any CPU
	EndGlobalSection
	GlobalSection(SolutionProperties) = preSolution
		HideSolutionNode = FALSE
	EndGlobalSection
	GlobalSection(TeamFoundationVersionControl) = preSolution
		SccNumberOfProjects = 3
		SccEnterpriseProvider = {4CA58AB2-18FA-4F8D-95D4-32DDF27D184C}
		SccTeamFoundationServer = http://tfs.linx-inves.com.br:8080/tfs/linxcollection
		SccLocalPath0 = .
		SccProjectUniqueName1 = Desktop\\Linx.Desktop.LinqExtensions\\Linx.Desktop.LinqExtensions.csproj
		SccProjectName1 = Desktop/Linx.Desktop.LinqExtensions
		SccLocalPath1 = Desktop\\Linx.Desktop.LinqExtensions
		SccProjectUniqueName2 = Desktop\\Linx.LinqExtensions.Core\\Linx.LinqExtensions.Core.csproj
		SccLocalPath2 = .
		SccProjectFilePathRelativizedFromConnection2 = Desktop\\Linx.LinqExtensions.Core\\
	EndGlobalSection
EndGlobal
