
Microsoft Visual Studio Solution File, Format Version 12.00
# Visual Studio 2012
Project("{FAE04EC0-301F-11D3-BF4B-00C04F79EFBC}") = "Linx.Dsl.Components", "Linx.Dsl.Components\Linx.Dsl.Components.csproj", "{6EE26177-0270-40A4-9A19-D2445BC8AC3A}"
EndProject
Global
	GlobalSection(TeamFoundationVersionControl) = preSolution
		SccNumberOfProjects = 2
		SccEnterpriseProvider = {4CA58AB2-18FA-4F8D-95D4-32DDF27D184C}
		SccTeamFoundationServer = http://tfs.linx-inves.com.br:8080/tfs/linxcollection
		SccLocalPath0 = .
		SccProjectUniqueName1 = Linx.Dsl.Components\\Linx.Dsl.Components.csproj
		SccProjectName1 = Linx.Dsl.Components
		SccLocalPath1 = Linx.Dsl.Components
	EndGlobalSection
	GlobalSection(SolutionConfigurationPlatforms) = preSolution
		Debug|Any CPU = Debug|Any CPU
		Release|Any CPU = Release|Any CPU
	EndGlobalSection
	GlobalSection(ProjectConfigurationPlatforms) = postSolution
		{6EE26177-0270-40A4-9A19-D2445BC8AC3A}.Debug|Any CPU.ActiveCfg = Debug|Any CPU
		{6EE26177-0270-40A4-9A19-D2445BC8AC3A}.Debug|Any CPU.Build.0 = Debug|Any CPU
		{6EE26177-0270-40A4-9A19-D2445BC8AC3A}.Release|Any CPU.ActiveCfg = Release|Any CPU
		{6EE26177-0270-40A4-9A19-D2445BC8AC3A}.Release|Any CPU.Build.0 = Release|Any CPU
	EndGlobalSection
	GlobalSection(SolutionProperties) = preSolution
		HideSolutionNode = FALSE
	EndGlobalSection
EndGlobal
