
Microsoft Visual Studio Solution File, Format Version 12.00
# Visual Studio 14
VisualStudioVersion = 14.0.25420.1
MinimumVisualStudioVersion = 10.0.40219.1
Project("{2150E333-8FDC-42A3-9474-1A3956D46DE8}") = "Business Reports", "Business Reports", "{5B9CF47E-10F5-4C1D-B27E-4C80780CF565}"
EndProject
Project("{FAE04EC0-301F-11D3-BF4B-00C04F79EFBC}") = "Linx.Dashboard.Reports", "Linx.Dashboard.Reports\Linx.Dashboard.Reports.csproj", "{21964AB8-6386-4F6B-89A6-252C0F138589}"
EndProject
Project("{2150E333-8FDC-42A3-9474-1A3956D46DE8}") = "Web API Controllers", "Web API Controllers", "{7CF374AB-D29E-4B69-B654-9B32421B95D2}"
EndProject
Project("{FAE04EC0-301F-11D3-BF4B-00C04F79EFBC}") = "Linx.Dashboard.WebAPI.DS", "Linx.Dashboard.WebAPI.DS\Linx.Dashboard.WebAPI.DS.csproj", "{713C1046-521C-4389-8373-533ED2BDA391}"
EndProject
Project("{2150E333-8FDC-42A3-9474-1A3956D46DE8}") = "Business Rules", "Business Rules", "{CDDAD01B-3101-49C3-894D-D9AD3737902E}"
EndProject
Project("{FAE04EC0-301F-11D3-BF4B-00C04F79EFBC}") = "Linx.Dashboard", "Linx.Dashboard\Linx.Dashboard.csproj", "{B3C0CD91-656D-4F37-A25B-3FD6DD3A69FE}"
EndProject
Project("{2150E333-8FDC-42A3-9474-1A3956D46DE8}") = "SPA User Interface Modules", "SPA User Interface Modules", "{5BB98096-AFF5-4330-B8B1-5A825EFE0AF2}"
EndProject
Project("{FAE04EC0-301F-11D3-BF4B-00C04F79EFBC}") = "Linx.Dashboard.SPA", "Linx.Dashboard.SPA\Linx.Dashboard.SPA.csproj", "{71649875-6286-43AE-B53E-908C3EDB1770}"
EndProject
Global
	GlobalSection(SolutionConfigurationPlatforms) = preSolution
		Debug|Any CPU = Debug|Any CPU
		Release|Any CPU = Release|Any CPU
	EndGlobalSection
	GlobalSection(ProjectConfigurationPlatforms) = postSolution
		{21964AB8-6386-4F6B-89A6-252C0F138589}.Debug|Any CPU.ActiveCfg = Debug|Any CPU
		{21964AB8-6386-4F6B-89A6-252C0F138589}.Debug|Any CPU.Build.0 = Debug|Any CPU
		{21964AB8-6386-4F6B-89A6-252C0F138589}.Release|Any CPU.ActiveCfg = Release|Any CPU
		{21964AB8-6386-4F6B-89A6-252C0F138589}.Release|Any CPU.Build.0 = Release|Any CPU
		{713C1046-521C-4389-8373-533ED2BDA391}.Debug|Any CPU.ActiveCfg = Debug|Any CPU
		{713C1046-521C-4389-8373-533ED2BDA391}.Debug|Any CPU.Build.0 = Debug|Any CPU
		{713C1046-521C-4389-8373-533ED2BDA391}.Release|Any CPU.ActiveCfg = Release|Any CPU
		{713C1046-521C-4389-8373-533ED2BDA391}.Release|Any CPU.Build.0 = Release|Any CPU
		{B3C0CD91-656D-4F37-A25B-3FD6DD3A69FE}.Debug|Any CPU.ActiveCfg = Debug|Any CPU
		{B3C0CD91-656D-4F37-A25B-3FD6DD3A69FE}.Debug|Any CPU.Build.0 = Debug|Any CPU
		{B3C0CD91-656D-4F37-A25B-3FD6DD3A69FE}.Release|Any CPU.ActiveCfg = Release|Any CPU
		{B3C0CD91-656D-4F37-A25B-3FD6DD3A69FE}.Release|Any CPU.Build.0 = Release|Any CPU
		{71649875-6286-43AE-B53E-908C3EDB1770}.Debug|Any CPU.ActiveCfg = Debug|Any CPU
		{71649875-6286-43AE-B53E-908C3EDB1770}.Debug|Any CPU.Build.0 = Debug|Any CPU
		{71649875-6286-43AE-B53E-908C3EDB1770}.Release|Any CPU.ActiveCfg = Release|Any CPU
		{71649875-6286-43AE-B53E-908C3EDB1770}.Release|Any CPU.Build.0 = Release|Any CPU
	EndGlobalSection
	GlobalSection(SolutionProperties) = preSolution
		HideSolutionNode = FALSE
	EndGlobalSection
	GlobalSection(NestedProjects) = preSolution
		{21964AB8-6386-4F6B-89A6-252C0F138589} = {5B9CF47E-10F5-4C1D-B27E-4C80780CF565}
		{713C1046-521C-4389-8373-533ED2BDA391} = {7CF374AB-D29E-4B69-B654-9B32421B95D2}
		{B3C0CD91-656D-4F37-A25B-3FD6DD3A69FE} = {CDDAD01B-3101-49C3-894D-D9AD3737902E}
		{71649875-6286-43AE-B53E-908C3EDB1770} = {5BB98096-AFF5-4330-B8B1-5A825EFE0AF2}
	EndGlobalSection
	GlobalSection(TeamFoundationVersionControl) = preSolution
		SccNumberOfProjects = 5
		SccEnterpriseProvider = {4CA58AB2-18FA-4F8D-95D4-32DDF27D184C}
		SccTeamFoundationServer = http://tfs.linx-inves.com.br:8080/tfs/linxcollection
		SccLocalPath0 = .
		SccProjectUniqueName1 = Linx.Dashboard.Reports\\Linx.Dashboard.Reports.csproj
		SccProjectTopLevelParentUniqueName1 = Linx.Dashboard.sln
		SccProjectName1 = Linx.Dashboard.Reports
		SccLocalPath1 = Linx.Dashboard.Reports
		SccProjectUniqueName2 = Linx.Dashboard.WebAPI.DS\\Linx.Dashboard.WebAPI.DS.csproj
		SccProjectTopLevelParentUniqueName2 = Linx.Dashboard.sln
		SccProjectName2 = Linx.Dashboard.WebAPI.DS
		SccLocalPath2 = Linx.Dashboard.WebAPI.DS
		SccProjectUniqueName3 = Linx.Dashboard\\Linx.Dashboard.csproj
		SccProjectTopLevelParentUniqueName3 = Linx.Dashboard.sln
		SccProjectName3 = Linx.Dashboard
		SccLocalPath3 = Linx.Dashboard
		SccProjectUniqueName4 = Linx.Dashboard.SPA\\Linx.Dashboard.SPA.csproj
		SccProjectTopLevelParentUniqueName4 = Linx.Dashboard.sln
		SccProjectName4 = Linx.Dashboard.SPA
		SccLocalPath4 = Linx.Dashboard.SPA
	EndGlobalSection
EndGlobal
