
Microsoft Visual Studio Solution File, Format Version 12.00
# Visual Studio 15
VisualStudioVersion = 15.0.27130.2010
MinimumVisualStudioVersion = 10.0.40219.1
Project("{2150E333-8FDC-42A3-9474-1A3956D46DE8}") = "src", "src", "{0E4B4AD7-886C-4F3C-BF66-59DFBDEDF8CF}"
EndProject
Project("{2150E333-8FDC-42A3-9474-1A3956D46DE8}") = "Solution Items", "Solution Items", "{CFC98C99-7711-4E6C-9F26-579BEB1DBA88}"
EndProject
Project("{2150E333-8FDC-42A3-9474-1A3956D46DE8}") = "Core", "Core", "{B1BD1594-313D-4154-83BC-25F79A81685E}"
EndProject
Project("{2150E333-8FDC-42A3-9474-1A3956D46DE8}") = "Api", "Api", "{EB230E50-6A18-48B1-9F6E-6F59D1FC7CEA}"
EndProject
Project("{2150E333-8FDC-42A3-9474-1A3956D46DE8}") = "Host", "Host", "{AA5AD309-4731-4488-8A87-D9E3F9527743}"
EndProject
Project("{2150E333-8FDC-42A3-9474-1A3956D46DE8}") = "OData", "OData", "{724AE6AB-F659-40D6-AC11-656F312436DC}"
EndProject
Project("{9A19103F-16F7-4668-BE54-9A1E7A4F7556}") = "LinxHostCore", "src\LinxHostCore\LinxHostCore.csproj", "{00F8D371-3751-4B9A-B656-8D4B15773EB0}"
EndProject
Project("{9A19103F-16F7-4668-BE54-9A1E7A4F7556}") = "AppApiCore", "src\AppApiCore\AppApiCore.csproj", "{27740C2E-10FF-40A7-9826-78E20E4240A4}"
EndProject
Project("{9A19103F-16F7-4668-BE54-9A1E7A4F7556}") = "Modular.Core", "src\Core\Modular.Core\Modular.Core.csproj", "{DC18B7FB-EFB4-4340-B8F6-48A52FB273BE}"
EndProject
Project("{9A19103F-16F7-4668-BE54-9A1E7A4F7556}") = "Microsoft.AspNetCore.OData", "src\OData\Microsoft.AspNetCore.OData\Microsoft.AspNetCore.OData.csproj", "{8CAE0ECC-6CF1-4026-BF84-9E29970C8F2A}"
EndProject
Project("{2150E333-8FDC-42A3-9474-1A3956D46DE8}") = "Support", "Support", "{38822539-86D8-4F50-A9E6-7C25B25CADF6}"
EndProject
Project("{9A19103F-16F7-4668-BE54-9A1E7A4F7556}") = "Linx.Tools.Core", "..\Linx.Tools.Library\Desktop\Linx.Tools.Core\Linx.Tools.Core.csproj", "{77BCCB18-C10B-4449-84B1-B457547520B6}"
EndProject
Project("{9A19103F-16F7-4668-BE54-9A1E7A4F7556}") = "Linx.LinqExtensions.Core", "..\Linx.LinqExtensions.Library\Desktop\Linx.LinqExtensions.Core\Linx.LinqExtensions.Core.csproj", "{F5773C26-EC27-4A6D-BC48-F4FA613FC112}"
EndProject
Project("{9A19103F-16F7-4668-BE54-9A1E7A4F7556}") = "Linx.DataService.Core", "..\..\Data\Linx.DataService\Linx.DataService.Core\Linx.DataService.Core.csproj", "{69EE5ED6-BE68-4656-ADDE-B81166F33EF4}"
EndProject
Project("{9A19103F-16F7-4668-BE54-9A1E7A4F7556}") = "Linx.DomainService.Core", "..\..\Data\Linx.DataService\Linx.DomainService.Core\Linx.DomainService.Core.csproj", "{E0EDB6B9-E93C-415D-A708-E1480A9E960A}"
EndProject
Project("{9A19103F-16F7-4668-BE54-9A1E7A4F7556}") = "Linx.Data.Core", "..\..\Data\Linx.Data.Core\Linx.Data.Core.csproj", "{EB379BD9-B8AF-4486-81FE-CC1C0C840486}"
EndProject
Project("{FAE04EC0-301F-11D3-BF4B-00C04F79EFBC}") = "Linx.Security.Core", "..\Linx.Security.Core\Linx.Security.Core.csproj", "{0A4C6715-1E32-4DDA-B2D0-D7C2A38991B6}"
EndProject
Global
	GlobalSection(SolutionConfigurationPlatforms) = preSolution
		Debug|Any CPU = Debug|Any CPU
		Release|Any CPU = Release|Any CPU
	EndGlobalSection
	GlobalSection(ProjectConfigurationPlatforms) = postSolution
		{00F8D371-3751-4B9A-B656-8D4B15773EB0}.Debug|Any CPU.ActiveCfg = Debug|Any CPU
		{00F8D371-3751-4B9A-B656-8D4B15773EB0}.Debug|Any CPU.Build.0 = Debug|Any CPU
		{00F8D371-3751-4B9A-B656-8D4B15773EB0}.Release|Any CPU.ActiveCfg = Release|Any CPU
		{00F8D371-3751-4B9A-B656-8D4B15773EB0}.Release|Any CPU.Build.0 = Release|Any CPU
		{27740C2E-10FF-40A7-9826-78E20E4240A4}.Debug|Any CPU.ActiveCfg = Debug|Any CPU
		{27740C2E-10FF-40A7-9826-78E20E4240A4}.Debug|Any CPU.Build.0 = Debug|Any CPU
		{27740C2E-10FF-40A7-9826-78E20E4240A4}.Release|Any CPU.ActiveCfg = Release|Any CPU
		{27740C2E-10FF-40A7-9826-78E20E4240A4}.Release|Any CPU.Build.0 = Release|Any CPU
		{DC18B7FB-EFB4-4340-B8F6-48A52FB273BE}.Debug|Any CPU.ActiveCfg = Debug|Any CPU
		{DC18B7FB-EFB4-4340-B8F6-48A52FB273BE}.Debug|Any CPU.Build.0 = Debug|Any CPU
		{DC18B7FB-EFB4-4340-B8F6-48A52FB273BE}.Release|Any CPU.ActiveCfg = Release|Any CPU
		{DC18B7FB-EFB4-4340-B8F6-48A52FB273BE}.Release|Any CPU.Build.0 = Release|Any CPU
		{8CAE0ECC-6CF1-4026-BF84-9E29970C8F2A}.Debug|Any CPU.ActiveCfg = Debug|Any CPU
		{8CAE0ECC-6CF1-4026-BF84-9E29970C8F2A}.Debug|Any CPU.Build.0 = Debug|Any CPU
		{8CAE0ECC-6CF1-4026-BF84-9E29970C8F2A}.Release|Any CPU.ActiveCfg = Release|Any CPU
		{8CAE0ECC-6CF1-4026-BF84-9E29970C8F2A}.Release|Any CPU.Build.0 = Release|Any CPU
		{77BCCB18-C10B-4449-84B1-B457547520B6}.Debug|Any CPU.ActiveCfg = Debug|Any CPU
		{77BCCB18-C10B-4449-84B1-B457547520B6}.Debug|Any CPU.Build.0 = Debug|Any CPU
		{77BCCB18-C10B-4449-84B1-B457547520B6}.Release|Any CPU.ActiveCfg = Release|Any CPU
		{77BCCB18-C10B-4449-84B1-B457547520B6}.Release|Any CPU.Build.0 = Release|Any CPU
		{F5773C26-EC27-4A6D-BC48-F4FA613FC112}.Debug|Any CPU.ActiveCfg = Debug|Any CPU
		{F5773C26-EC27-4A6D-BC48-F4FA613FC112}.Debug|Any CPU.Build.0 = Debug|Any CPU
		{F5773C26-EC27-4A6D-BC48-F4FA613FC112}.Release|Any CPU.ActiveCfg = Release|Any CPU
		{F5773C26-EC27-4A6D-BC48-F4FA613FC112}.Release|Any CPU.Build.0 = Release|Any CPU
		{69EE5ED6-BE68-4656-ADDE-B81166F33EF4}.Debug|Any CPU.ActiveCfg = Debug|Any CPU
		{69EE5ED6-BE68-4656-ADDE-B81166F33EF4}.Debug|Any CPU.Build.0 = Debug|Any CPU
		{69EE5ED6-BE68-4656-ADDE-B81166F33EF4}.Release|Any CPU.ActiveCfg = Release|Any CPU
		{69EE5ED6-BE68-4656-ADDE-B81166F33EF4}.Release|Any CPU.Build.0 = Release|Any CPU
		{E0EDB6B9-E93C-415D-A708-E1480A9E960A}.Debug|Any CPU.ActiveCfg = Debug|Any CPU
		{E0EDB6B9-E93C-415D-A708-E1480A9E960A}.Debug|Any CPU.Build.0 = Debug|Any CPU
		{E0EDB6B9-E93C-415D-A708-E1480A9E960A}.Release|Any CPU.ActiveCfg = Release|Any CPU
		{E0EDB6B9-E93C-415D-A708-E1480A9E960A}.Release|Any CPU.Build.0 = Release|Any CPU
		{EB379BD9-B8AF-4486-81FE-CC1C0C840486}.Debug|Any CPU.ActiveCfg = Debug|Any CPU
		{EB379BD9-B8AF-4486-81FE-CC1C0C840486}.Debug|Any CPU.Build.0 = Debug|Any CPU
		{EB379BD9-B8AF-4486-81FE-CC1C0C840486}.Release|Any CPU.ActiveCfg = Release|Any CPU
		{EB379BD9-B8AF-4486-81FE-CC1C0C840486}.Release|Any CPU.Build.0 = Release|Any CPU
		{0A4C6715-1E32-4DDA-B2D0-D7C2A38991B6}.Debug|Any CPU.ActiveCfg = Debug|Any CPU
		{0A4C6715-1E32-4DDA-B2D0-D7C2A38991B6}.Debug|Any CPU.Build.0 = Debug|Any CPU
		{0A4C6715-1E32-4DDA-B2D0-D7C2A38991B6}.Release|Any CPU.ActiveCfg = Release|Any CPU
		{0A4C6715-1E32-4DDA-B2D0-D7C2A38991B6}.Release|Any CPU.Build.0 = Release|Any CPU
	EndGlobalSection
	GlobalSection(SolutionProperties) = preSolution
		HideSolutionNode = FALSE
	EndGlobalSection
	GlobalSection(NestedProjects) = preSolution
		{B1BD1594-313D-4154-83BC-25F79A81685E} = {0E4B4AD7-886C-4F3C-BF66-59DFBDEDF8CF}
		{EB230E50-6A18-48B1-9F6E-6F59D1FC7CEA} = {0E4B4AD7-886C-4F3C-BF66-59DFBDEDF8CF}
		{AA5AD309-4731-4488-8A87-D9E3F9527743} = {0E4B4AD7-886C-4F3C-BF66-59DFBDEDF8CF}
		{724AE6AB-F659-40D6-AC11-656F312436DC} = {0E4B4AD7-886C-4F3C-BF66-59DFBDEDF8CF}
		{00F8D371-3751-4B9A-B656-8D4B15773EB0} = {AA5AD309-4731-4488-8A87-D9E3F9527743}
		{27740C2E-10FF-40A7-9826-78E20E4240A4} = {EB230E50-6A18-48B1-9F6E-6F59D1FC7CEA}
		{DC18B7FB-EFB4-4340-B8F6-48A52FB273BE} = {B1BD1594-313D-4154-83BC-25F79A81685E}
		{8CAE0ECC-6CF1-4026-BF84-9E29970C8F2A} = {724AE6AB-F659-40D6-AC11-656F312436DC}
		{77BCCB18-C10B-4449-84B1-B457547520B6} = {38822539-86D8-4F50-A9E6-7C25B25CADF6}
		{F5773C26-EC27-4A6D-BC48-F4FA613FC112} = {38822539-86D8-4F50-A9E6-7C25B25CADF6}
		{69EE5ED6-BE68-4656-ADDE-B81166F33EF4} = {38822539-86D8-4F50-A9E6-7C25B25CADF6}
		{E0EDB6B9-E93C-415D-A708-E1480A9E960A} = {38822539-86D8-4F50-A9E6-7C25B25CADF6}
		{EB379BD9-B8AF-4486-81FE-CC1C0C840486} = {38822539-86D8-4F50-A9E6-7C25B25CADF6}
		{0A4C6715-1E32-4DDA-B2D0-D7C2A38991B6} = {38822539-86D8-4F50-A9E6-7C25B25CADF6}
	EndGlobalSection
	GlobalSection(ExtensibilityGlobals) = postSolution
		SolutionGuid = {437A8358-0558-44B2-9DE9-D6E73FCEA6E8}
	EndGlobalSection
	GlobalSection(TeamFoundationVersionControl) = preSolution
		SccNumberOfProjects = 11
		SccEnterpriseProvider = {4CA58AB2-18FA-4F8D-95D4-32DDF27D184C}
		SccTeamFoundationServer = https://grupolinx.visualstudio.com/
		SccLocalPath0 = .
		SccProjectUniqueName1 = src\\AppApiCore\\AppApiCore.csproj
		SccProjectTopLevelParentUniqueName1 = LinxHostCore.sln
		SccProjectName1 = src/AppApiCore
		SccLocalPath1 = src\\AppApiCore
		SccProjectUniqueName2 = src\\LinxHostCore\\LinxHostCore.csproj
		SccProjectTopLevelParentUniqueName2 = LinxHostCore.sln
		SccProjectName2 = src/LinxHostCore
		SccLocalPath2 = src\\LinxHostCore
		SccProjectUniqueName3 = src\\Core\\Modular.Core\\Modular.Core.csproj
		SccProjectTopLevelParentUniqueName3 = LinxHostCore.sln
		SccProjectName3 = src/Core/Modular.Core
		SccLocalPath3 = src\\Core\\Modular.Core
		SccProjectUniqueName4 = src\\OData\\Microsoft.AspNetCore.OData\\Microsoft.AspNetCore.OData.csproj
		SccProjectTopLevelParentUniqueName4 = LinxHostCore.sln
		SccProjectName4 = src/OData/Microsoft.AspNetCore.OData
		SccLocalPath4 = src\\OData\\Microsoft.AspNetCore.OData
		SccProjectUniqueName5 = ..\\Linx.Tools.Library\\Desktop\\Linx.Tools.Core\\Linx.Tools.Core.csproj
		SccProjectTopLevelParentUniqueName5 = LinxHostCore.sln
		SccProjectName5 = ../Linx.Tools.Library/Desktop/Linx.Tools.Core
		SccLocalPath5 = ..\\Linx.Tools.Library\\Desktop\\Linx.Tools.Core
		SccProjectUniqueName6 = ..\\Linx.LinqExtensions.Library\\Desktop\\Linx.LinqExtensions.Core\\Linx.LinqExtensions.Core.csproj
		SccProjectTopLevelParentUniqueName6 = LinxHostCore.sln
		SccProjectName6 = ../Linx.LinqExtensions.Library/Desktop/Linx.LinqExtensions.Core
		SccLocalPath6 = ..\\Linx.LinqExtensions.Library\\Desktop\\Linx.LinqExtensions.Core
		SccProjectUniqueName7 = ..\\..\\Data\\Linx.DataService\\Linx.DataService.Core\\Linx.DataService.Core.csproj
		SccProjectTopLevelParentUniqueName7 = LinxHostCore.sln
		SccProjectName7 = ../../Data/Linx.DataService/Linx.DataService.Core
		SccLocalPath7 = ..\\..\\Data\\Linx.DataService\\Linx.DataService.Core
		SccProjectUniqueName8 = ..\\..\\Data\\Linx.DataService\\Linx.DomainService.Core\\Linx.DomainService.Core.csproj
		SccProjectTopLevelParentUniqueName8 = LinxHostCore.sln
		SccProjectName8 = ../../Data/Linx.DataService/Linx.DomainService.Core
		SccLocalPath8 = ..\\..\\Data\\Linx.DataService\\Linx.DomainService.Core
		SccProjectUniqueName9 = ..\\..\\Data\\Linx.Data.Core\\Linx.Data.Core.csproj
		SccProjectTopLevelParentUniqueName9 = LinxHostCore.sln
		SccProjectName9 = ../../Data/Linx.Data.Core
		SccLocalPath9 = ..\\..\\Data\\Linx.Data.Core
		SccProjectUniqueName10 = ..\\Linx.Security.Core\\Linx.Security.Core.csproj
		SccProjectTopLevelParentUniqueName10 = LinxHostCore.sln
		SccProjectName10 = ../Linx.Security.Core
		SccLocalPath10 = ..\\Linx.Security.Core
	EndGlobalSection
EndGlobal
