Microsoft Visual Studio Solution File, Format Version 12.00
# Visual Studio 15
VisualStudioVersion = 15.0.26730.10
MinimumVisualStudioVersion = 10.0.40219.1
Project("{FAE04EC0-301F-11D3-BF4B-00C04F79EFBC}") = "Linx.Framework.Domains.BM", "..\Linx.Framework.Domains.BM\Linx.Framework.Domains.BM\Linx.Framework.Domains.BM.csproj", "{C5BD1CA4-2A0C-446B-BA13-B0E6D5293E91}"
EndProject
Project("{FAE04EC0-301F-11D3-BF4B-00C04F79EFBC}") = "Linx.Operacional.BM", "..\Linx.Operacional.BM\Linx.Operacional.BM\Linx.Operacional.BM.csproj", "{FE00740A-A642-4624-870C-F91F2085291E}"
EndProject
Project("{FAE04EC0-301F-11D3-BF4B-00C04F79EFBC}") = "Linx.Framework.Autorizacao.BM", "..\Linx.Framework.Autorizacao.BM\Linx.Framework.Autorizacao.BM\Linx.Framework.Autorizacao.BM.csproj", "{68392D9D-4588-49DD-A3E1-048FA87FF12E}"
EndProject
Project("{FAE04EC0-301F-11D3-BF4B-00C04F79EFBC}") = "Linx.Framework.Loja.BM", "..\Linx.Framework.Loja.BM\Linx.Framework.Loja.BM\Linx.Framework.Loja.BM.csproj", "{D9B679C8-AF78-4376-BA46-8769A9F78ED1}"
EndProject
Project("{2150E333-8FDC-42A3-9474-1A3956D46DE8}") = "Business Models", "Business Models", "{B4C4DC53-0834-4099-AC32-7FA2D9E60A68}"
EndProject
Project("{FAE04EC0-301F-11D3-BF4B-00C04F79EFBC}") = "Linx.Framework.ControleSistema.BM", "Linx.Framework.ControleSistema.BM\Linx.Framework.ControleSistema.BM.csproj", "{07229666-28A4-4A9A-AA64-B6627E9B8F17}"
EndProject
Global
	GlobalSection(SolutionConfigurationPlatforms) = preSolution
		Debug|Any CPU = Debug|Any CPU
		Release|Any CPU = Release|Any CPU
	EndGlobalSection
	GlobalSection(ProjectConfigurationPlatforms) = postSolution
		{C5BD1CA4-2A0C-446B-BA13-B0E6D5293E91}.Debug|Any CPU.ActiveCfg = Debug|Any CPU
		{C5BD1CA4-2A0C-446B-BA13-B0E6D5293E91}.Debug|Any CPU.Build.0 = Debug|Any CPU
		{C5BD1CA4-2A0C-446B-BA13-B0E6D5293E91}.Release|Any CPU.ActiveCfg = Release|Any CPU
		{C5BD1CA4-2A0C-446B-BA13-B0E6D5293E91}.Release|Any CPU.Build.0 = Release|Any CPU
		{FE00740A-A642-4624-870C-F91F2085291E}.Debug|Any CPU.ActiveCfg = Debug|Any CPU
		{FE00740A-A642-4624-870C-F91F2085291E}.Debug|Any CPU.Build.0 = Debug|Any CPU
		{FE00740A-A642-4624-870C-F91F2085291E}.Release|Any CPU.ActiveCfg = Release|Any CPU
		{FE00740A-A642-4624-870C-F91F2085291E}.Release|Any CPU.Build.0 = Release|Any CPU
		{68392D9D-4588-49DD-A3E1-048FA87FF12E}.Debug|Any CPU.ActiveCfg = Debug|Any CPU
		{68392D9D-4588-49DD-A3E1-048FA87FF12E}.Debug|Any CPU.Build.0 = Debug|Any CPU
		{68392D9D-4588-49DD-A3E1-048FA87FF12E}.Release|Any CPU.ActiveCfg = Release|Any CPU
		{68392D9D-4588-49DD-A3E1-048FA87FF12E}.Release|Any CPU.Build.0 = Release|Any CPU
		{D9B679C8-AF78-4376-BA46-8769A9F78ED1}.Debug|Any CPU.ActiveCfg = Debug|Any CPU
		{D9B679C8-AF78-4376-BA46-8769A9F78ED1}.Debug|Any CPU.Build.0 = Debug|Any CPU
		{D9B679C8-AF78-4376-BA46-8769A9F78ED1}.Release|Any CPU.ActiveCfg = Release|Any CPU
		{D9B679C8-AF78-4376-BA46-8769A9F78ED1}.Release|Any CPU.Build.0 = Release|Any CPU
		{07229666-28A4-4A9A-AA64-B6627E9B8F17}.Debug|Any CPU.ActiveCfg = Debug|Any CPU
		{07229666-28A4-4A9A-AA64-B6627E9B8F17}.Debug|Any CPU.Build.0 = Debug|Any CPU
		{07229666-28A4-4A9A-AA64-B6627E9B8F17}.Release|Any CPU.ActiveCfg = Release|Any CPU
		{07229666-28A4-4A9A-AA64-B6627E9B8F17}.Release|Any CPU.Build.0 = Release|Any CPU
	EndGlobalSection
	GlobalSection(SolutionProperties) = preSolution
		HideSolutionNode = FALSE
	EndGlobalSection
	GlobalSection(NestedProjects) = preSolution
		{07229666-28A4-4A9A-AA64-B6627E9B8F17} = {B4C4DC53-0834-4099-AC32-7FA2D9E60A68}
	EndGlobalSection
	GlobalSection(ExtensibilityGlobals) = postSolution
		SolutionGuid = {C4FD50F4-13D5-4B04-B100-D6BA93403D8B}
	EndGlobalSection
	GlobalSection(TeamFoundationVersionControl) = preSolution
		SccNumberOfProjects = 6
		SccEnterpriseProvider = {4CA58AB2-18FA-4F8D-95D4-32DDF27D184C}
		SccTeamFoundationServer = https://grupolinx.visualstudio.com/
		SccLocalPath0 = .
		SccProjectUniqueName1 = ..\\Linx.Framework.Domains.BM\\Linx.Framework.Domains.BM\\Linx.Framework.Domains.BM.csproj
		SccProjectName1 = ../Linx.Framework.Domains.BM/Linx.Framework.Domains.BM
		SccLocalPath1 = ..\\Linx.Framework.Domains.BM\\Linx.Framework.Domains.BM
		SccProjectUniqueName2 = ..\\Linx.Operacional.BM\\Linx.Operacional.BM\\Linx.Operacional.BM.csproj
		SccProjectName2 = ../Linx.Operacional.BM/Linx.Operacional.BM
		SccLocalPath2 = ..\\Linx.Operacional.BM\\Linx.Operacional.BM
		SccProjectUniqueName3 = ..\\Linx.Framework.Autorizacao.BM\\Linx.Framework.Autorizacao.BM\\Linx.Framework.Autorizacao.BM.csproj
		SccProjectName3 = ../Linx.Framework.Autorizacao.BM/Linx.Framework.Autorizacao.BM
		SccLocalPath3 = ..\\Linx.Framework.Autorizacao.BM\\Linx.Framework.Autorizacao.BM
		SccProjectUniqueName4 = ..\\Linx.Framework.Loja.BM\\Linx.Framework.Loja.BM\\Linx.Framework.Loja.BM.csproj
		SccProjectName4 = ../Linx.Framework.Loja.BM/Linx.Framework.Loja.BM
		SccLocalPath4 = ..\\Linx.Framework.Loja.BM\\Linx.Framework.Loja.BM
		SccProjectUniqueName5 = Linx.Framework.ControleSistema.BM\\Linx.Framework.ControleSistema.BM.csproj
		SccProjectTopLevelParentUniqueName5 = Linx.Framework.ControleSistema.BM.sln
		SccProjectName5 = Linx.Framework.ControleSistema.BM
		SccLocalPath5 = Linx.Framework.ControleSistema.BM
	EndGlobalSection
EndGlobal
