
Microsoft Visual Studio Solution File, Format Version 12.00
# Visual Studio 2012
Project("{FAE04EC0-301F-11D3-BF4B-00C04F79EFBC}") = "Linx.OlapProxy.Service", "Linx.OlapProxy.Service\Linx.OlapProxy.Service.csproj", "{889E7064-15BB-488B-91B4-6B5103BA8C12}"
EndProject
Global
	GlobalSection(TeamFoundationVersionControl) = preSolution
		SccNumberOfProjects = 2
		SccEnterpriseProvider = {4CA58AB2-18FA-4F8D-95D4-32DDF27D184C}
		SccTeamFoundationServer = http://tfs.linx-inves.com.br:8080/tfs/linxcollection
		SccLocalPath0 = .
		SccProjectUniqueName1 = Linx.OlapProxy.Service\\Linx.OlapProxy.Service.csproj
		SccProjectName1 = Linx.OlapProxy.Service
		SccLocalPath1 = Linx.OlapProxy.Service
	EndGlobalSection
	GlobalSection(SolutionConfigurationPlatforms) = preSolution
		Debug|Any CPU = Debug|Any CPU
		Release|Any CPU = Release|Any CPU
	EndGlobalSection
	GlobalSection(ProjectConfigurationPlatforms) = postSolution
		{889E7064-15BB-488B-91B4-6B5103BA8C12}.Debug|Any CPU.ActiveCfg = Debug|Any CPU
		{889E7064-15BB-488B-91B4-6B5103BA8C12}.Debug|Any CPU.Build.0 = Debug|Any CPU
		{889E7064-15BB-488B-91B4-6B5103BA8C12}.Release|Any CPU.ActiveCfg = Release|Any CPU
		{889E7064-15BB-488B-91B4-6B5103BA8C12}.Release|Any CPU.Build.0 = Release|Any CPU
	EndGlobalSection
	GlobalSection(SolutionProperties) = preSolution
		HideSolutionNode = FALSE
	EndGlobalSection
EndGlobal
