
Microsoft Visual Studio Solution File, Format Version 12.00
# Visual Studio 2012
Project("{2150E333-8FDC-42A3-9474-1A3956D46DE8}") = "Web API Controllers", "Web API Controllers", "{FF944E5A-4C0B-4E43-9C67-CFAE1CA0CFA6}"
EndProject
Project("{FAE04EC0-301F-11D3-BF4B-00C04F79EFBC}") = "Linx.Demo.BV.WebAPI.DS", "Linx.Demo.BV.WebAPI.DS\Linx.Demo.BV.WebAPI.DS.csproj", "{1CC033D8-DA1C-4834-9BE5-E8C06D33D4C6}"
EndProject
Project("{2150E333-8FDC-42A3-9474-1A3956D46DE8}") = "Business Rules", "Business Rules", "{4CAE0EF7-F71C-4482-9872-F0DECDCA2A52}"
EndProject
Project("{FAE04EC0-301F-11D3-BF4B-00C04F79EFBC}") = "Linx.Demo.BV", "Linx.Demo.BV\Linx.Demo.BV.csproj", "{BFD345AE-BE2C-4F09-9AB7-8DA87426F73D}"
EndProject
Project("{2150E333-8FDC-42A3-9474-1A3956D46DE8}") = "SPA User Interface Modules", "SPA User Interface Modules", "{37EFB364-E2E3-4182-891A-33DFCEE06B0B}"
EndProject
Project("{FAE04EC0-301F-11D3-BF4B-00C04F79EFBC}") = "Linx.Demo.BV.SPA", "Linx.Demo.BV.SPA\Linx.Demo.BV.SPA.csproj", "{E42AE7D1-EE05-4077-9EC9-2446A16057C5}"
EndProject
Project("{2150E333-8FDC-42A3-9474-1A3956D46DE8}") = "Business Reports", "Business Reports", "{9D134BF8-CB6B-4967-A00F-735EE0790CC9}"
EndProject
Project("{FAE04EC0-301F-11D3-BF4B-00C04F79EFBC}") = "Linx.Demo.BV.Reports", "Linx.Demo.BV.Reports\Linx.Demo.BV.Reports.csproj", "{0ABAA5A8-2840-4D7B-A484-AB3A85F00E87}"
EndProject
Global
	GlobalSection(TeamFoundationVersionControl) = preSolution
		SccNumberOfProjects = 5
		SccEnterpriseProvider = {4CA58AB2-18FA-4F8D-95D4-32DDF27D184C}
		SccTeamFoundationServer = http://tfs.linx-inves.com.br:8080/tfs/linxcollection
		SccLocalPath0 = .
		SccProjectUniqueName1 = Linx.Demo.BV.WebAPI.DS\\Linx.Demo.BV.WebAPI.DS.csproj
		SccProjectTopLevelParentUniqueName1 = Linx.Demo.BV.sln
		SccProjectName1 = Linx.Demo.BV.WebAPI.DS
		SccLocalPath1 = Linx.Demo.BV.WebAPI.DS
		SccProjectUniqueName2 = Linx.Demo.BV\\Linx.Demo.BV.csproj
		SccProjectTopLevelParentUniqueName2 = Linx.Demo.BV.sln
		SccProjectName2 = Linx.Demo.BV
		SccLocalPath2 = Linx.Demo.BV
		SccProjectUniqueName3 = Linx.Demo.BV.SPA\\Linx.Demo.BV.SPA.csproj
		SccProjectTopLevelParentUniqueName3 = Linx.Demo.BV.sln
		SccProjectName3 = Linx.Demo.BV.SPA
		SccLocalPath3 = Linx.Demo.BV.SPA
		SccProjectUniqueName4 = Linx.Demo.BV.Reports\\Linx.Demo.BV.Reports.csproj
		SccProjectTopLevelParentUniqueName4 = Linx.Demo.BV.sln
		SccProjectName4 = Linx.Demo.BV.Reports
		SccLocalPath4 = Linx.Demo.BV.Reports
	EndGlobalSection
	GlobalSection(SolutionConfigurationPlatforms) = preSolution
		Debug|Any CPU = Debug|Any CPU
		Release|Any CPU = Release|Any CPU
	EndGlobalSection
	GlobalSection(ProjectConfigurationPlatforms) = postSolution
		{1CC033D8-DA1C-4834-9BE5-E8C06D33D4C6}.Debug|Any CPU.ActiveCfg = Debug|Any CPU
		{1CC033D8-DA1C-4834-9BE5-E8C06D33D4C6}.Debug|Any CPU.Build.0 = Debug|Any CPU
		{1CC033D8-DA1C-4834-9BE5-E8C06D33D4C6}.Release|Any CPU.ActiveCfg = Release|Any CPU
		{1CC033D8-DA1C-4834-9BE5-E8C06D33D4C6}.Release|Any CPU.Build.0 = Release|Any CPU
		{BFD345AE-BE2C-4F09-9AB7-8DA87426F73D}.Debug|Any CPU.ActiveCfg = Debug|Any CPU
		{BFD345AE-BE2C-4F09-9AB7-8DA87426F73D}.Debug|Any CPU.Build.0 = Debug|Any CPU
		{BFD345AE-BE2C-4F09-9AB7-8DA87426F73D}.Release|Any CPU.ActiveCfg = Release|Any CPU
		{BFD345AE-BE2C-4F09-9AB7-8DA87426F73D}.Release|Any CPU.Build.0 = Release|Any CPU
		{E42AE7D1-EE05-4077-9EC9-2446A16057C5}.Debug|Any CPU.ActiveCfg = Debug|Any CPU
		{E42AE7D1-EE05-4077-9EC9-2446A16057C5}.Debug|Any CPU.Build.0 = Debug|Any CPU
		{E42AE7D1-EE05-4077-9EC9-2446A16057C5}.Release|Any CPU.ActiveCfg = Release|Any CPU
		{E42AE7D1-EE05-4077-9EC9-2446A16057C5}.Release|Any CPU.Build.0 = Release|Any CPU
		{0ABAA5A8-2840-4D7B-A484-AB3A85F00E87}.Debug|Any CPU.ActiveCfg = Debug|Any CPU
		{0ABAA5A8-2840-4D7B-A484-AB3A85F00E87}.Debug|Any CPU.Build.0 = Debug|Any CPU
		{0ABAA5A8-2840-4D7B-A484-AB3A85F00E87}.Release|Any CPU.ActiveCfg = Release|Any CPU
		{0ABAA5A8-2840-4D7B-A484-AB3A85F00E87}.Release|Any CPU.Build.0 = Release|Any CPU
	EndGlobalSection
	GlobalSection(SolutionProperties) = preSolution
		HideSolutionNode = FALSE
	EndGlobalSection
	GlobalSection(NestedProjects) = preSolution
		{1CC033D8-DA1C-4834-9BE5-E8C06D33D4C6} = {FF944E5A-4C0B-4E43-9C67-CFAE1CA0CFA6}
		{BFD345AE-BE2C-4F09-9AB7-8DA87426F73D} = {4CAE0EF7-F71C-4482-9872-F0DECDCA2A52}
		{E42AE7D1-EE05-4077-9EC9-2446A16057C5} = {37EFB364-E2E3-4182-891A-33DFCEE06B0B}
		{0ABAA5A8-2840-4D7B-A484-AB3A85F00E87} = {9D134BF8-CB6B-4967-A00F-735EE0790CC9}
	EndGlobalSection
EndGlobal
