
Microsoft Visual Studio Solution File, Format Version 12.00
# Visual Studio 2012
Project("{2150E333-8FDC-42A3-9474-1A3956D46DE8}") = "Desktop", "Desktop", "{1039E12B-24FF-410E-8389-0B47CCD073EE}"
EndProject
Project("{FAE04EC0-301F-11D3-BF4B-00C04F79EFBC}") = "Linx.Desktop.Resources.Localization", "Desktop\Linx.Desktop.Resources.Localization\Linx.Desktop.Resources.Localization.csproj", "{8C392A57-2502-42CC-8903-9649340AA260}"
EndProject
Project("{FAE04EC0-301F-11D3-BF4B-00C04F79EFBC}") = "Linx.Desktop.Resources.Localization.Manager", "Desktop\Linx.Desktop.Resources.Localization.Manager\Linx.Desktop.Resources.Localization.Manager.csproj", "{37D70F47-20EB-4186-8C8E-97BE247C0595}"
EndProject
Global
	GlobalSection(TeamFoundationVersionControl) = preSolution
		SccNumberOfProjects = 3
		SccEnterpriseProvider = {4CA58AB2-18FA-4F8D-95D4-32DDF27D184C}
		SccTeamFoundationServer = http://tfs.linx-inves.com.br:8080/tfs/linxcollection
		SccLocalPath0 = .
		SccProjectUniqueName1 = Desktop\\Linx.Desktop.Resources.Localization.Manager\\Linx.Desktop.Resources.Localization.Manager.csproj
		SccProjectTopLevelParentUniqueName1 = Linx.Resources.Localization.Library.sln
		SccProjectName1 = Desktop/Linx.Desktop.Resources.Localization.Manager
		SccLocalPath1 = Desktop\\Linx.Desktop.Resources.Localization.Manager
		SccProjectUniqueName2 = Desktop\\Linx.Desktop.Resources.Localization\\Linx.Desktop.Resources.Localization.csproj
		SccProjectTopLevelParentUniqueName2 = Linx.Resources.Localization.Library.sln
		SccProjectName2 = Desktop/Linx.Desktop.Resources.Localization
		SccLocalPath2 = Desktop\\Linx.Desktop.Resources.Localization
	EndGlobalSection
	GlobalSection(SolutionConfigurationPlatforms) = preSolution
		Debug|Any CPU = Debug|Any CPU
		Release|Any CPU = Release|Any CPU
	EndGlobalSection
	GlobalSection(ProjectConfigurationPlatforms) = postSolution
		{8C392A57-2502-42CC-8903-9649340AA260}.Debug|Any CPU.ActiveCfg = Debug|Any CPU
		{8C392A57-2502-42CC-8903-9649340AA260}.Debug|Any CPU.Build.0 = Debug|Any CPU
		{8C392A57-2502-42CC-8903-9649340AA260}.Release|Any CPU.ActiveCfg = Release|Any CPU
		{8C392A57-2502-42CC-8903-9649340AA260}.Release|Any CPU.Build.0 = Release|Any CPU
		{37D70F47-20EB-4186-8C8E-97BE247C0595}.Debug|Any CPU.ActiveCfg = Debug|Any CPU
		{37D70F47-20EB-4186-8C8E-97BE247C0595}.Debug|Any CPU.Build.0 = Debug|Any CPU
		{37D70F47-20EB-4186-8C8E-97BE247C0595}.Release|Any CPU.ActiveCfg = Release|Any CPU
		{37D70F47-20EB-4186-8C8E-97BE247C0595}.Release|Any CPU.Build.0 = Release|Any CPU
	EndGlobalSection
	GlobalSection(SolutionProperties) = preSolution
		HideSolutionNode = FALSE
	EndGlobalSection
	GlobalSection(NestedProjects) = preSolution
		{8C392A57-2502-42CC-8903-9649340AA260} = {1039E12B-24FF-410E-8389-0B47CCD073EE}
		{37D70F47-20EB-4186-8C8E-97BE247C0595} = {1039E12B-24FF-410E-8389-0B47CCD073EE}
	EndGlobalSection
EndGlobal
