
Microsoft Visual Studio Solution File, Format Version 12.00
# Visual Studio 2012
Project("{FAE04EC0-301F-11D3-BF4B-00C04F79EFBC}") = "Linx.TelerikReportDesigner.Setup", "Linx.TelerikReportDesigner.Setup\Linx.TelerikReportDesigner.Setup.csproj", "{E72B215B-F4D9-47EC-BE04-B9E3B48020EB}"
	ProjectSection(ProjectDependencies) = postProject
		{136B1B70-183B-4406-BA6B-F7E638B4BF39} = {136B1B70-183B-4406-BA6B-F7E638B4BF39}
		{15D25F88-B797-4E2C-9209-1753E711EC97} = {15D25F88-B797-4E2C-9209-1753E711EC97}
	EndProjectSection
EndProject
Project("{FAE04EC0-301F-11D3-BF4B-00C04F79EFBC}") = "Linx.TelerikReportDesigner.Publisher", "Linx.TelerikReportDesigner.Publisher\Linx.TelerikReportDesigner.Publisher.csproj", "{15D25F88-B797-4E2C-9209-1753E711EC97}"
EndProject
Project("{FAE04EC0-301F-11D3-BF4B-00C04F79EFBC}") = "Linx.TelerikReportDesigner.Report", "Linx.TelerikReportDesigner.Report\Linx.TelerikReportDesigner.Report.csproj", "{136B1B70-183B-4406-BA6B-F7E638B4BF39}"
EndProject
Project("{FAE04EC0-301F-11D3-BF4B-00C04F79EFBC}") = "Linx.TelerikReportDesigner.Library", "Linx.TelerikReportDesigner.Library\Linx.TelerikReportDesigner.Library.csproj", "{2AA1A2E7-9724-4F8B-ABDD-412A8C18A4ED}"
EndProject
Global
	GlobalSection(TeamFoundationVersionControl) = preSolution
		SccNumberOfProjects = 5
		SccEnterpriseProvider = {4CA58AB2-18FA-4F8D-95D4-32DDF27D184C}
		SccTeamFoundationServer = http://tfs.linx-inves.com.br:8080/tfs/linxcollection
		SccLocalPath0 = .
		SccProjectUniqueName1 = Linx.TelerikReportDesigner.Library\\Linx.TelerikReportDesigner.Library.csproj
		SccProjectName1 = Linx.TelerikReportDesigner.Library
		SccLocalPath1 = Linx.TelerikReportDesigner.Library
		SccProjectUniqueName2 = Linx.TelerikReportDesigner.Publisher\\Linx.TelerikReportDesigner.Publisher.csproj
		SccProjectName2 = Linx.TelerikReportDesigner.Publisher
		SccLocalPath2 = Linx.TelerikReportDesigner.Publisher
		SccProjectUniqueName3 = Linx.TelerikReportDesigner.Report\\Linx.TelerikReportDesigner.Report.csproj
		SccProjectName3 = Linx.TelerikReportDesigner.Report
		SccLocalPath3 = Linx.TelerikReportDesigner.Report
		SccProjectUniqueName4 = Linx.TelerikReportDesigner.Setup\\Linx.TelerikReportDesigner.Setup.csproj
		SccProjectName4 = Linx.TelerikReportDesigner.Setup
		SccLocalPath4 = Linx.TelerikReportDesigner.Setup
	EndGlobalSection
	GlobalSection(SolutionConfigurationPlatforms) = preSolution
		Debug|Any CPU = Debug|Any CPU
		Release|Any CPU = Release|Any CPU
	EndGlobalSection
	GlobalSection(ProjectConfigurationPlatforms) = postSolution
		{E72B215B-F4D9-47EC-BE04-B9E3B48020EB}.Debug|Any CPU.ActiveCfg = Debug|Any CPU
		{E72B215B-F4D9-47EC-BE04-B9E3B48020EB}.Debug|Any CPU.Build.0 = Debug|Any CPU
		{E72B215B-F4D9-47EC-BE04-B9E3B48020EB}.Release|Any CPU.ActiveCfg = Release|Any CPU
		{E72B215B-F4D9-47EC-BE04-B9E3B48020EB}.Release|Any CPU.Build.0 = Release|Any CPU
		{15D25F88-B797-4E2C-9209-1753E711EC97}.Debug|Any CPU.ActiveCfg = Debug|Any CPU
		{15D25F88-B797-4E2C-9209-1753E711EC97}.Debug|Any CPU.Build.0 = Debug|Any CPU
		{15D25F88-B797-4E2C-9209-1753E711EC97}.Release|Any CPU.ActiveCfg = Release|Any CPU
		{15D25F88-B797-4E2C-9209-1753E711EC97}.Release|Any CPU.Build.0 = Release|Any CPU
		{136B1B70-183B-4406-BA6B-F7E638B4BF39}.Debug|Any CPU.ActiveCfg = Debug|Any CPU
		{136B1B70-183B-4406-BA6B-F7E638B4BF39}.Debug|Any CPU.Build.0 = Debug|Any CPU
		{136B1B70-183B-4406-BA6B-F7E638B4BF39}.Release|Any CPU.ActiveCfg = Release|Any CPU
		{136B1B70-183B-4406-BA6B-F7E638B4BF39}.Release|Any CPU.Build.0 = Release|Any CPU
		{2AA1A2E7-9724-4F8B-ABDD-412A8C18A4ED}.Debug|Any CPU.ActiveCfg = Debug|Any CPU
		{2AA1A2E7-9724-4F8B-ABDD-412A8C18A4ED}.Debug|Any CPU.Build.0 = Debug|Any CPU
		{2AA1A2E7-9724-4F8B-ABDD-412A8C18A4ED}.Release|Any CPU.ActiveCfg = Release|Any CPU
		{2AA1A2E7-9724-4F8B-ABDD-412A8C18A4ED}.Release|Any CPU.Build.0 = Release|Any CPU
	EndGlobalSection
	GlobalSection(SolutionProperties) = preSolution
		HideSolutionNode = FALSE
	EndGlobalSection
EndGlobal
