
Microsoft Visual Studio Solution File, Format Version 12.00
# Visual Studio 15
VisualStudioVersion = 15.0.26403.7
MinimumVisualStudioVersion = 10.0.40219.1
Project("{FAE04EC0-301F-11D3-BF4B-00C04F79EFBC}") = "FrameworkBusinessCleaner", "FrameworkBusinessCleaner\FrameworkBusinessCleaner.csproj", "{A81626A2-5A48-40F9-B8C6-F8BB36628D2E}"
EndProject
Global
	GlobalSection(SolutionConfigurationPlatforms) = preSolution
		Debug|Any CPU = Debug|Any CPU
		Release|Any CPU = Release|Any CPU
	EndGlobalSection
	GlobalSection(ProjectConfigurationPlatforms) = postSolution
		{A81626A2-5A48-40F9-B8C6-F8BB36628D2E}.Debug|Any CPU.ActiveCfg = Debug|Any CPU
		{A81626A2-5A48-40F9-B8C6-F8BB36628D2E}.Debug|Any CPU.Build.0 = Debug|Any CPU
		{A81626A2-5A48-40F9-B8C6-F8BB36628D2E}.Release|Any CPU.ActiveCfg = Release|Any CPU
		{A81626A2-5A48-40F9-B8C6-F8BB36628D2E}.Release|Any CPU.Build.0 = Release|Any CPU
	EndGlobalSection
	GlobalSection(SolutionProperties) = preSolution
		HideSolutionNode = FALSE
	EndGlobalSection
	GlobalSection(TeamFoundationVersionControl) = preSolution
		SccNumberOfProjects = 2
		SccEnterpriseProvider = {4CA58AB2-18FA-4F8D-95D4-32DDF27D184C}
		SccTeamFoundationServer = http://tfs.linx-inves.com.br:8080/tfs/linxcollection
		SccLocalPath0 = .
		SccProjectUniqueName1 = FrameworkBusinessCleaner\\FrameworkBusinessCleaner.csproj
		SccProjectName1 = FrameworkBusinessCleaner
		SccLocalPath1 = FrameworkBusinessCleaner
	EndGlobalSection
EndGlobal
