
Microsoft Visual Studio Solution File, Format Version 12.00
# Visual Studio 2012
Project("{FAE04EC0-301F-11D3-BF4B-00C04F79EFBC}") = "TelerikReport.Publish", "TelerikReport.Publish\TelerikReport.Publish.csproj", "{6243755F-8EFF-4D34-8E5D-FB5002EE36DC}"
EndProject
Global
	GlobalSection(TeamFoundationVersionControl) = preSolution
		SccNumberOfProjects = 2
		SccEnterpriseProvider = {4CA58AB2-18FA-4F8D-95D4-32DDF27D184C}
		SccTeamFoundationServer = http://tfs.linx-inves.com.br:8080/tfs/linxcollection
		SccLocalPath0 = .
		SccProjectUniqueName1 = TelerikReport.Publish\\TelerikReport.Publish.csproj
		SccProjectName1 = TelerikReport.Publish
		SccLocalPath1 = TelerikReport.Publish
	EndGlobalSection
	GlobalSection(SolutionConfigurationPlatforms) = preSolution
		Debug|Any CPU = Debug|Any CPU
		Release|Any CPU = Release|Any CPU
	EndGlobalSection
	GlobalSection(ProjectConfigurationPlatforms) = postSolution
		{6243755F-8EFF-4D34-8E5D-FB5002EE36DC}.Debug|Any CPU.ActiveCfg = Debug|Any CPU
		{6243755F-8EFF-4D34-8E5D-FB5002EE36DC}.Debug|Any CPU.Build.0 = Debug|Any CPU
		{6243755F-8EFF-4D34-8E5D-FB5002EE36DC}.Release|Any CPU.ActiveCfg = Release|Any CPU
		{6243755F-8EFF-4D34-8E5D-FB5002EE36DC}.Release|Any CPU.Build.0 = Release|Any CPU
	EndGlobalSection
	GlobalSection(SolutionProperties) = preSolution
		HideSolutionNode = FALSE
	EndGlobalSection
EndGlobal
