
Microsoft Visual Studio Solution File, Format Version 12.00
# Visual Studio 14
VisualStudioVersion = 14.0.25420.1
MinimumVisualStudioVersion = 10.0.40219.1
Project("{2150E333-8FDC-42A3-9474-1A3956D46DE8}") = "Business Rules", "Business Rules", "{6673B24A-4350-441F-A16E-426C20D8B0D3}"
EndProject
Project("{FAE04EC0-301F-11D3-BF4B-00C04F79EFBC}") = "Linx.Framework.Setup", "Linx.Framework.Setup\Linx.Framework.Setup.csproj", "{26D8C2CF-9301-43B5-A7E6-EA7575D4BD0E}"
EndProject
Project("{2150E333-8FDC-42A3-9474-1A3956D46DE8}") = "Business Reports", "Business Reports", "{57EC97D6-B406-403F-AC3E-69BFB141ABB2}"
EndProject
Project("{FAE04EC0-301F-11D3-BF4B-00C04F79EFBC}") = "Linx.Framework.Setup.Reports", "Linx.Framework.Setup.Reports\Linx.Framework.Setup.Reports.csproj", "{D988BE8F-A8FB-4279-B750-B2FC7BE2BCCC}"
EndProject
Project("{2150E333-8FDC-42A3-9474-1A3956D46DE8}") = "Web API Controllers", "Web API Controllers", "{C2311107-057B-4BE0-9513-D35D12DB04D7}"
EndProject
Project("{FAE04EC0-301F-11D3-BF4B-00C04F79EFBC}") = "Linx.Framework.Setup.WebAPI.DS", "Linx.Framework.Setup.WebAPI.DS\Linx.Framework.Setup.WebAPI.DS.csproj", "{37E778FE-A9FD-49DA-B22E-B0276EFBF1D8}"
EndProject
Global
	GlobalSection(SolutionConfigurationPlatforms) = preSolution
		Debug|Any CPU = Debug|Any CPU
		Release|Any CPU = Release|Any CPU
	EndGlobalSection
	GlobalSection(ProjectConfigurationPlatforms) = postSolution
		{26D8C2CF-9301-43B5-A7E6-EA7575D4BD0E}.Debug|Any CPU.ActiveCfg = Debug|Any CPU
		{26D8C2CF-9301-43B5-A7E6-EA7575D4BD0E}.Debug|Any CPU.Build.0 = Debug|Any CPU
		{26D8C2CF-9301-43B5-A7E6-EA7575D4BD0E}.Release|Any CPU.ActiveCfg = Release|Any CPU
		{26D8C2CF-9301-43B5-A7E6-EA7575D4BD0E}.Release|Any CPU.Build.0 = Release|Any CPU
		{D988BE8F-A8FB-4279-B750-B2FC7BE2BCCC}.Debug|Any CPU.ActiveCfg = Debug|Any CPU
		{D988BE8F-A8FB-4279-B750-B2FC7BE2BCCC}.Debug|Any CPU.Build.0 = Debug|Any CPU
		{D988BE8F-A8FB-4279-B750-B2FC7BE2BCCC}.Release|Any CPU.ActiveCfg = Release|Any CPU
		{D988BE8F-A8FB-4279-B750-B2FC7BE2BCCC}.Release|Any CPU.Build.0 = Release|Any CPU
		{37E778FE-A9FD-49DA-B22E-B0276EFBF1D8}.Debug|Any CPU.ActiveCfg = Debug|Any CPU
		{37E778FE-A9FD-49DA-B22E-B0276EFBF1D8}.Debug|Any CPU.Build.0 = Debug|Any CPU
		{37E778FE-A9FD-49DA-B22E-B0276EFBF1D8}.Release|Any CPU.ActiveCfg = Release|Any CPU
		{37E778FE-A9FD-49DA-B22E-B0276EFBF1D8}.Release|Any CPU.Build.0 = Release|Any CPU
	EndGlobalSection
	GlobalSection(SolutionProperties) = preSolution
		HideSolutionNode = FALSE
	EndGlobalSection
	GlobalSection(NestedProjects) = preSolution
		{26D8C2CF-9301-43B5-A7E6-EA7575D4BD0E} = {6673B24A-4350-441F-A16E-426C20D8B0D3}
		{D988BE8F-A8FB-4279-B750-B2FC7BE2BCCC} = {57EC97D6-B406-403F-AC3E-69BFB141ABB2}
		{37E778FE-A9FD-49DA-B22E-B0276EFBF1D8} = {C2311107-057B-4BE0-9513-D35D12DB04D7}
	EndGlobalSection
	GlobalSection(TeamFoundationVersionControl) = preSolution
		SccNumberOfProjects = 4
		SccEnterpriseProvider = {4CA58AB2-18FA-4F8D-95D4-32DDF27D184C}
		SccTeamFoundationServer = http://tfs.linx-inves.com.br:8080/tfs/linxcollection
		SccLocalPath0 = .
		SccProjectUniqueName1 = Linx.Framework.Setup.Reports\\Linx.Framework.Setup.Reports.csproj
		SccProjectTopLevelParentUniqueName1 = Linx.Framework.Setup.sln
		SccProjectName1 = Linx.Framework.Setup.Reports
		SccLocalPath1 = Linx.Framework.Setup.Reports
		SccProjectUniqueName2 = Linx.Framework.Setup.WebAPI.DS\\Linx.Framework.Setup.WebAPI.DS.csproj
		SccProjectTopLevelParentUniqueName2 = Linx.Framework.Setup.sln
		SccProjectName2 = Linx.Framework.Setup.WebAPI.DS
		SccLocalPath2 = Linx.Framework.Setup.WebAPI.DS
		SccProjectUniqueName3 = Linx.Framework.Setup\\Linx.Framework.Setup.csproj
		SccProjectTopLevelParentUniqueName3 = Linx.Framework.Setup.sln
		SccProjectName3 = Linx.Framework.Setup
		SccLocalPath3 = Linx.Framework.Setup
	EndGlobalSection
EndGlobal
