
Microsoft Visual Studio Solution File, Format Version 12.00
# Visual Studio 15
VisualStudioVersion = 15.0.26730.16
MinimumVisualStudioVersion = 10.0.40219.1
Project("{2150E333-8FDC-42A3-9474-1A3956D46DE8}") = "Web API Controllers", "Web API Controllers", "{3A55BCCD-5B4C-4F35-9118-DAEF9026A671}"
EndProject
Project("{2150E333-8FDC-42A3-9474-1A3956D46DE8}") = "Business Rules", "Business Rules", "{B1859668-20CD-4D02-AF05-70BDB364AB19}"
EndProject
Project("{2150E333-8FDC-42A3-9474-1A3956D46DE8}") = "SPA User Interface Modules", "SPA User Interface Modules", "{7EEF647C-D600-476A-8A20-00BF76907B57}"
EndProject
Project("{FAE04EC0-301F-11D3-BF4B-00C04F79EFBC}") = "Linx.Framework.BV.SPA", "Linx.Framework.BV.SPA\Linx.Framework.BV.SPA.csproj", "{6C432BB9-1594-4F42-8CEA-F4E3A4FD4BBE}"
EndProject
Project("{2150E333-8FDC-42A3-9474-1A3956D46DE8}") = "Web API Client", "Web API Client", "{3CF41BC5-ACF7-4146-8339-8D8DF34D1709}"
EndProject
Project("{FAE04EC0-301F-11D3-BF4B-00C04F79EFBC}") = "Linx.Framework.BV.WebAPI.Client", "..\..\Business\Linx.Framework.BV\Linx.Framework.BV.WebAPI.Client\Linx.Framework.BV.WebAPI.Client.csproj", "{9B8A273A-C809-49A2-9CC9-D420CF78D71E}"
EndProject
Project("{FAE04EC0-301F-11D3-BF4B-00C04F79EFBC}") = "Linx.Framework.BV.WebAPI", "..\..\Business\Linx.Framework.BV\Linx.Framework.BV.WebAPI\Linx.Framework.BV.WebAPI.csproj", "{BAD5A598-F7DB-433C-BC5B-B59F076A7F6B}"
EndProject
Project("{FAE04EC0-301F-11D3-BF4B-00C04F79EFBC}") = "Linx.Framework.BV.WebAPI.DS", "..\..\Business\Linx.Framework.BV\Linx.Framework.BV.WebAPI.DS\Linx.Framework.BV.WebAPI.DS.csproj", "{33E117FA-BD8E-4745-B865-43D5ED3BA270}"
EndProject
Project("{FAE04EC0-301F-11D3-BF4B-00C04F79EFBC}") = "Linx.Framework.BV.AuthenticateUserExtension", "..\..\Business\Linx.Framework.BV\Linx.Framework.BV.AuthenticateUserExtension\Linx.Framework.BV.AuthenticateUserExtension.csproj", "{4C650BAC-3B06-4764-9839-3DB83B338DD2}"
EndProject
Project("{FAE04EC0-301F-11D3-BF4B-00C04F79EFBC}") = "Linx.Framework.BV", "..\..\Business\Linx.Framework.BV\Linx.Framework.BV\Linx.Framework.BV.csproj", "{9784601E-F1D9-4B03-B964-C82748D808DD}"
EndProject
Project("{2150E333-8FDC-42A3-9474-1A3956D46DE8}") = "Business Reports", "Business Reports", "{1412C554-1A63-4AC1-8B43-7FDA8541AFEA}"
EndProject
Project("{FAE04EC0-301F-11D3-BF4B-00C04F79EFBC}") = "Linx.Framework.BV.Reports", "..\..\Business\Linx.Framework.BV\Linx.Framework.BV.Reports\Linx.Framework.BV.Reports.csproj", "{7C75E1F1-30BC-47E0-A065-CC74DEE85ED4}"
EndProject
Project("{2150E333-8FDC-42A3-9474-1A3956D46DE8}") = "Implementations", "Implementations", "{DA065C1F-3F58-4380-AA77-E2A10EC0DE5B}"
EndProject
Project("{FAE04EC0-301F-11D3-BF4B-00C04F79EFBC}") = "Linx.Framework.BV.Implementations", "..\..\Business\Linx.Framework.BV\Linx.Framework.BV.Implementations\Linx.Framework.BV.Implementations.csproj", "{4493C37D-2AAC-4AF9-AC8A-91432A2A4E0C}"
EndProject
Global
	GlobalSection(SolutionConfigurationPlatforms) = preSolution
		Debug|Any CPU = Debug|Any CPU
		Release|Any CPU = Release|Any CPU
	EndGlobalSection
	GlobalSection(ProjectConfigurationPlatforms) = postSolution
		{6C432BB9-1594-4F42-8CEA-F4E3A4FD4BBE}.Debug|Any CPU.ActiveCfg = Debug|Any CPU
		{6C432BB9-1594-4F42-8CEA-F4E3A4FD4BBE}.Debug|Any CPU.Build.0 = Debug|Any CPU
		{6C432BB9-1594-4F42-8CEA-F4E3A4FD4BBE}.Release|Any CPU.ActiveCfg = Release|Any CPU
		{6C432BB9-1594-4F42-8CEA-F4E3A4FD4BBE}.Release|Any CPU.Build.0 = Release|Any CPU
		{9B8A273A-C809-49A2-9CC9-D420CF78D71E}.Debug|Any CPU.ActiveCfg = Debug|Any CPU
		{9B8A273A-C809-49A2-9CC9-D420CF78D71E}.Debug|Any CPU.Build.0 = Debug|Any CPU
		{9B8A273A-C809-49A2-9CC9-D420CF78D71E}.Release|Any CPU.ActiveCfg = Release|Any CPU
		{9B8A273A-C809-49A2-9CC9-D420CF78D71E}.Release|Any CPU.Build.0 = Release|Any CPU
		{BAD5A598-F7DB-433C-BC5B-B59F076A7F6B}.Debug|Any CPU.ActiveCfg = Debug|Any CPU
		{BAD5A598-F7DB-433C-BC5B-B59F076A7F6B}.Debug|Any CPU.Build.0 = Debug|Any CPU
		{BAD5A598-F7DB-433C-BC5B-B59F076A7F6B}.Release|Any CPU.ActiveCfg = Release|Any CPU
		{BAD5A598-F7DB-433C-BC5B-B59F076A7F6B}.Release|Any CPU.Build.0 = Release|Any CPU
		{33E117FA-BD8E-4745-B865-43D5ED3BA270}.Debug|Any CPU.ActiveCfg = Debug|Any CPU
		{33E117FA-BD8E-4745-B865-43D5ED3BA270}.Debug|Any CPU.Build.0 = Debug|Any CPU
		{33E117FA-BD8E-4745-B865-43D5ED3BA270}.Release|Any CPU.ActiveCfg = Release|Any CPU
		{33E117FA-BD8E-4745-B865-43D5ED3BA270}.Release|Any CPU.Build.0 = Release|Any CPU
		{4C650BAC-3B06-4764-9839-3DB83B338DD2}.Debug|Any CPU.ActiveCfg = Debug|Any CPU
		{4C650BAC-3B06-4764-9839-3DB83B338DD2}.Debug|Any CPU.Build.0 = Debug|Any CPU
		{4C650BAC-3B06-4764-9839-3DB83B338DD2}.Release|Any CPU.ActiveCfg = Release|Any CPU
		{4C650BAC-3B06-4764-9839-3DB83B338DD2}.Release|Any CPU.Build.0 = Release|Any CPU
		{9784601E-F1D9-4B03-B964-C82748D808DD}.Debug|Any CPU.ActiveCfg = Debug|Any CPU
		{9784601E-F1D9-4B03-B964-C82748D808DD}.Debug|Any CPU.Build.0 = Debug|Any CPU
		{9784601E-F1D9-4B03-B964-C82748D808DD}.Release|Any CPU.ActiveCfg = Release|Any CPU
		{9784601E-F1D9-4B03-B964-C82748D808DD}.Release|Any CPU.Build.0 = Release|Any CPU
		{7C75E1F1-30BC-47E0-A065-CC74DEE85ED4}.Debug|Any CPU.ActiveCfg = Debug|Any CPU
		{7C75E1F1-30BC-47E0-A065-CC74DEE85ED4}.Debug|Any CPU.Build.0 = Debug|Any CPU
		{7C75E1F1-30BC-47E0-A065-CC74DEE85ED4}.Release|Any CPU.ActiveCfg = Release|Any CPU
		{7C75E1F1-30BC-47E0-A065-CC74DEE85ED4}.Release|Any CPU.Build.0 = Release|Any CPU
		{4493C37D-2AAC-4AF9-AC8A-91432A2A4E0C}.Debug|Any CPU.ActiveCfg = Debug|Any CPU
		{4493C37D-2AAC-4AF9-AC8A-91432A2A4E0C}.Debug|Any CPU.Build.0 = Debug|Any CPU
		{4493C37D-2AAC-4AF9-AC8A-91432A2A4E0C}.Release|Any CPU.ActiveCfg = Release|Any CPU
		{4493C37D-2AAC-4AF9-AC8A-91432A2A4E0C}.Release|Any CPU.Build.0 = Release|Any CPU
	EndGlobalSection
	GlobalSection(SolutionProperties) = preSolution
		HideSolutionNode = FALSE
	EndGlobalSection
	GlobalSection(NestedProjects) = preSolution
		{6C432BB9-1594-4F42-8CEA-F4E3A4FD4BBE} = {7EEF647C-D600-476A-8A20-00BF76907B57}
		{9B8A273A-C809-49A2-9CC9-D420CF78D71E} = {3CF41BC5-ACF7-4146-8339-8D8DF34D1709}
		{BAD5A598-F7DB-433C-BC5B-B59F076A7F6B} = {3A55BCCD-5B4C-4F35-9118-DAEF9026A671}
		{33E117FA-BD8E-4745-B865-43D5ED3BA270} = {3A55BCCD-5B4C-4F35-9118-DAEF9026A671}
		{9784601E-F1D9-4B03-B964-C82748D808DD} = {B1859668-20CD-4D02-AF05-70BDB364AB19}
		{7C75E1F1-30BC-47E0-A065-CC74DEE85ED4} = {1412C554-1A63-4AC1-8B43-7FDA8541AFEA}
		{4493C37D-2AAC-4AF9-AC8A-91432A2A4E0C} = {DA065C1F-3F58-4380-AA77-E2A10EC0DE5B}
	EndGlobalSection
	GlobalSection(ExtensibilityGlobals) = postSolution
		SolutionGuid = {3748D5E0-3FE0-4E9C-84C9-816D06FEB49B}
	EndGlobalSection
	GlobalSection(TeamFoundationVersionControl) = preSolution
		SccNumberOfProjects = 9
		SccEnterpriseProvider = {4CA58AB2-18FA-4F8D-95D4-32DDF27D184C}
		SccTeamFoundationServer = https://grupolinx.visualstudio.com/
		SccLocalPath0 = .
		SccProjectUniqueName1 = Linx.Framework.BV.SPA\\Linx.Framework.BV.SPA.csproj
		SccProjectTopLevelParentUniqueName1 = Linx.Framework.BV.sln
		SccProjectName1 = Linx.Framework.BV.SPA
		SccLocalPath1 = Linx.Framework.BV.SPA
		SccProjectUniqueName2 = ..\\..\\Business\\Linx.Framework.BV\\Linx.Framework.BV.WebAPI.Client\\Linx.Framework.BV.WebAPI.Client.csproj
		SccProjectTopLevelParentUniqueName2 = Linx.Framework.BV.sln
		SccProjectName2 = ../../Business/Linx.Framework.BV/Linx.Framework.BV.WebAPI.Client
		SccLocalPath2 = ..\\..\\Business\\Linx.Framework.BV\\Linx.Framework.BV.WebAPI.Client
		SccProjectUniqueName3 = ..\\..\\Business\\Linx.Framework.BV\\Linx.Framework.BV.WebAPI\\Linx.Framework.BV.WebAPI.csproj
		SccProjectTopLevelParentUniqueName3 = Linx.Framework.BV.sln
		SccProjectName3 = ../../Business/Linx.Framework.BV/Linx.Framework.BV.WebAPI
		SccLocalPath3 = ..\\..\\Business\\Linx.Framework.BV\\Linx.Framework.BV.WebAPI
		SccProjectUniqueName4 = ..\\..\\Business\\Linx.Framework.BV\\Linx.Framework.BV.WebAPI.DS\\Linx.Framework.BV.WebAPI.DS.csproj
		SccProjectTopLevelParentUniqueName4 = Linx.Framework.BV.sln
		SccProjectName4 = ../../Business/Linx.Framework.BV/Linx.Framework.BV.WebAPI.DS
		SccLocalPath4 = ..\\..\\Business\\Linx.Framework.BV\\Linx.Framework.BV.WebAPI.DS
		SccProjectUniqueName5 = ..\\..\\Business\\Linx.Framework.BV\\Linx.Framework.BV.AuthenticateUserExtension\\Linx.Framework.BV.AuthenticateUserExtension.csproj
		SccProjectName5 = ../../Business/Linx.Framework.BV/Linx.Framework.BV.AuthenticateUserExtension
		SccLocalPath5 = ..\\..\\Business\\Linx.Framework.BV\\Linx.Framework.BV.AuthenticateUserExtension
		SccProjectUniqueName6 = ..\\..\\Business\\Linx.Framework.BV\\Linx.Framework.BV\\Linx.Framework.BV.csproj
		SccProjectTopLevelParentUniqueName6 = Linx.Framework.BV.sln
		SccProjectName6 = ../../Business/Linx.Framework.BV/Linx.Framework.BV
		SccLocalPath6 = ..\\..\\Business\\Linx.Framework.BV\\Linx.Framework.BV
		SccProjectUniqueName7 = ..\\..\\Business\\Linx.Framework.BV\\Linx.Framework.BV.Reports\\Linx.Framework.BV.Reports.csproj
		SccProjectTopLevelParentUniqueName7 = Linx.Framework.BV.sln
		SccProjectName7 = ../../Business/Linx.Framework.BV/Linx.Framework.BV.Reports
		SccLocalPath7 = ..\\..\\Business\\Linx.Framework.BV\\Linx.Framework.BV.Reports
		SccProjectUniqueName8 = ..\\..\\Business\\Linx.Framework.BV\\Linx.Framework.BV.Implementations\\Linx.Framework.BV.Implementations.csproj
		SccProjectTopLevelParentUniqueName8 = Linx.Framework.BV.sln
		SccProjectName8 = ../../Business/Linx.Framework.BV/Linx.Framework.BV.Implementations
		SccLocalPath8 = ..\\..\\Business\\Linx.Framework.BV\\Linx.Framework.BV.Implementations
	EndGlobalSection
EndGlobal
