
Microsoft Visual Studio Solution File, Format Version 12.00
# Visual Studio 2013
VisualStudioVersion = 12.0.31101.0
MinimumVisualStudioVersion = 10.0.40219.1
Project("{FAE04EC0-301F-11D3-BF4B-00C04F79EFBC}") = "Linx.Application.Azure.WebRole", "Linx.Application.Azure.WebRole\Linx.Application.Azure.WebRole.csproj", "{A1C09689-FA94-474F-8CDD-EE2BAAC1042F}"
EndProject
Project("{CC5FD16D-436D-48AD-A40C-5A424C6E3E79}") = "Linx.Application.Azure", "Linx.Application.Azure\Linx.Application.Azure.ccproj", "{37D2D3FA-570E-45B9-A64C-A514AFCDC141}"
EndProject
Global
	GlobalSection(TeamFoundationVersionControl) = preSolution
		SccNumberOfProjects = 3
		SccEnterpriseProvider = {4CA58AB2-18FA-4F8D-95D4-32DDF27D184C}
		SccTeamFoundationServer = http://tfs.linx-inves.com.br:8080/tfs/linxcollection
		SccProjectUniqueName0 = Linx.Application.Azure\\Linx.Application.Azure.ccproj
		SccProjectName0 = Linx.Application.Azure
		SccLocalPath0 = Linx.Application.Azure
		SccLocalPath1 = .
		SccProjectUniqueName2 = Linx.Application.Azure.WebRole\\Linx.Application.Azure.WebRole.csproj
		SccProjectName2 = Linx.Application.Azure.WebRole
		SccLocalPath2 = Linx.Application.Azure.WebRole
	EndGlobalSection
	GlobalSection(SolutionConfigurationPlatforms) = preSolution
		Debug|Any CPU = Debug|Any CPU
		Release|Any CPU = Release|Any CPU
	EndGlobalSection
	GlobalSection(ProjectConfigurationPlatforms) = postSolution
		{A1C09689-FA94-474F-8CDD-EE2BAAC1042F}.Debug|Any CPU.ActiveCfg = Debug|Any CPU
		{A1C09689-FA94-474F-8CDD-EE2BAAC1042F}.Debug|Any CPU.Build.0 = Debug|Any CPU
		{A1C09689-FA94-474F-8CDD-EE2BAAC1042F}.Release|Any CPU.ActiveCfg = Release|Any CPU
		{A1C09689-FA94-474F-8CDD-EE2BAAC1042F}.Release|Any CPU.Build.0 = Release|Any CPU
		{37D2D3FA-570E-45B9-A64C-A514AFCDC141}.Debug|Any CPU.ActiveCfg = Debug|Any CPU
		{37D2D3FA-570E-45B9-A64C-A514AFCDC141}.Debug|Any CPU.Build.0 = Debug|Any CPU
		{37D2D3FA-570E-45B9-A64C-A514AFCDC141}.Release|Any CPU.ActiveCfg = Release|Any CPU
		{37D2D3FA-570E-45B9-A64C-A514AFCDC141}.Release|Any CPU.Build.0 = Release|Any CPU
	EndGlobalSection
	GlobalSection(SolutionProperties) = preSolution
		HideSolutionNode = FALSE
	EndGlobalSection
EndGlobal
