
Microsoft Visual Studio Solution File, Format Version 12.00
# Visual Studio 15
VisualStudioVersion = 15.0.26403.7
MinimumVisualStudioVersion = 10.0.40219.1
Project("{2150E333-8FDC-42A3-9474-1A3956D46DE8}") = "Solution Items", "Solution Items", "{E9D028AD-0D6B-4125-8C63-06B5E3387062}"
	ProjectSection(SolutionItems) = preProject
		Architecture - namespaces and classes.dgml = Architecture - namespaces and classes.dgml
		Architecture.dgml = Architecture.dgml
		Readme.txt = Readme.txt
	EndProjectSection
EndProject
Project("{FAE04EC0-301F-11D3-BF4B-00C04F79EFBC}") = "DslDesignerExtensionForModelBus", "DslDesignerExtensionForModelBus\DslDesignerExtensionForModelBus.csproj", "{0BFB9D68-D25E-4F65-B354-858C09989508}"
EndProject
Project("{FAE04EC0-301F-11D3-BF4B-00C04F79EFBC}") = "Dsl2Dte", "Dsl2Dte\Dsl2Dte.csproj", "{7A00B333-4B2C-4F9D-A5D7-B4F012F1AB97}"
EndProject
Project("{FAE04EC0-301F-11D3-BF4B-00C04F79EFBC}") = "DslDefinitionExtensionsHelpers", "DslDesignerExtensionsHelpers\DslDefinitionExtensionsHelpers.csproj", "{4F196B30-FBA2-47E0-AD89-09D5E7B91416}"
EndProject
Global
	GlobalSection(SolutionConfigurationPlatforms) = preSolution
		Debug|Any CPU = Debug|Any CPU
		Release|Any CPU = Release|Any CPU
	EndGlobalSection
	GlobalSection(ProjectConfigurationPlatforms) = postSolution
		{0BFB9D68-D25E-4F65-B354-858C09989508}.Debug|Any CPU.ActiveCfg = Debug|Any CPU
		{0BFB9D68-D25E-4F65-B354-858C09989508}.Debug|Any CPU.Build.0 = Debug|Any CPU
		{0BFB9D68-D25E-4F65-B354-858C09989508}.Release|Any CPU.ActiveCfg = Release|Any CPU
		{0BFB9D68-D25E-4F65-B354-858C09989508}.Release|Any CPU.Build.0 = Release|Any CPU
		{7A00B333-4B2C-4F9D-A5D7-B4F012F1AB97}.Debug|Any CPU.ActiveCfg = Debug|Any CPU
		{7A00B333-4B2C-4F9D-A5D7-B4F012F1AB97}.Debug|Any CPU.Build.0 = Debug|Any CPU
		{7A00B333-4B2C-4F9D-A5D7-B4F012F1AB97}.Release|Any CPU.ActiveCfg = Release|Any CPU
		{7A00B333-4B2C-4F9D-A5D7-B4F012F1AB97}.Release|Any CPU.Build.0 = Release|Any CPU
		{4F196B30-FBA2-47E0-AD89-09D5E7B91416}.Debug|Any CPU.ActiveCfg = Debug|Any CPU
		{4F196B30-FBA2-47E0-AD89-09D5E7B91416}.Debug|Any CPU.Build.0 = Debug|Any CPU
		{4F196B30-FBA2-47E0-AD89-09D5E7B91416}.Release|Any CPU.ActiveCfg = Release|Any CPU
		{4F196B30-FBA2-47E0-AD89-09D5E7B91416}.Release|Any CPU.Build.0 = Release|Any CPU
	EndGlobalSection
	GlobalSection(SolutionProperties) = preSolution
		HideSolutionNode = FALSE
	EndGlobalSection
	GlobalSection(TeamFoundationVersionControl) = preSolution
		SccNumberOfProjects = 4
		SccEnterpriseProvider = {4CA58AB2-18FA-4F8D-95D4-32DDF27D184C}
		SccTeamFoundationServer = http://tfs.linx-inves.com.br:8080/tfs/linxcollection
		SccLocalPath0 = .
		SccProjectUniqueName1 = Dsl2Dte\\Dsl2Dte.csproj
		SccProjectName1 = Dsl2Dte
		SccLocalPath1 = Dsl2Dte
		SccProjectUniqueName2 = DslDesignerExtensionForModelBus\\DslDesignerExtensionForModelBus.csproj
		SccProjectName2 = DslDesignerExtensionForModelBus
		SccLocalPath2 = DslDesignerExtensionForModelBus
		SccProjectUniqueName3 = DslDesignerExtensionsHelpers\\DslDefinitionExtensionsHelpers.csproj
		SccProjectName3 = DslDesignerExtensionsHelpers
		SccLocalPath3 = DslDesignerExtensionsHelpers
	EndGlobalSection
EndGlobal
