
Microsoft Visual Studio Solution File, Format Version 12.00
# Visual Studio 15
VisualStudioVersion = 15.0.28307.438
MinimumVisualStudioVersion = 10.0.40219.1
Project("{2150E333-8FDC-42A3-9474-1A3956D46DE8}") = "_Shared", "_Shared", "{43757B34-685C-40A6-BD3F-9AA3BC507567}"
	ProjectSection(SolutionItems) = preProject
		_Shared\SharedAssemblyInfo.cs = _Shared\SharedAssemblyInfo.cs
	EndProjectSection
EndProject
Project("{2150E333-8FDC-42A3-9474-1A3956D46DE8}") = "_Common", "_Common", "{06D431A1-1911-40C6-92B9-FC31E5904F1E}"
EndProject
Project("{2150E333-8FDC-42A3-9474-1A3956D46DE8}") = "Solution Items", "Solution Items", "{94D41147-7142-4115-9E94-EA5707AF749B}"
	ProjectSection(SolutionItems) = preProject
		WE-settings.xml = WE-settings.xml
		WebEssentials2012.vsix = WebEssentials2012.vsix
	EndProjectSection
EndProject
Project("{FAE04EC0-301F-11D3-BF4B-00C04F79EFBC}") = "Linx.Internet.Application", "Linx.Internet.Application\Linx.Internet.Application.csproj", "{10F5AF09-086E-431D-AE27-4E875405083C}"
EndProject
Project("{FAE04EC0-301F-11D3-BF4B-00C04F79EFBC}") = "Linx.Internet.Application.Extension", "Linx.Internet.Application.Extension\Linx.Internet.Application.Extension.csproj", "{08760A51-2274-40B7-9BC5-14D64F1D6F74}"
EndProject
Project("{FAE04EC0-301F-11D3-BF4B-00C04F79EFBC}") = "Linx.Internet.Application.Framework", "Linx.Internet.Application.Framework\Linx.Internet.Application.Framework.csproj", "{462E8EB6-0632-4E41-B8A6-122D58385079}"
EndProject
Project("{FAE04EC0-301F-11D3-BF4B-00C04F79EFBC}") = "Linx.Internet.Application.Framework.Contracts", "Linx.Internet.Application.Framework.Contracts\Linx.Internet.Application.Framework.Contracts.csproj", "{450C8B9B-7624-48C0-AF98-A87AB3D2B93A}"
EndProject
Project("{FAE04EC0-301F-11D3-BF4B-00C04F79EFBC}") = "Linx.Internet.Application.Common", "Linx.Internet.Application.Common\Linx.Internet.Application.Common.csproj", "{951D1C68-8B1F-4FD4-AD57-EC937BD62DDD}"
EndProject
Project("{FAE04EC0-301F-11D3-BF4B-00C04F79EFBC}") = "Linx.Internet.Application.WinHost", "Linx.Internet.Application.WinHost\Linx.Internet.Application.WinHost.csproj", "{BE4C3AD0-8DA2-4246-8C63-EEEB7DC197BE}"
EndProject
Project("{FAE04EC0-301F-11D3-BF4B-00C04F79EFBC}") = "Linx.Internet.Application.Service", "Linx.Internet.Application.Service\Linx.Internet.Application.Service.csproj", "{AFBB8C1D-75FC-4895-B512-9CD919622F4C}"
EndProject
Project("{FAE04EC0-301F-11D3-BF4B-00C04F79EFBC}") = "Linx.Framework.BV.WebAPI.DS", "..\..\Business\Linx.Framework.BV\Linx.Framework.BV.WebAPI.DS\Linx.Framework.BV.WebAPI.DS.csproj", "{33E117FA-BD8E-4745-B865-43D5ED3BA270}"
EndProject
Project("{FAE04EC0-301F-11D3-BF4B-00C04F79EFBC}") = "Linx.Framework.BV.Implementations", "..\..\Business\Linx.Framework.BV\Linx.Framework.BV.Implementations\Linx.Framework.BV.Implementations.csproj", "{4493C37D-2AAC-4AF9-AC8A-91432A2A4E0C}"
EndProject
Project("{FAE04EC0-301F-11D3-BF4B-00C04F79EFBC}") = "Linx.Framework.Autorizacao.BM", "..\..\BM\Linx.Framework.Autorizacao.BM\Linx.Framework.Autorizacao.BM\Linx.Framework.Autorizacao.BM.csproj", "{68392D9D-4588-49DD-A3E1-048FA87FF12E}"
EndProject
Project("{2150E333-8FDC-42A3-9474-1A3956D46DE8}") = "Business Rules", "Business Rules", "{7B803676-7056-4B00-9B88-CBBA257254DA}"
EndProject
Project("{FAE04EC0-301F-11D3-BF4B-00C04F79EFBC}") = "Linx.Framework.BV", "..\..\Business\Linx.Framework.BV\Linx.Framework.BV\Linx.Framework.BV.csproj", "{9784601E-F1D9-4B03-B964-C82748D808DD}"
EndProject
Project("{2150E333-8FDC-42A3-9474-1A3956D46DE8}") = "Business Reports", "Business Reports", "{FEA1BBB7-AFC4-4C5D-9230-77C9143A265A}"
EndProject
Project("{FAE04EC0-301F-11D3-BF4B-00C04F79EFBC}") = "Linx.Framework.BV.Reports", "..\..\Business\Linx.Framework.BV\Linx.Framework.BV.Reports\Linx.Framework.BV.Reports.csproj", "{7C75E1F1-30BC-47E0-A065-CC74DEE85ED4}"
EndProject
Project("{2150E333-8FDC-42A3-9474-1A3956D46DE8}") = "SPA User Interface Modules", "SPA User Interface Modules", "{AAEC1E77-3D0A-46A4-9AF9-32A5193D4BC4}"
EndProject
Project("{FAE04EC0-301F-11D3-BF4B-00C04F79EFBC}") = "Linx.Framework.BV.SPA", "Linx.Framework.BV.SPA\Linx.Framework.BV.SPA.csproj", "{52012D86-FD2A-4E13-BB4E-7D72E29322B3}"
EndProject
Global
	GlobalSection(SolutionConfigurationPlatforms) = preSolution
		Debug|Any CPU = Debug|Any CPU
		Debug|Mixed Platforms = Debug|Mixed Platforms
		Debug|x64 = Debug|x64
		Debug|x86 = Debug|x86
		Release|Any CPU = Release|Any CPU
		Release|Mixed Platforms = Release|Mixed Platforms
		Release|x64 = Release|x64
		Release|x86 = Release|x86
	EndGlobalSection
	GlobalSection(ProjectConfigurationPlatforms) = postSolution
		{10F5AF09-086E-431D-AE27-4E875405083C}.Debug|Any CPU.ActiveCfg = Debug|Any CPU
		{10F5AF09-086E-431D-AE27-4E875405083C}.Debug|Any CPU.Build.0 = Debug|Any CPU
		{10F5AF09-086E-431D-AE27-4E875405083C}.Debug|Mixed Platforms.ActiveCfg = Debug|Any CPU
		{10F5AF09-086E-431D-AE27-4E875405083C}.Debug|Mixed Platforms.Build.0 = Debug|Any CPU
		{10F5AF09-086E-431D-AE27-4E875405083C}.Debug|x64.ActiveCfg = Debug|Any CPU
		{10F5AF09-086E-431D-AE27-4E875405083C}.Debug|x86.ActiveCfg = Debug|Any CPU
		{10F5AF09-086E-431D-AE27-4E875405083C}.Release|Any CPU.ActiveCfg = Release|Any CPU
		{10F5AF09-086E-431D-AE27-4E875405083C}.Release|Any CPU.Build.0 = Release|Any CPU
		{10F5AF09-086E-431D-AE27-4E875405083C}.Release|Mixed Platforms.ActiveCfg = Release|Any CPU
		{10F5AF09-086E-431D-AE27-4E875405083C}.Release|Mixed Platforms.Build.0 = Release|Any CPU
		{10F5AF09-086E-431D-AE27-4E875405083C}.Release|x64.ActiveCfg = Release|Any CPU
		{10F5AF09-086E-431D-AE27-4E875405083C}.Release|x86.ActiveCfg = Release|Any CPU
		{08760A51-2274-40B7-9BC5-14D64F1D6F74}.Debug|Any CPU.ActiveCfg = Debug|Any CPU
		{08760A51-2274-40B7-9BC5-14D64F1D6F74}.Debug|Any CPU.Build.0 = Debug|Any CPU
		{08760A51-2274-40B7-9BC5-14D64F1D6F74}.Debug|Mixed Platforms.ActiveCfg = Debug|Any CPU
		{08760A51-2274-40B7-9BC5-14D64F1D6F74}.Debug|Mixed Platforms.Build.0 = Debug|Any CPU
		{08760A51-2274-40B7-9BC5-14D64F1D6F74}.Debug|x64.ActiveCfg = Debug|Any CPU
		{08760A51-2274-40B7-9BC5-14D64F1D6F74}.Debug|x86.ActiveCfg = Debug|Any CPU
		{08760A51-2274-40B7-9BC5-14D64F1D6F74}.Release|Any CPU.ActiveCfg = Release|Any CPU
		{08760A51-2274-40B7-9BC5-14D64F1D6F74}.Release|Any CPU.Build.0 = Release|Any CPU
		{08760A51-2274-40B7-9BC5-14D64F1D6F74}.Release|Mixed Platforms.ActiveCfg = Release|Any CPU
		{08760A51-2274-40B7-9BC5-14D64F1D6F74}.Release|Mixed Platforms.Build.0 = Release|Any CPU
		{08760A51-2274-40B7-9BC5-14D64F1D6F74}.Release|x64.ActiveCfg = Release|Any CPU
		{08760A51-2274-40B7-9BC5-14D64F1D6F74}.Release|x86.ActiveCfg = Release|Any CPU
		{462E8EB6-0632-4E41-B8A6-122D58385079}.Debug|Any CPU.ActiveCfg = Debug|Any CPU
		{462E8EB6-0632-4E41-B8A6-122D58385079}.Debug|Any CPU.Build.0 = Debug|Any CPU
		{462E8EB6-0632-4E41-B8A6-122D58385079}.Debug|Mixed Platforms.ActiveCfg = Debug|Any CPU
		{462E8EB6-0632-4E41-B8A6-122D58385079}.Debug|Mixed Platforms.Build.0 = Debug|Any CPU
		{462E8EB6-0632-4E41-B8A6-122D58385079}.Debug|x64.ActiveCfg = Debug|Any CPU
		{462E8EB6-0632-4E41-B8A6-122D58385079}.Debug|x86.ActiveCfg = Debug|Any CPU
		{462E8EB6-0632-4E41-B8A6-122D58385079}.Release|Any CPU.ActiveCfg = Release|Any CPU
		{462E8EB6-0632-4E41-B8A6-122D58385079}.Release|Any CPU.Build.0 = Release|Any CPU
		{462E8EB6-0632-4E41-B8A6-122D58385079}.Release|Mixed Platforms.ActiveCfg = Release|Any CPU
		{462E8EB6-0632-4E41-B8A6-122D58385079}.Release|Mixed Platforms.Build.0 = Release|Any CPU
		{462E8EB6-0632-4E41-B8A6-122D58385079}.Release|x64.ActiveCfg = Release|Any CPU
		{462E8EB6-0632-4E41-B8A6-122D58385079}.Release|x86.ActiveCfg = Release|Any CPU
		{450C8B9B-7624-48C0-AF98-A87AB3D2B93A}.Debug|Any CPU.ActiveCfg = Debug|Any CPU
		{450C8B9B-7624-48C0-AF98-A87AB3D2B93A}.Debug|Any CPU.Build.0 = Debug|Any CPU
		{450C8B9B-7624-48C0-AF98-A87AB3D2B93A}.Debug|Mixed Platforms.ActiveCfg = Debug|Any CPU
		{450C8B9B-7624-48C0-AF98-A87AB3D2B93A}.Debug|Mixed Platforms.Build.0 = Debug|Any CPU
		{450C8B9B-7624-48C0-AF98-A87AB3D2B93A}.Debug|x64.ActiveCfg = Debug|Any CPU
		{450C8B9B-7624-48C0-AF98-A87AB3D2B93A}.Debug|x86.ActiveCfg = Debug|Any CPU
		{450C8B9B-7624-48C0-AF98-A87AB3D2B93A}.Release|Any CPU.ActiveCfg = Release|Any CPU
		{450C8B9B-7624-48C0-AF98-A87AB3D2B93A}.Release|Any CPU.Build.0 = Release|Any CPU
		{450C8B9B-7624-48C0-AF98-A87AB3D2B93A}.Release|Mixed Platforms.ActiveCfg = Release|Any CPU
		{450C8B9B-7624-48C0-AF98-A87AB3D2B93A}.Release|Mixed Platforms.Build.0 = Release|Any CPU
		{450C8B9B-7624-48C0-AF98-A87AB3D2B93A}.Release|x64.ActiveCfg = Release|Any CPU
		{450C8B9B-7624-48C0-AF98-A87AB3D2B93A}.Release|x86.ActiveCfg = Release|Any CPU
		{951D1C68-8B1F-4FD4-AD57-EC937BD62DDD}.Debug|Any CPU.ActiveCfg = Debug|Any CPU
		{951D1C68-8B1F-4FD4-AD57-EC937BD62DDD}.Debug|Any CPU.Build.0 = Debug|Any CPU
		{951D1C68-8B1F-4FD4-AD57-EC937BD62DDD}.Debug|Mixed Platforms.ActiveCfg = Debug|Any CPU
		{951D1C68-8B1F-4FD4-AD57-EC937BD62DDD}.Debug|Mixed Platforms.Build.0 = Debug|Any CPU
		{951D1C68-8B1F-4FD4-AD57-EC937BD62DDD}.Debug|x64.ActiveCfg = Debug|Any CPU
		{951D1C68-8B1F-4FD4-AD57-EC937BD62DDD}.Debug|x86.ActiveCfg = Debug|Any CPU
		{951D1C68-8B1F-4FD4-AD57-EC937BD62DDD}.Release|Any CPU.ActiveCfg = Release|Any CPU
		{951D1C68-8B1F-4FD4-AD57-EC937BD62DDD}.Release|Any CPU.Build.0 = Release|Any CPU
		{951D1C68-8B1F-4FD4-AD57-EC937BD62DDD}.Release|Mixed Platforms.ActiveCfg = Release|Any CPU
		{951D1C68-8B1F-4FD4-AD57-EC937BD62DDD}.Release|Mixed Platforms.Build.0 = Release|Any CPU
		{951D1C68-8B1F-4FD4-AD57-EC937BD62DDD}.Release|x64.ActiveCfg = Release|Any CPU
		{951D1C68-8B1F-4FD4-AD57-EC937BD62DDD}.Release|x86.ActiveCfg = Release|Any CPU
		{BE4C3AD0-8DA2-4246-8C63-EEEB7DC197BE}.Debug|Any CPU.ActiveCfg = Debug|x86
		{BE4C3AD0-8DA2-4246-8C63-EEEB7DC197BE}.Debug|Mixed Platforms.ActiveCfg = Debug|x64
		{BE4C3AD0-8DA2-4246-8C63-EEEB7DC197BE}.Debug|Mixed Platforms.Build.0 = Debug|x64
		{BE4C3AD0-8DA2-4246-8C63-EEEB7DC197BE}.Debug|x64.ActiveCfg = Debug|x64
		{BE4C3AD0-8DA2-4246-8C63-EEEB7DC197BE}.Debug|x64.Build.0 = Debug|x64
		{BE4C3AD0-8DA2-4246-8C63-EEEB7DC197BE}.Debug|x86.ActiveCfg = Debug|x86
		{BE4C3AD0-8DA2-4246-8C63-EEEB7DC197BE}.Debug|x86.Build.0 = Debug|x86
		{BE4C3AD0-8DA2-4246-8C63-EEEB7DC197BE}.Release|Any CPU.ActiveCfg = Release|x86
		{BE4C3AD0-8DA2-4246-8C63-EEEB7DC197BE}.Release|Mixed Platforms.ActiveCfg = Release|x86
		{BE4C3AD0-8DA2-4246-8C63-EEEB7DC197BE}.Release|Mixed Platforms.Build.0 = Release|x86
		{BE4C3AD0-8DA2-4246-8C63-EEEB7DC197BE}.Release|x64.ActiveCfg = Release|x64
		{BE4C3AD0-8DA2-4246-8C63-EEEB7DC197BE}.Release|x64.Build.0 = Release|x64
		{BE4C3AD0-8DA2-4246-8C63-EEEB7DC197BE}.Release|x86.ActiveCfg = Release|x86
		{BE4C3AD0-8DA2-4246-8C63-EEEB7DC197BE}.Release|x86.Build.0 = Release|x86
		{AFBB8C1D-75FC-4895-B512-9CD919622F4C}.Debug|Any CPU.ActiveCfg = Debug|Any CPU
		{AFBB8C1D-75FC-4895-B512-9CD919622F4C}.Debug|Any CPU.Build.0 = Debug|Any CPU
		{AFBB8C1D-75FC-4895-B512-9CD919622F4C}.Debug|Mixed Platforms.ActiveCfg = Debug|Any CPU
		{AFBB8C1D-75FC-4895-B512-9CD919622F4C}.Debug|Mixed Platforms.Build.0 = Debug|Any CPU
		{AFBB8C1D-75FC-4895-B512-9CD919622F4C}.Debug|x64.ActiveCfg = Debug|Any CPU
		{AFBB8C1D-75FC-4895-B512-9CD919622F4C}.Debug|x64.Build.0 = Debug|Any CPU
		{AFBB8C1D-75FC-4895-B512-9CD919622F4C}.Debug|x86.ActiveCfg = Debug|Any CPU
		{AFBB8C1D-75FC-4895-B512-9CD919622F4C}.Debug|x86.Build.0 = Debug|Any CPU
		{AFBB8C1D-75FC-4895-B512-9CD919622F4C}.Release|Any CPU.ActiveCfg = Release|Any CPU
		{AFBB8C1D-75FC-4895-B512-9CD919622F4C}.Release|Any CPU.Build.0 = Release|Any CPU
		{AFBB8C1D-75FC-4895-B512-9CD919622F4C}.Release|Mixed Platforms.ActiveCfg = Release|Any CPU
		{AFBB8C1D-75FC-4895-B512-9CD919622F4C}.Release|Mixed Platforms.Build.0 = Release|Any CPU
		{AFBB8C1D-75FC-4895-B512-9CD919622F4C}.Release|x64.ActiveCfg = Release|Any CPU
		{AFBB8C1D-75FC-4895-B512-9CD919622F4C}.Release|x64.Build.0 = Release|Any CPU
		{AFBB8C1D-75FC-4895-B512-9CD919622F4C}.Release|x86.ActiveCfg = Release|Any CPU
		{AFBB8C1D-75FC-4895-B512-9CD919622F4C}.Release|x86.Build.0 = Release|Any CPU
		{33E117FA-BD8E-4745-B865-43D5ED3BA270}.Debug|Any CPU.ActiveCfg = Debug|Any CPU
		{33E117FA-BD8E-4745-B865-43D5ED3BA270}.Debug|Any CPU.Build.0 = Debug|Any CPU
		{33E117FA-BD8E-4745-B865-43D5ED3BA270}.Debug|Mixed Platforms.ActiveCfg = Debug|Any CPU
		{33E117FA-BD8E-4745-B865-43D5ED3BA270}.Debug|Mixed Platforms.Build.0 = Debug|Any CPU
		{33E117FA-BD8E-4745-B865-43D5ED3BA270}.Debug|x64.ActiveCfg = Debug|Any CPU
		{33E117FA-BD8E-4745-B865-43D5ED3BA270}.Debug|x64.Build.0 = Debug|Any CPU
		{33E117FA-BD8E-4745-B865-43D5ED3BA270}.Debug|x86.ActiveCfg = Debug|Any CPU
		{33E117FA-BD8E-4745-B865-43D5ED3BA270}.Debug|x86.Build.0 = Debug|Any CPU
		{33E117FA-BD8E-4745-B865-43D5ED3BA270}.Release|Any CPU.ActiveCfg = Release|Any CPU
		{33E117FA-BD8E-4745-B865-43D5ED3BA270}.Release|Any CPU.Build.0 = Release|Any CPU
		{33E117FA-BD8E-4745-B865-43D5ED3BA270}.Release|Mixed Platforms.ActiveCfg = Release|Any CPU
		{33E117FA-BD8E-4745-B865-43D5ED3BA270}.Release|Mixed Platforms.Build.0 = Release|Any CPU
		{33E117FA-BD8E-4745-B865-43D5ED3BA270}.Release|x64.ActiveCfg = Release|Any CPU
		{33E117FA-BD8E-4745-B865-43D5ED3BA270}.Release|x64.Build.0 = Release|Any CPU
		{33E117FA-BD8E-4745-B865-43D5ED3BA270}.Release|x86.ActiveCfg = Release|Any CPU
		{33E117FA-BD8E-4745-B865-43D5ED3BA270}.Release|x86.Build.0 = Release|Any CPU
		{4493C37D-2AAC-4AF9-AC8A-91432A2A4E0C}.Debug|Any CPU.ActiveCfg = Debug|Any CPU
		{4493C37D-2AAC-4AF9-AC8A-91432A2A4E0C}.Debug|Any CPU.Build.0 = Debug|Any CPU
		{4493C37D-2AAC-4AF9-AC8A-91432A2A4E0C}.Debug|Mixed Platforms.ActiveCfg = Debug|Any CPU
		{4493C37D-2AAC-4AF9-AC8A-91432A2A4E0C}.Debug|Mixed Platforms.Build.0 = Debug|Any CPU
		{4493C37D-2AAC-4AF9-AC8A-91432A2A4E0C}.Debug|x64.ActiveCfg = Debug|Any CPU
		{4493C37D-2AAC-4AF9-AC8A-91432A2A4E0C}.Debug|x64.Build.0 = Debug|Any CPU
		{4493C37D-2AAC-4AF9-AC8A-91432A2A4E0C}.Debug|x86.ActiveCfg = Debug|Any CPU
		{4493C37D-2AAC-4AF9-AC8A-91432A2A4E0C}.Debug|x86.Build.0 = Debug|Any CPU
		{4493C37D-2AAC-4AF9-AC8A-91432A2A4E0C}.Release|Any CPU.ActiveCfg = Release|Any CPU
		{4493C37D-2AAC-4AF9-AC8A-91432A2A4E0C}.Release|Any CPU.Build.0 = Release|Any CPU
		{4493C37D-2AAC-4AF9-AC8A-91432A2A4E0C}.Release|Mixed Platforms.ActiveCfg = Release|Any CPU
		{4493C37D-2AAC-4AF9-AC8A-91432A2A4E0C}.Release|Mixed Platforms.Build.0 = Release|Any CPU
		{4493C37D-2AAC-4AF9-AC8A-91432A2A4E0C}.Release|x64.ActiveCfg = Release|Any CPU
		{4493C37D-2AAC-4AF9-AC8A-91432A2A4E0C}.Release|x64.Build.0 = Release|Any CPU
		{4493C37D-2AAC-4AF9-AC8A-91432A2A4E0C}.Release|x86.ActiveCfg = Release|Any CPU
		{4493C37D-2AAC-4AF9-AC8A-91432A2A4E0C}.Release|x86.Build.0 = Release|Any CPU
		{68392D9D-4588-49DD-A3E1-048FA87FF12E}.Debug|Any CPU.ActiveCfg = Debug|Any CPU
		{68392D9D-4588-49DD-A3E1-048FA87FF12E}.Debug|Any CPU.Build.0 = Debug|Any CPU
		{68392D9D-4588-49DD-A3E1-048FA87FF12E}.Debug|Mixed Platforms.ActiveCfg = Debug|Any CPU
		{68392D9D-4588-49DD-A3E1-048FA87FF12E}.Debug|Mixed Platforms.Build.0 = Debug|Any CPU
		{68392D9D-4588-49DD-A3E1-048FA87FF12E}.Debug|x64.ActiveCfg = Debug|Any CPU
		{68392D9D-4588-49DD-A3E1-048FA87FF12E}.Debug|x64.Build.0 = Debug|Any CPU
		{68392D9D-4588-49DD-A3E1-048FA87FF12E}.Debug|x86.ActiveCfg = Debug|Any CPU
		{68392D9D-4588-49DD-A3E1-048FA87FF12E}.Debug|x86.Build.0 = Debug|Any CPU
		{68392D9D-4588-49DD-A3E1-048FA87FF12E}.Release|Any CPU.ActiveCfg = Release|Any CPU
		{68392D9D-4588-49DD-A3E1-048FA87FF12E}.Release|Any CPU.Build.0 = Release|Any CPU
		{68392D9D-4588-49DD-A3E1-048FA87FF12E}.Release|Mixed Platforms.ActiveCfg = Release|Any CPU
		{68392D9D-4588-49DD-A3E1-048FA87FF12E}.Release|Mixed Platforms.Build.0 = Release|Any CPU
		{68392D9D-4588-49DD-A3E1-048FA87FF12E}.Release|x64.ActiveCfg = Release|Any CPU
		{68392D9D-4588-49DD-A3E1-048FA87FF12E}.Release|x64.Build.0 = Release|Any CPU
		{68392D9D-4588-49DD-A3E1-048FA87FF12E}.Release|x86.ActiveCfg = Release|Any CPU
		{68392D9D-4588-49DD-A3E1-048FA87FF12E}.Release|x86.Build.0 = Release|Any CPU
		{9784601E-F1D9-4B03-B964-C82748D808DD}.Debug|Any CPU.ActiveCfg = Debug|Any CPU
		{9784601E-F1D9-4B03-B964-C82748D808DD}.Debug|Any CPU.Build.0 = Debug|Any CPU
		{9784601E-F1D9-4B03-B964-C82748D808DD}.Debug|Mixed Platforms.ActiveCfg = Debug|Any CPU
		{9784601E-F1D9-4B03-B964-C82748D808DD}.Debug|Mixed Platforms.Build.0 = Debug|Any CPU
		{9784601E-F1D9-4B03-B964-C82748D808DD}.Debug|x64.ActiveCfg = Debug|Any CPU
		{9784601E-F1D9-4B03-B964-C82748D808DD}.Debug|x64.Build.0 = Debug|Any CPU
		{9784601E-F1D9-4B03-B964-C82748D808DD}.Debug|x86.ActiveCfg = Debug|Any CPU
		{9784601E-F1D9-4B03-B964-C82748D808DD}.Debug|x86.Build.0 = Debug|Any CPU
		{9784601E-F1D9-4B03-B964-C82748D808DD}.Release|Any CPU.ActiveCfg = Release|Any CPU
		{9784601E-F1D9-4B03-B964-C82748D808DD}.Release|Any CPU.Build.0 = Release|Any CPU
		{9784601E-F1D9-4B03-B964-C82748D808DD}.Release|Mixed Platforms.ActiveCfg = Release|Any CPU
		{9784601E-F1D9-4B03-B964-C82748D808DD}.Release|Mixed Platforms.Build.0 = Release|Any CPU
		{9784601E-F1D9-4B03-B964-C82748D808DD}.Release|x64.ActiveCfg = Release|Any CPU
		{9784601E-F1D9-4B03-B964-C82748D808DD}.Release|x64.Build.0 = Release|Any CPU
		{9784601E-F1D9-4B03-B964-C82748D808DD}.Release|x86.ActiveCfg = Release|Any CPU
		{9784601E-F1D9-4B03-B964-C82748D808DD}.Release|x86.Build.0 = Release|Any CPU
		{7C75E1F1-30BC-47E0-A065-CC74DEE85ED4}.Debug|Any CPU.ActiveCfg = Debug|Any CPU
		{7C75E1F1-30BC-47E0-A065-CC74DEE85ED4}.Debug|Any CPU.Build.0 = Debug|Any CPU
		{7C75E1F1-30BC-47E0-A065-CC74DEE85ED4}.Debug|Mixed Platforms.ActiveCfg = Debug|Any CPU
		{7C75E1F1-30BC-47E0-A065-CC74DEE85ED4}.Debug|Mixed Platforms.Build.0 = Debug|Any CPU
		{7C75E1F1-30BC-47E0-A065-CC74DEE85ED4}.Debug|x64.ActiveCfg = Debug|Any CPU
		{7C75E1F1-30BC-47E0-A065-CC74DEE85ED4}.Debug|x64.Build.0 = Debug|Any CPU
		{7C75E1F1-30BC-47E0-A065-CC74DEE85ED4}.Debug|x86.ActiveCfg = Debug|Any CPU
		{7C75E1F1-30BC-47E0-A065-CC74DEE85ED4}.Debug|x86.Build.0 = Debug|Any CPU
		{7C75E1F1-30BC-47E0-A065-CC74DEE85ED4}.Release|Any CPU.ActiveCfg = Release|Any CPU
		{7C75E1F1-30BC-47E0-A065-CC74DEE85ED4}.Release|Any CPU.Build.0 = Release|Any CPU
		{7C75E1F1-30BC-47E0-A065-CC74DEE85ED4}.Release|Mixed Platforms.ActiveCfg = Release|Any CPU
		{7C75E1F1-30BC-47E0-A065-CC74DEE85ED4}.Release|Mixed Platforms.Build.0 = Release|Any CPU
		{7C75E1F1-30BC-47E0-A065-CC74DEE85ED4}.Release|x64.ActiveCfg = Release|Any CPU
		{7C75E1F1-30BC-47E0-A065-CC74DEE85ED4}.Release|x64.Build.0 = Release|Any CPU
		{7C75E1F1-30BC-47E0-A065-CC74DEE85ED4}.Release|x86.ActiveCfg = Release|Any CPU
		{7C75E1F1-30BC-47E0-A065-CC74DEE85ED4}.Release|x86.Build.0 = Release|Any CPU
		{52012D86-FD2A-4E13-BB4E-7D72E29322B3}.Debug|Any CPU.ActiveCfg = Debug|Any CPU
		{52012D86-FD2A-4E13-BB4E-7D72E29322B3}.Debug|Any CPU.Build.0 = Debug|Any CPU
		{52012D86-FD2A-4E13-BB4E-7D72E29322B3}.Debug|Mixed Platforms.ActiveCfg = Debug|Any CPU
		{52012D86-FD2A-4E13-BB4E-7D72E29322B3}.Debug|Mixed Platforms.Build.0 = Debug|Any CPU
		{52012D86-FD2A-4E13-BB4E-7D72E29322B3}.Debug|x64.ActiveCfg = Debug|Any CPU
		{52012D86-FD2A-4E13-BB4E-7D72E29322B3}.Debug|x64.Build.0 = Debug|Any CPU
		{52012D86-FD2A-4E13-BB4E-7D72E29322B3}.Debug|x86.ActiveCfg = Debug|Any CPU
		{52012D86-FD2A-4E13-BB4E-7D72E29322B3}.Debug|x86.Build.0 = Debug|Any CPU
		{52012D86-FD2A-4E13-BB4E-7D72E29322B3}.Release|Any CPU.ActiveCfg = Release|Any CPU
		{52012D86-FD2A-4E13-BB4E-7D72E29322B3}.Release|Any CPU.Build.0 = Release|Any CPU
		{52012D86-FD2A-4E13-BB4E-7D72E29322B3}.Release|Mixed Platforms.ActiveCfg = Release|Any CPU
		{52012D86-FD2A-4E13-BB4E-7D72E29322B3}.Release|Mixed Platforms.Build.0 = Release|Any CPU
		{52012D86-FD2A-4E13-BB4E-7D72E29322B3}.Release|x64.ActiveCfg = Release|Any CPU
		{52012D86-FD2A-4E13-BB4E-7D72E29322B3}.Release|x64.Build.0 = Release|Any CPU
		{52012D86-FD2A-4E13-BB4E-7D72E29322B3}.Release|x86.ActiveCfg = Release|Any CPU
		{52012D86-FD2A-4E13-BB4E-7D72E29322B3}.Release|x86.Build.0 = Release|Any CPU
	EndGlobalSection
	GlobalSection(SolutionProperties) = preSolution
		HideSolutionNode = FALSE
	EndGlobalSection
	GlobalSection(NestedProjects) = preSolution
		{08760A51-2274-40B7-9BC5-14D64F1D6F74} = {06D431A1-1911-40C6-92B9-FC31E5904F1E}
		{462E8EB6-0632-4E41-B8A6-122D58385079} = {06D431A1-1911-40C6-92B9-FC31E5904F1E}
		{450C8B9B-7624-48C0-AF98-A87AB3D2B93A} = {06D431A1-1911-40C6-92B9-FC31E5904F1E}
		{951D1C68-8B1F-4FD4-AD57-EC937BD62DDD} = {06D431A1-1911-40C6-92B9-FC31E5904F1E}
		{9784601E-F1D9-4B03-B964-C82748D808DD} = {7B803676-7056-4B00-9B88-CBBA257254DA}
		{7C75E1F1-30BC-47E0-A065-CC74DEE85ED4} = {FEA1BBB7-AFC4-4C5D-9230-77C9143A265A}
		{52012D86-FD2A-4E13-BB4E-7D72E29322B3} = {AAEC1E77-3D0A-46A4-9AF9-32A5193D4BC4}
	EndGlobalSection
	GlobalSection(ExtensibilityGlobals) = postSolution
		SolutionGuid = {C7328A3D-2FB2-48C0-AF00-7A643292AE0C}
	EndGlobalSection
	GlobalSection(TeamFoundationVersionControl) = preSolution
		SccNumberOfProjects = 14
		SccEnterpriseProvider = {4CA58AB2-18FA-4F8D-95D4-32DDF27D184C}
		SccTeamFoundationServer = https://grupolinx.visualstudio.com/
		SccLocalPath0 = .
		SccProjectUniqueName1 = Linx.Internet.Application\\Linx.Internet.Application.csproj
		SccProjectName1 = Linx.Internet.Application
		SccLocalPath1 = Linx.Internet.Application
		SccProjectUniqueName2 = Linx.Internet.Application.Extension\\Linx.Internet.Application.Extension.csproj
		SccProjectTopLevelParentUniqueName2 = Linx.Internet.Application.sln
		SccProjectName2 = Linx.Internet.Application.Extension
		SccLocalPath2 = Linx.Internet.Application.Extension
		SccProjectUniqueName3 = Linx.Internet.Application.Framework.Contracts\\Linx.Internet.Application.Framework.Contracts.csproj
		SccProjectTopLevelParentUniqueName3 = Linx.Internet.Application.sln
		SccProjectName3 = Linx.Internet.Application.Framework.Contracts
		SccLocalPath3 = Linx.Internet.Application.Framework.Contracts
		SccProjectUniqueName4 = Linx.Internet.Application.Framework\\Linx.Internet.Application.Framework.csproj
		SccProjectTopLevelParentUniqueName4 = Linx.Internet.Application.sln
		SccProjectName4 = Linx.Internet.Application.Framework
		SccLocalPath4 = Linx.Internet.Application.Framework
		SccProjectUniqueName5 = Linx.Internet.Application.Common\\Linx.Internet.Application.Common.csproj
		SccProjectTopLevelParentUniqueName5 = Linx.Internet.Application.sln
		SccProjectName5 = Linx.Internet.Application.Common
		SccLocalPath5 = Linx.Internet.Application.Common
		SccProjectUniqueName6 = Linx.Internet.Application.WinHost\\Linx.Internet.Application.WinHost.csproj
		SccProjectName6 = Linx.Internet.Application.WinHost
		SccLocalPath6 = Linx.Internet.Application.WinHost
		SccProjectUniqueName7 = Linx.Internet.Application.Service\\Linx.Internet.Application.Service.csproj
		SccProjectName7 = Linx.Internet.Application.Service
		SccLocalPath7 = Linx.Internet.Application.Service
		SccProjectUniqueName8 = ..\\..\\Business\\Linx.Framework.BV\\Linx.Framework.BV.WebAPI.DS\\Linx.Framework.BV.WebAPI.DS.csproj
		SccProjectName8 = ../../Business/Linx.Framework.BV/Linx.Framework.BV.WebAPI.DS
		SccLocalPath8 = ..\\..\\Business\\Linx.Framework.BV\\Linx.Framework.BV.WebAPI.DS
		SccProjectUniqueName9 = ..\\..\\Business\\Linx.Framework.BV\\Linx.Framework.BV.Implementations\\Linx.Framework.BV.Implementations.csproj
		SccProjectName9 = ../../Business/Linx.Framework.BV/Linx.Framework.BV.Implementations
		SccLocalPath9 = ..\\..\\Business\\Linx.Framework.BV\\Linx.Framework.BV.Implementations
		SccProjectUniqueName10 = ..\\..\\BM\\Linx.Framework.Autorizacao.BM\\Linx.Framework.Autorizacao.BM\\Linx.Framework.Autorizacao.BM.csproj
		SccProjectName10 = ../../BM/Linx.Framework.Autorizacao.BM/Linx.Framework.Autorizacao.BM
		SccLocalPath10 = ..\\..\\BM\\Linx.Framework.Autorizacao.BM\\Linx.Framework.Autorizacao.BM
		SccProjectUniqueName11 = ..\\..\\Business\\Linx.Framework.BV\\Linx.Framework.BV\\Linx.Framework.BV.csproj
		SccProjectTopLevelParentUniqueName11 = Linx.Internet.Application.sln
		SccProjectName11 = ../../Business/Linx.Framework.BV/Linx.Framework.BV
		SccLocalPath11 = ..\\..\\Business\\Linx.Framework.BV\\Linx.Framework.BV
		SccProjectUniqueName12 = ..\\..\\Business\\Linx.Framework.BV\\Linx.Framework.BV.Reports\\Linx.Framework.BV.Reports.csproj
		SccProjectTopLevelParentUniqueName12 = Linx.Internet.Application.sln
		SccProjectName12 = ../../Business/Linx.Framework.BV/Linx.Framework.BV.Reports
		SccLocalPath12 = ..\\..\\Business\\Linx.Framework.BV\\Linx.Framework.BV.Reports
		SccProjectUniqueName13 = Linx.Framework.BV.SPA\\Linx.Framework.BV.SPA.csproj
		SccProjectTopLevelParentUniqueName13 = Linx.Internet.Application.sln
		SccProjectName13 = Linx.Framework.BV.SPA
		SccLocalPath13 = Linx.Framework.BV.SPA
	EndGlobalSection
EndGlobal
