
Microsoft Visual Studio Solution File, Format Version 12.00
# Visual Studio 15
VisualStudioVersion = 15.0.27130.2036
MinimumVisualStudioVersion = 10.0.40219.1
Project("{FAE04EC0-301F-11D3-BF4B-00C04F79EFBC}") = "Dsl", "Dsl\Dsl.csproj", "{B1EF900B-B35C-4531-A01D-211114C28C07}"
EndProject
Project("{FAE04EC0-301F-11D3-BF4B-00C04F79EFBC}") = "DslPackage", "DslPackage\DslPackage.csproj", "{565E12F6-5858-460B-97BF-FF571E0056E4}"
EndProject
Project("{FAE04EC0-301F-11D3-BF4B-00C04F79EFBC}") = "Linx.Builder.Resources", "..\..\Common\Linx.Builder.Resources\Linx.Builder.Resources.csproj", "{752E749B-7C8A-4CFC-89F5-474539D6D92B}"
EndProject
Project("{FAE04EC0-301F-11D3-BF4B-00C04F79EFBC}") = "Linx.Desktop.Tools", "..\..\Common\Linx.Tools.Library\Desktop\Linx.Desktop.Tools\Linx.Desktop.Tools.csproj", "{BD773ED7-9B40-43CA-9B86-10336E1F58D0}"
EndProject
Project("{FAE04EC0-301F-11D3-BF4B-00C04F79EFBC}") = "Linx.SourceControl", "..\..\Common\Linx.SourceControl\Linx.SourceControl\Linx.SourceControl.csproj", "{6141649D-C1E6-413B-A141-C86A25F72572}"
EndProject
Global
	GlobalSection(SolutionConfigurationPlatforms) = preSolution
		Debug|Any CPU = Debug|Any CPU
		Release|Any CPU = Release|Any CPU
	EndGlobalSection
	GlobalSection(ProjectConfigurationPlatforms) = postSolution
		{B1EF900B-B35C-4531-A01D-211114C28C07}.Debug|Any CPU.ActiveCfg = Debug|Any CPU
		{B1EF900B-B35C-4531-A01D-211114C28C07}.Debug|Any CPU.Build.0 = Debug|Any CPU
		{B1EF900B-B35C-4531-A01D-211114C28C07}.Release|Any CPU.ActiveCfg = Release|Any CPU
		{B1EF900B-B35C-4531-A01D-211114C28C07}.Release|Any CPU.Build.0 = Release|Any CPU
		{565E12F6-5858-460B-97BF-FF571E0056E4}.Debug|Any CPU.ActiveCfg = Debug|Any CPU
		{565E12F6-5858-460B-97BF-FF571E0056E4}.Debug|Any CPU.Build.0 = Debug|Any CPU
		{565E12F6-5858-460B-97BF-FF571E0056E4}.Release|Any CPU.ActiveCfg = Release|Any CPU
		{565E12F6-5858-460B-97BF-FF571E0056E4}.Release|Any CPU.Build.0 = Release|Any CPU
		{752E749B-7C8A-4CFC-89F5-474539D6D92B}.Debug|Any CPU.ActiveCfg = Debug|Any CPU
		{752E749B-7C8A-4CFC-89F5-474539D6D92B}.Debug|Any CPU.Build.0 = Debug|Any CPU
		{752E749B-7C8A-4CFC-89F5-474539D6D92B}.Release|Any CPU.ActiveCfg = Release|Any CPU
		{752E749B-7C8A-4CFC-89F5-474539D6D92B}.Release|Any CPU.Build.0 = Release|Any CPU
		{BD773ED7-9B40-43CA-9B86-10336E1F58D0}.Debug|Any CPU.ActiveCfg = Debug|Any CPU
		{BD773ED7-9B40-43CA-9B86-10336E1F58D0}.Debug|Any CPU.Build.0 = Debug|Any CPU
		{BD773ED7-9B40-43CA-9B86-10336E1F58D0}.Release|Any CPU.ActiveCfg = Release|Any CPU
		{BD773ED7-9B40-43CA-9B86-10336E1F58D0}.Release|Any CPU.Build.0 = Release|Any CPU
		{6141649D-C1E6-413B-A141-C86A25F72572}.Debug|Any CPU.ActiveCfg = Debug|Any CPU
		{6141649D-C1E6-413B-A141-C86A25F72572}.Debug|Any CPU.Build.0 = Debug|Any CPU
		{6141649D-C1E6-413B-A141-C86A25F72572}.Release|Any CPU.ActiveCfg = Release|Any CPU
		{6141649D-C1E6-413B-A141-C86A25F72572}.Release|Any CPU.Build.0 = Release|Any CPU
	EndGlobalSection
	GlobalSection(SolutionProperties) = preSolution
		HideSolutionNode = FALSE
	EndGlobalSection
	GlobalSection(ExtensibilityGlobals) = postSolution
		SolutionGuid = {5FF6AD44-27F7-4BA9-8B8C-D3081BAC288C}
	EndGlobalSection
	GlobalSection(TeamFoundationVersionControl) = preSolution
		SccNumberOfProjects = 6
		SccEnterpriseProvider = {4CA58AB2-18FA-4F8D-95D4-32DDF27D184C}
		SccTeamFoundationServer = https://grupolinx.visualstudio.com/
		SccLocalPath0 = .
		SccProjectUniqueName1 = Dsl\\Dsl.csproj
		SccProjectName1 = Dsl
		SccLocalPath1 = Dsl
		SccProjectUniqueName2 = DslPackage\\DslPackage.csproj
		SccProjectName2 = DslPackage
		SccLocalPath2 = DslPackage
		SccProjectUniqueName3 = ..\\..\\Common\\Linx.Builder.Resources\\Linx.Builder.Resources.csproj
		SccProjectName3 = ../../Common/Linx.Builder.Resources
		SccLocalPath3 = ..\\..\\Common\\Linx.Builder.Resources
		SccProjectUniqueName4 = ..\\..\\Common\\Linx.Tools.Library\\Desktop\\Linx.Desktop.Tools\\Linx.Desktop.Tools.csproj
		SccProjectName4 = ../../Common/Linx.Tools.Library/Desktop/Linx.Desktop.Tools
		SccLocalPath4 = ..\\..\\Common\\Linx.Tools.Library\\Desktop\\Linx.Desktop.Tools
		SccProjectUniqueName5 = ..\\..\\Common\\Linx.SourceControl\\Linx.SourceControl\\Linx.SourceControl.csproj
		SccProjectName5 = ../../Common/Linx.SourceControl/Linx.SourceControl
		SccLocalPath5 = ..\\..\\Common\\Linx.SourceControl\\Linx.SourceControl
	EndGlobalSection
EndGlobal
