
Microsoft Visual Studio Solution File, Format Version 12.00
# Visual Studio 2012
Project("{FAE04EC0-301F-11D3-BF4B-00C04F79EFBC}") = "Linx.ImageService.Web", "Linx.ImageService.Web\Linx.ImageService.Web.csproj", "{1F912BBC-A9D1-4484-82AD-C35B178D548A}"
EndProject
Global
	GlobalSection(TeamFoundationVersionControl) = preSolution
		SccNumberOfProjects = 2
		SccEnterpriseProvider = {4CA58AB2-18FA-4F8D-95D4-32DDF27D184C}
		SccTeamFoundationServer = http://tfs.linx-inves.com.br:8080/tfs/linxcollection
		SccLocalPath0 = .
		SccProjectUniqueName1 = Linx.ImageService.Web\\Linx.ImageService.Web.csproj
		SccProjectName1 = Linx.ImageService.Web
		SccLocalPath1 = Linx.ImageService.Web
	EndGlobalSection
	GlobalSection(SolutionConfigurationPlatforms) = preSolution
		Debug|Any CPU = Debug|Any CPU
		Release|Any CPU = Release|Any CPU
	EndGlobalSection
	GlobalSection(ProjectConfigurationPlatforms) = postSolution
		{1F912BBC-A9D1-4484-82AD-C35B178D548A}.Debug|Any CPU.ActiveCfg = Debug|Any CPU
		{1F912BBC-A9D1-4484-82AD-C35B178D548A}.Debug|Any CPU.Build.0 = Debug|Any CPU
		{1F912BBC-A9D1-4484-82AD-C35B178D548A}.Release|Any CPU.ActiveCfg = Release|Any CPU
		{1F912BBC-A9D1-4484-82AD-C35B178D548A}.Release|Any CPU.Build.0 = Release|Any CPU
	EndGlobalSection
	GlobalSection(SolutionProperties) = preSolution
		HideSolutionNode = FALSE
	EndGlobalSection
EndGlobal
