
Microsoft Visual Studio Solution File, Format Version 10.00
# Visual Studio 2008
Project("{8BC9CEB8-8B4A-11D0-8D11-00A0C91BC942}") = "Linx.License.Agent", "Linx.License.Agent\Linx.License.Agent.vcproj", "{54280BFB-9015-454A-8311-CBFF94247CFA}"
EndProject
Project("{8BC9CEB8-8B4A-11D0-8D11-00A0C91BC942}") = "License.Tester", "License.Tester\License.Tester.vcproj", "{4BCB4B60-871A-42D0-AF13-7D19E8C7A6A8}"
EndProject
Global
	GlobalSection(SolutionConfigurationPlatforms) = preSolution
		Debug|Win32 = Debug|Win32
		Release|Win32 = Release|Win32
	EndGlobalSection
	GlobalSection(ProjectConfigurationPlatforms) = postSolution
		{54280BFB-9015-454A-8311-CBFF94247CFA}.Debug|Win32.ActiveCfg = Debug|Win32
		{54280BFB-9015-454A-8311-CBFF94247CFA}.Debug|Win32.Build.0 = Debug|Win32
		{54280BFB-9015-454A-8311-CBFF94247CFA}.Release|Win32.ActiveCfg = Release|Win32
		{54280BFB-9015-454A-8311-CBFF94247CFA}.Release|Win32.Build.0 = Release|Win32
		{4BCB4B60-871A-42D0-AF13-7D19E8C7A6A8}.Debug|Win32.ActiveCfg = Debug|Win32
		{4BCB4B60-871A-42D0-AF13-7D19E8C7A6A8}.Debug|Win32.Build.0 = Debug|Win32
		{4BCB4B60-871A-42D0-AF13-7D19E8C7A6A8}.Release|Win32.ActiveCfg = Release|Win32
		{4BCB4B60-871A-42D0-AF13-7D19E8C7A6A8}.Release|Win32.Build.0 = Release|Win32
	EndGlobalSection
	GlobalSection(SolutionProperties) = preSolution
		HideSolutionNode = FALSE
	EndGlobalSection
EndGlobal
