
Microsoft Visual Studio Solution File, Format Version 12.00
# Visual Studio 2012
Project("{FAE04EC0-301F-11D3-BF4B-00C04F79EFBC}") = "Linx.ServiceBus.Starter", "Linx.ServiceBus.Starter\Linx.ServiceBus.Starter.csproj", "{D0B1F9F5-25DA-4AAC-BB0C-A57BC3E639AB}"
EndProject
Project("{2150E333-8FDC-42A3-9474-1A3956D46DE8}") = "Solution Items", "Solution Items", "{0877CF00-F4D1-461A-8BD6-5C350216B178}"
	ProjectSection(SolutionItems) = preProject
		readme.txt = readme.txt
	EndProjectSection
EndProject
Global
	GlobalSection(TeamFoundationVersionControl) = preSolution
		SccNumberOfProjects = 2
		SccEnterpriseProvider = {4CA58AB2-18FA-4F8D-95D4-32DDF27D184C}
		SccTeamFoundationServer = http://a-srv26:8080/tfs/linx
		SccLocalPath0 = .
		SccProjectUniqueName1 = Linx.ServiceBus.Starter\\Linx.ServiceBus.Starter.csproj
		SccProjectName1 = Linx.ServiceBus.Starter
		SccLocalPath1 = Linx.ServiceBus.Starter
	EndGlobalSection
	GlobalSection(SolutionConfigurationPlatforms) = preSolution
		Debug|Any CPU = Debug|Any CPU
		Release|Any CPU = Release|Any CPU
	EndGlobalSection
	GlobalSection(ProjectConfigurationPlatforms) = postSolution
		{D0B1F9F5-25DA-4AAC-BB0C-A57BC3E639AB}.Debug|Any CPU.ActiveCfg = Debug|Any CPU
		{D0B1F9F5-25DA-4AAC-BB0C-A57BC3E639AB}.Debug|Any CPU.Build.0 = Debug|Any CPU
		{D0B1F9F5-25DA-4AAC-BB0C-A57BC3E639AB}.Release|Any CPU.ActiveCfg = Release|Any CPU
		{D0B1F9F5-25DA-4AAC-BB0C-A57BC3E639AB}.Release|Any CPU.Build.0 = Release|Any CPU
	EndGlobalSection
	GlobalSection(SolutionProperties) = preSolution
		HideSolutionNode = FALSE
	EndGlobalSection
EndGlobal
