
Microsoft Visual Studio Solution File, Format Version 12.00
# Visual Studio 15
VisualStudioVersion = 15.0.26430.12
MinimumVisualStudioVersion = 10.0.40219.1
Project("{2150E333-8FDC-42A3-9474-1A3956D46DE8}") = "DSL", "DSL", "{4948E6B6-EDB1-4480-BA49-4A06D9693A1A}"
EndProject
Project("{2150E333-8FDC-42A3-9474-1A3956D46DE8}") = "Extend", "Extend", "{378406CE-B1E0-4805-9754-61DCA1DAE70B}"
EndProject
Project("{2150E333-8FDC-42A3-9474-1A3956D46DE8}") = "Editors", "Editors", "{FB9EBDA5-1C60-4AEE-9E2D-D6DB0B4DA8F0}"
EndProject
Project("{8BC9CEB8-8B4A-11D0-8D11-00A0C91BC942}") = "LinxDataModelEditor", "LinxDataModelEditor\LinxDataModelEditor\LinxDataModelEditor.vcxproj", "{8D089BBF-77B3-4AD1-88CD-DBCEEB9E7520}"
	ProjectSection(ProjectDependencies) = postProject
		{5EB55285-5818-4B8E-90FC-50812FD24A9F} = {5EB55285-5818-4B8E-90FC-50812FD24A9F}
		{D355EF8A-9EAF-49D0-80D2-0BF1A35A6368} = {D355EF8A-9EAF-49D0-80D2-0BF1A35A6368}
		{5158D2B6-BBC9-4865-ADE9-076A777E9EAB} = {5158D2B6-BBC9-4865-ADE9-076A777E9EAB}
	EndProjectSection
EndProject
Project("{8BC9CEB8-8B4A-11D0-8D11-00A0C91BC942}") = "LinxDataModelEditorUI", "LinxDataModelEditor\LinxDataModelEditorUI\LinxDataModelEditorUI.vcxproj", "{D355EF8A-9EAF-49D0-80D2-0BF1A35A6368}"
EndProject
Project("{FAE04EC0-301F-11D3-BF4B-00C04F79EFBC}") = "LinxDataModelEditor.AboutBoxPackage", "LinxDataModelEditor\LinxDataModelEditor.AboutBoxPackage\LinxDataModelEditor.AboutBoxPackage.csproj", "{5EB55285-5818-4B8E-90FC-50812FD24A9F}"
EndProject
Project("{FAE04EC0-301F-11D3-BF4B-00C04F79EFBC}") = "ShellExtensionsVSIX", "LinxDataModelEditor\ShellExtensionsVSIX\ShellExtensionsVSIX.csproj", "{5158D2B6-BBC9-4865-ADE9-076A777E9EAB}"
EndProject
Project("{FAE04EC0-301F-11D3-BF4B-00C04F79EFBC}") = "Dsl", "DSL\LinxDMD\Dsl\Dsl.csproj", "{ED26D07D-9EB3-4018-849E-2A6CBF8B8892}"
EndProject
Project("{FAE04EC0-301F-11D3-BF4B-00C04F79EFBC}") = "DslPackage", "DSL\LinxDMD\DslPackage\DslPackage.csproj", "{88D543E1-D8E2-4542-B96A-9B9F3D913B71}"
EndProject
Project("{FAE04EC0-301F-11D3-BF4B-00C04F79EFBC}") = "DataModelProject", "Extend\Samples\CSharp\DataModelProject\Src\DataModelProject.csproj", "{F4ADEBDB-CD20-4532-B4E3-FE7424F5369C}"
EndProject
Project("{6141683F-8A12-4E36-9623-2EB02B2C2303}") = "SetupDataModelEditor", "SetupDataModelEditor\SetupDataModelEditor.isproj", "{B5172BC9-5B82-45CB-8A51-A2F838C832B6}"
	ProjectSection(ProjectDependencies) = postProject
		{4FAC072C-B03D-4E77-A403-5E131EB85DC4} = {4FAC072C-B03D-4E77-A403-5E131EB85DC4}
		{9B3BC44C-C4AD-4382-8E01-6060BD05493B} = {9B3BC44C-C4AD-4382-8E01-6060BD05493B}
		{5EB55285-5818-4B8E-90FC-50812FD24A9F} = {5EB55285-5818-4B8E-90FC-50812FD24A9F}
		{D355EF8A-9EAF-49D0-80D2-0BF1A35A6368} = {D355EF8A-9EAF-49D0-80D2-0BF1A35A6368}
		{8D089BBF-77B3-4AD1-88CD-DBCEEB9E7520} = {8D089BBF-77B3-4AD1-88CD-DBCEEB9E7520}
		{F4ADEBDB-CD20-4532-B4E3-FE7424F5369C} = {F4ADEBDB-CD20-4532-B4E3-FE7424F5369C}
		{88D543E1-D8E2-4542-B96A-9B9F3D913B71} = {88D543E1-D8E2-4542-B96A-9B9F3D913B71}
	EndProjectSection
EndProject
Project("{FAE04EC0-301F-11D3-BF4B-00C04F79EFBC}") = "ModelBusAdapter", "DSL\LinxDMD\ModelBusAdapter\ModelBusAdapter.csproj", "{4FAC072C-B03D-4E77-A403-5E131EB85DC4}"
EndProject
Project("{FAE04EC0-301F-11D3-BF4B-00C04F79EFBC}") = "JsEditor", "Editors\JsEditor\JsEditor.csproj", "{9B3BC44C-C4AD-4382-8E01-6060BD05493B}"
EndProject
Global
	GlobalSection(SolutionConfigurationPlatforms) = preSolution
		CD_ROM|Any CPU = CD_ROM|Any CPU
		CD_ROM|Mixed Platforms = CD_ROM|Mixed Platforms
		CD_ROM|Win32 = CD_ROM|Win32
		Debug|Any CPU = Debug|Any CPU
		Debug|Mixed Platforms = Debug|Mixed Platforms
		Debug|Win32 = Debug|Win32
		DVD-5|Any CPU = DVD-5|Any CPU
		DVD-5|Mixed Platforms = DVD-5|Mixed Platforms
		DVD-5|Win32 = DVD-5|Win32
		Release|Any CPU = Release|Any CPU
		Release|Mixed Platforms = Release|Mixed Platforms
		Release|Win32 = Release|Win32
		SingleImage|Any CPU = SingleImage|Any CPU
		SingleImage|Mixed Platforms = SingleImage|Mixed Platforms
		SingleImage|Win32 = SingleImage|Win32
	EndGlobalSection
	GlobalSection(ProjectConfigurationPlatforms) = postSolution
		{8D089BBF-77B3-4AD1-88CD-DBCEEB9E7520}.CD_ROM|Any CPU.ActiveCfg = Release|Win32
		{8D089BBF-77B3-4AD1-88CD-DBCEEB9E7520}.CD_ROM|Mixed Platforms.ActiveCfg = Release|Win32
		{8D089BBF-77B3-4AD1-88CD-DBCEEB9E7520}.CD_ROM|Mixed Platforms.Build.0 = Release|Win32
		{8D089BBF-77B3-4AD1-88CD-DBCEEB9E7520}.CD_ROM|Win32.ActiveCfg = Release|Win32
		{8D089BBF-77B3-4AD1-88CD-DBCEEB9E7520}.CD_ROM|Win32.Build.0 = Release|Win32
		{8D089BBF-77B3-4AD1-88CD-DBCEEB9E7520}.Debug|Any CPU.ActiveCfg = Debug|Win32
		{8D089BBF-77B3-4AD1-88CD-DBCEEB9E7520}.Debug|Mixed Platforms.ActiveCfg = Debug|Win32
		{8D089BBF-77B3-4AD1-88CD-DBCEEB9E7520}.Debug|Mixed Platforms.Build.0 = Debug|Win32
		{8D089BBF-77B3-4AD1-88CD-DBCEEB9E7520}.Debug|Win32.ActiveCfg = Debug|Win32
		{8D089BBF-77B3-4AD1-88CD-DBCEEB9E7520}.Debug|Win32.Build.0 = Debug|Win32
		{8D089BBF-77B3-4AD1-88CD-DBCEEB9E7520}.DVD-5|Any CPU.ActiveCfg = Debug|Win32
		{8D089BBF-77B3-4AD1-88CD-DBCEEB9E7520}.DVD-5|Mixed Platforms.ActiveCfg = Debug|Win32
		{8D089BBF-77B3-4AD1-88CD-DBCEEB9E7520}.DVD-5|Mixed Platforms.Build.0 = Debug|Win32
		{8D089BBF-77B3-4AD1-88CD-DBCEEB9E7520}.DVD-5|Win32.ActiveCfg = Debug|Win32
		{8D089BBF-77B3-4AD1-88CD-DBCEEB9E7520}.DVD-5|Win32.Build.0 = Debug|Win32
		{8D089BBF-77B3-4AD1-88CD-DBCEEB9E7520}.Release|Any CPU.ActiveCfg = Release|Win32
		{8D089BBF-77B3-4AD1-88CD-DBCEEB9E7520}.Release|Mixed Platforms.ActiveCfg = Release|Win32
		{8D089BBF-77B3-4AD1-88CD-DBCEEB9E7520}.Release|Mixed Platforms.Build.0 = Release|Win32
		{8D089BBF-77B3-4AD1-88CD-DBCEEB9E7520}.Release|Win32.ActiveCfg = Release|Win32
		{8D089BBF-77B3-4AD1-88CD-DBCEEB9E7520}.Release|Win32.Build.0 = Release|Win32
		{8D089BBF-77B3-4AD1-88CD-DBCEEB9E7520}.SingleImage|Any CPU.ActiveCfg = Release|Win32
		{8D089BBF-77B3-4AD1-88CD-DBCEEB9E7520}.SingleImage|Mixed Platforms.ActiveCfg = Release|Win32
		{8D089BBF-77B3-4AD1-88CD-DBCEEB9E7520}.SingleImage|Mixed Platforms.Build.0 = Release|Win32
		{8D089BBF-77B3-4AD1-88CD-DBCEEB9E7520}.SingleImage|Win32.ActiveCfg = Release|Win32
		{8D089BBF-77B3-4AD1-88CD-DBCEEB9E7520}.SingleImage|Win32.Build.0 = Release|Win32
		{D355EF8A-9EAF-49D0-80D2-0BF1A35A6368}.CD_ROM|Any CPU.ActiveCfg = Release|Win32
		{D355EF8A-9EAF-49D0-80D2-0BF1A35A6368}.CD_ROM|Mixed Platforms.ActiveCfg = Release|Win32
		{D355EF8A-9EAF-49D0-80D2-0BF1A35A6368}.CD_ROM|Mixed Platforms.Build.0 = Release|Win32
		{D355EF8A-9EAF-49D0-80D2-0BF1A35A6368}.CD_ROM|Win32.ActiveCfg = Release|Win32
		{D355EF8A-9EAF-49D0-80D2-0BF1A35A6368}.CD_ROM|Win32.Build.0 = Release|Win32
		{D355EF8A-9EAF-49D0-80D2-0BF1A35A6368}.Debug|Any CPU.ActiveCfg = Debug|Win32
		{D355EF8A-9EAF-49D0-80D2-0BF1A35A6368}.Debug|Mixed Platforms.ActiveCfg = Debug|Win32
		{D355EF8A-9EAF-49D0-80D2-0BF1A35A6368}.Debug|Mixed Platforms.Build.0 = Debug|Win32
		{D355EF8A-9EAF-49D0-80D2-0BF1A35A6368}.Debug|Win32.ActiveCfg = Debug|Win32
		{D355EF8A-9EAF-49D0-80D2-0BF1A35A6368}.Debug|Win32.Build.0 = Debug|Win32
		{D355EF8A-9EAF-49D0-80D2-0BF1A35A6368}.DVD-5|Any CPU.ActiveCfg = Debug|Win32
		{D355EF8A-9EAF-49D0-80D2-0BF1A35A6368}.DVD-5|Mixed Platforms.ActiveCfg = Debug|Win32
		{D355EF8A-9EAF-49D0-80D2-0BF1A35A6368}.DVD-5|Mixed Platforms.Build.0 = Debug|Win32
		{D355EF8A-9EAF-49D0-80D2-0BF1A35A6368}.DVD-5|Win32.ActiveCfg = Debug|Win32
		{D355EF8A-9EAF-49D0-80D2-0BF1A35A6368}.DVD-5|Win32.Build.0 = Debug|Win32
		{D355EF8A-9EAF-49D0-80D2-0BF1A35A6368}.Release|Any CPU.ActiveCfg = Release|Win32
		{D355EF8A-9EAF-49D0-80D2-0BF1A35A6368}.Release|Mixed Platforms.ActiveCfg = Release|Win32
		{D355EF8A-9EAF-49D0-80D2-0BF1A35A6368}.Release|Mixed Platforms.Build.0 = Release|Win32
		{D355EF8A-9EAF-49D0-80D2-0BF1A35A6368}.Release|Win32.ActiveCfg = Release|Win32
		{D355EF8A-9EAF-49D0-80D2-0BF1A35A6368}.Release|Win32.Build.0 = Release|Win32
		{D355EF8A-9EAF-49D0-80D2-0BF1A35A6368}.SingleImage|Any CPU.ActiveCfg = Release|Win32
		{D355EF8A-9EAF-49D0-80D2-0BF1A35A6368}.SingleImage|Mixed Platforms.ActiveCfg = Release|Win32
		{D355EF8A-9EAF-49D0-80D2-0BF1A35A6368}.SingleImage|Mixed Platforms.Build.0 = Release|Win32
		{D355EF8A-9EAF-49D0-80D2-0BF1A35A6368}.SingleImage|Win32.ActiveCfg = Release|Win32
		{D355EF8A-9EAF-49D0-80D2-0BF1A35A6368}.SingleImage|Win32.Build.0 = Release|Win32
		{5EB55285-5818-4B8E-90FC-50812FD24A9F}.CD_ROM|Any CPU.ActiveCfg = Release|Any CPU
		{5EB55285-5818-4B8E-90FC-50812FD24A9F}.CD_ROM|Any CPU.Build.0 = Release|Any CPU
		{5EB55285-5818-4B8E-90FC-50812FD24A9F}.CD_ROM|Mixed Platforms.ActiveCfg = Release|Any CPU
		{5EB55285-5818-4B8E-90FC-50812FD24A9F}.CD_ROM|Mixed Platforms.Build.0 = Release|Any CPU
		{5EB55285-5818-4B8E-90FC-50812FD24A9F}.CD_ROM|Win32.ActiveCfg = Release|Any CPU
		{5EB55285-5818-4B8E-90FC-50812FD24A9F}.Debug|Any CPU.ActiveCfg = Debug|Any CPU
		{5EB55285-5818-4B8E-90FC-50812FD24A9F}.Debug|Any CPU.Build.0 = Debug|Any CPU
		{5EB55285-5818-4B8E-90FC-50812FD24A9F}.Debug|Mixed Platforms.ActiveCfg = Debug|Any CPU
		{5EB55285-5818-4B8E-90FC-50812FD24A9F}.Debug|Mixed Platforms.Build.0 = Debug|Any CPU
		{5EB55285-5818-4B8E-90FC-50812FD24A9F}.Debug|Win32.ActiveCfg = Debug|Any CPU
		{5EB55285-5818-4B8E-90FC-50812FD24A9F}.DVD-5|Any CPU.ActiveCfg = Debug|Any CPU
		{5EB55285-5818-4B8E-90FC-50812FD24A9F}.DVD-5|Any CPU.Build.0 = Debug|Any CPU
		{5EB55285-5818-4B8E-90FC-50812FD24A9F}.DVD-5|Mixed Platforms.ActiveCfg = Debug|Any CPU
		{5EB55285-5818-4B8E-90FC-50812FD24A9F}.DVD-5|Mixed Platforms.Build.0 = Debug|Any CPU
		{5EB55285-5818-4B8E-90FC-50812FD24A9F}.DVD-5|Win32.ActiveCfg = Debug|Any CPU
		{5EB55285-5818-4B8E-90FC-50812FD24A9F}.Release|Any CPU.ActiveCfg = Release|Any CPU
		{5EB55285-5818-4B8E-90FC-50812FD24A9F}.Release|Any CPU.Build.0 = Release|Any CPU
		{5EB55285-5818-4B8E-90FC-50812FD24A9F}.Release|Mixed Platforms.ActiveCfg = Release|Any CPU
		{5EB55285-5818-4B8E-90FC-50812FD24A9F}.Release|Mixed Platforms.Build.0 = Release|Any CPU
		{5EB55285-5818-4B8E-90FC-50812FD24A9F}.Release|Win32.ActiveCfg = Release|Any CPU
		{5EB55285-5818-4B8E-90FC-50812FD24A9F}.SingleImage|Any CPU.ActiveCfg = Release|Any CPU
		{5EB55285-5818-4B8E-90FC-50812FD24A9F}.SingleImage|Any CPU.Build.0 = Release|Any CPU
		{5EB55285-5818-4B8E-90FC-50812FD24A9F}.SingleImage|Mixed Platforms.ActiveCfg = Release|Any CPU
		{5EB55285-5818-4B8E-90FC-50812FD24A9F}.SingleImage|Mixed Platforms.Build.0 = Release|Any CPU
		{5EB55285-5818-4B8E-90FC-50812FD24A9F}.SingleImage|Win32.ActiveCfg = Release|Any CPU
		{5158D2B6-BBC9-4865-ADE9-076A777E9EAB}.CD_ROM|Any CPU.ActiveCfg = Release|Any CPU
		{5158D2B6-BBC9-4865-ADE9-076A777E9EAB}.CD_ROM|Any CPU.Build.0 = Release|Any CPU
		{5158D2B6-BBC9-4865-ADE9-076A777E9EAB}.CD_ROM|Mixed Platforms.ActiveCfg = Release|Any CPU
		{5158D2B6-BBC9-4865-ADE9-076A777E9EAB}.CD_ROM|Mixed Platforms.Build.0 = Release|Any CPU
		{5158D2B6-BBC9-4865-ADE9-076A777E9EAB}.CD_ROM|Win32.ActiveCfg = Release|Any CPU
		{5158D2B6-BBC9-4865-ADE9-076A777E9EAB}.Debug|Any CPU.ActiveCfg = Debug|Any CPU
		{5158D2B6-BBC9-4865-ADE9-076A777E9EAB}.Debug|Any CPU.Build.0 = Debug|Any CPU
		{5158D2B6-BBC9-4865-ADE9-076A777E9EAB}.Debug|Mixed Platforms.ActiveCfg = Debug|Any CPU
		{5158D2B6-BBC9-4865-ADE9-076A777E9EAB}.Debug|Mixed Platforms.Build.0 = Debug|Any CPU
		{5158D2B6-BBC9-4865-ADE9-076A777E9EAB}.Debug|Win32.ActiveCfg = Debug|Any CPU
		{5158D2B6-BBC9-4865-ADE9-076A777E9EAB}.DVD-5|Any CPU.ActiveCfg = Debug|Any CPU
		{5158D2B6-BBC9-4865-ADE9-076A777E9EAB}.DVD-5|Any CPU.Build.0 = Debug|Any CPU
		{5158D2B6-BBC9-4865-ADE9-076A777E9EAB}.DVD-5|Mixed Platforms.ActiveCfg = Debug|Any CPU
		{5158D2B6-BBC9-4865-ADE9-076A777E9EAB}.DVD-5|Mixed Platforms.Build.0 = Debug|Any CPU
		{5158D2B6-BBC9-4865-ADE9-076A777E9EAB}.DVD-5|Win32.ActiveCfg = Debug|Any CPU
		{5158D2B6-BBC9-4865-ADE9-076A777E9EAB}.Release|Any CPU.ActiveCfg = Release|Any CPU
		{5158D2B6-BBC9-4865-ADE9-076A777E9EAB}.Release|Any CPU.Build.0 = Release|Any CPU
		{5158D2B6-BBC9-4865-ADE9-076A777E9EAB}.Release|Mixed Platforms.ActiveCfg = Release|Any CPU
		{5158D2B6-BBC9-4865-ADE9-076A777E9EAB}.Release|Mixed Platforms.Build.0 = Release|Any CPU
		{5158D2B6-BBC9-4865-ADE9-076A777E9EAB}.Release|Win32.ActiveCfg = Release|Any CPU
		{5158D2B6-BBC9-4865-ADE9-076A777E9EAB}.SingleImage|Any CPU.ActiveCfg = Release|Any CPU
		{5158D2B6-BBC9-4865-ADE9-076A777E9EAB}.SingleImage|Any CPU.Build.0 = Release|Any CPU
		{5158D2B6-BBC9-4865-ADE9-076A777E9EAB}.SingleImage|Mixed Platforms.ActiveCfg = Release|Any CPU
		{5158D2B6-BBC9-4865-ADE9-076A777E9EAB}.SingleImage|Mixed Platforms.Build.0 = Release|Any CPU
		{5158D2B6-BBC9-4865-ADE9-076A777E9EAB}.SingleImage|Win32.ActiveCfg = Release|Any CPU
		{ED26D07D-9EB3-4018-849E-2A6CBF8B8892}.CD_ROM|Any CPU.ActiveCfg = Release|Any CPU
		{ED26D07D-9EB3-4018-849E-2A6CBF8B8892}.CD_ROM|Any CPU.Build.0 = Release|Any CPU
		{ED26D07D-9EB3-4018-849E-2A6CBF8B8892}.CD_ROM|Mixed Platforms.ActiveCfg = Release|Any CPU
		{ED26D07D-9EB3-4018-849E-2A6CBF8B8892}.CD_ROM|Mixed Platforms.Build.0 = Release|Any CPU
		{ED26D07D-9EB3-4018-849E-2A6CBF8B8892}.CD_ROM|Win32.ActiveCfg = Release|Any CPU
		{ED26D07D-9EB3-4018-849E-2A6CBF8B8892}.Debug|Any CPU.ActiveCfg = Debug|Any CPU
		{ED26D07D-9EB3-4018-849E-2A6CBF8B8892}.Debug|Any CPU.Build.0 = Debug|Any CPU
		{ED26D07D-9EB3-4018-849E-2A6CBF8B8892}.Debug|Mixed Platforms.ActiveCfg = Debug|Any CPU
		{ED26D07D-9EB3-4018-849E-2A6CBF8B8892}.Debug|Mixed Platforms.Build.0 = Debug|Any CPU
		{ED26D07D-9EB3-4018-849E-2A6CBF8B8892}.Debug|Win32.ActiveCfg = Debug|Any CPU
		{ED26D07D-9EB3-4018-849E-2A6CBF8B8892}.DVD-5|Any CPU.ActiveCfg = Debug|Any CPU
		{ED26D07D-9EB3-4018-849E-2A6CBF8B8892}.DVD-5|Any CPU.Build.0 = Debug|Any CPU
		{ED26D07D-9EB3-4018-849E-2A6CBF8B8892}.DVD-5|Mixed Platforms.ActiveCfg = Debug|Any CPU
		{ED26D07D-9EB3-4018-849E-2A6CBF8B8892}.DVD-5|Mixed Platforms.Build.0 = Debug|Any CPU
		{ED26D07D-9EB3-4018-849E-2A6CBF8B8892}.DVD-5|Win32.ActiveCfg = Debug|Any CPU
		{ED26D07D-9EB3-4018-849E-2A6CBF8B8892}.Release|Any CPU.ActiveCfg = Release|Any CPU
		{ED26D07D-9EB3-4018-849E-2A6CBF8B8892}.Release|Any CPU.Build.0 = Release|Any CPU
		{ED26D07D-9EB3-4018-849E-2A6CBF8B8892}.Release|Mixed Platforms.ActiveCfg = Release|Any CPU
		{ED26D07D-9EB3-4018-849E-2A6CBF8B8892}.Release|Mixed Platforms.Build.0 = Release|Any CPU
		{ED26D07D-9EB3-4018-849E-2A6CBF8B8892}.Release|Win32.ActiveCfg = Release|Any CPU
		{ED26D07D-9EB3-4018-849E-2A6CBF8B8892}.SingleImage|Any CPU.ActiveCfg = Release|Any CPU
		{ED26D07D-9EB3-4018-849E-2A6CBF8B8892}.SingleImage|Any CPU.Build.0 = Release|Any CPU
		{ED26D07D-9EB3-4018-849E-2A6CBF8B8892}.SingleImage|Mixed Platforms.ActiveCfg = Release|Any CPU
		{ED26D07D-9EB3-4018-849E-2A6CBF8B8892}.SingleImage|Mixed Platforms.Build.0 = Release|Any CPU
		{ED26D07D-9EB3-4018-849E-2A6CBF8B8892}.SingleImage|Win32.ActiveCfg = Release|Any CPU
		{88D543E1-D8E2-4542-B96A-9B9F3D913B71}.CD_ROM|Any CPU.ActiveCfg = Release|Any CPU
		{88D543E1-D8E2-4542-B96A-9B9F3D913B71}.CD_ROM|Any CPU.Build.0 = Release|Any CPU
		{88D543E1-D8E2-4542-B96A-9B9F3D913B71}.CD_ROM|Mixed Platforms.ActiveCfg = Release|Any CPU
		{88D543E1-D8E2-4542-B96A-9B9F3D913B71}.CD_ROM|Mixed Platforms.Build.0 = Release|Any CPU
		{88D543E1-D8E2-4542-B96A-9B9F3D913B71}.CD_ROM|Win32.ActiveCfg = Release|Any CPU
		{88D543E1-D8E2-4542-B96A-9B9F3D913B71}.Debug|Any CPU.ActiveCfg = Debug|Any CPU
		{88D543E1-D8E2-4542-B96A-9B9F3D913B71}.Debug|Any CPU.Build.0 = Debug|Any CPU
		{88D543E1-D8E2-4542-B96A-9B9F3D913B71}.Debug|Mixed Platforms.ActiveCfg = Debug|Any CPU
		{88D543E1-D8E2-4542-B96A-9B9F3D913B71}.Debug|Mixed Platforms.Build.0 = Debug|Any CPU
		{88D543E1-D8E2-4542-B96A-9B9F3D913B71}.Debug|Win32.ActiveCfg = Debug|Any CPU
		{88D543E1-D8E2-4542-B96A-9B9F3D913B71}.DVD-5|Any CPU.ActiveCfg = Debug|Any CPU
		{88D543E1-D8E2-4542-B96A-9B9F3D913B71}.DVD-5|Any CPU.Build.0 = Debug|Any CPU
		{88D543E1-D8E2-4542-B96A-9B9F3D913B71}.DVD-5|Mixed Platforms.ActiveCfg = Debug|Any CPU
		{88D543E1-D8E2-4542-B96A-9B9F3D913B71}.DVD-5|Mixed Platforms.Build.0 = Debug|Any CPU
		{88D543E1-D8E2-4542-B96A-9B9F3D913B71}.DVD-5|Win32.ActiveCfg = Debug|Any CPU
		{88D543E1-D8E2-4542-B96A-9B9F3D913B71}.Release|Any CPU.ActiveCfg = Release|Any CPU
		{88D543E1-D8E2-4542-B96A-9B9F3D913B71}.Release|Any CPU.Build.0 = Release|Any CPU
		{88D543E1-D8E2-4542-B96A-9B9F3D913B71}.Release|Mixed Platforms.ActiveCfg = Release|Any CPU
		{88D543E1-D8E2-4542-B96A-9B9F3D913B71}.Release|Mixed Platforms.Build.0 = Release|Any CPU
		{88D543E1-D8E2-4542-B96A-9B9F3D913B71}.Release|Win32.ActiveCfg = Release|Any CPU
		{88D543E1-D8E2-4542-B96A-9B9F3D913B71}.SingleImage|Any CPU.ActiveCfg = Release|Any CPU
		{88D543E1-D8E2-4542-B96A-9B9F3D913B71}.SingleImage|Any CPU.Build.0 = Release|Any CPU
		{88D543E1-D8E2-4542-B96A-9B9F3D913B71}.SingleImage|Mixed Platforms.ActiveCfg = Release|Any CPU
		{88D543E1-D8E2-4542-B96A-9B9F3D913B71}.SingleImage|Mixed Platforms.Build.0 = Release|Any CPU
		{88D543E1-D8E2-4542-B96A-9B9F3D913B71}.SingleImage|Win32.ActiveCfg = Release|Any CPU
		{F4ADEBDB-CD20-4532-B4E3-FE7424F5369C}.CD_ROM|Any CPU.ActiveCfg = Release|Any CPU
		{F4ADEBDB-CD20-4532-B4E3-FE7424F5369C}.CD_ROM|Any CPU.Build.0 = Release|Any CPU
		{F4ADEBDB-CD20-4532-B4E3-FE7424F5369C}.CD_ROM|Mixed Platforms.ActiveCfg = Release|Any CPU
		{F4ADEBDB-CD20-4532-B4E3-FE7424F5369C}.CD_ROM|Mixed Platforms.Build.0 = Release|Any CPU
		{F4ADEBDB-CD20-4532-B4E3-FE7424F5369C}.CD_ROM|Win32.ActiveCfg = Release|Any CPU
		{F4ADEBDB-CD20-4532-B4E3-FE7424F5369C}.Debug|Any CPU.ActiveCfg = Debug|Any CPU
		{F4ADEBDB-CD20-4532-B4E3-FE7424F5369C}.Debug|Any CPU.Build.0 = Debug|Any CPU
		{F4ADEBDB-CD20-4532-B4E3-FE7424F5369C}.Debug|Mixed Platforms.ActiveCfg = Debug|Any CPU
		{F4ADEBDB-CD20-4532-B4E3-FE7424F5369C}.Debug|Mixed Platforms.Build.0 = Debug|Any CPU
		{F4ADEBDB-CD20-4532-B4E3-FE7424F5369C}.Debug|Win32.ActiveCfg = Debug|Any CPU
		{F4ADEBDB-CD20-4532-B4E3-FE7424F5369C}.DVD-5|Any CPU.ActiveCfg = Debug|Any CPU
		{F4ADEBDB-CD20-4532-B4E3-FE7424F5369C}.DVD-5|Any CPU.Build.0 = Debug|Any CPU
		{F4ADEBDB-CD20-4532-B4E3-FE7424F5369C}.DVD-5|Mixed Platforms.ActiveCfg = Debug|Any CPU
		{F4ADEBDB-CD20-4532-B4E3-FE7424F5369C}.DVD-5|Mixed Platforms.Build.0 = Debug|Any CPU
		{F4ADEBDB-CD20-4532-B4E3-FE7424F5369C}.DVD-5|Win32.ActiveCfg = Debug|Any CPU
		{F4ADEBDB-CD20-4532-B4E3-FE7424F5369C}.Release|Any CPU.ActiveCfg = Release|Any CPU
		{F4ADEBDB-CD20-4532-B4E3-FE7424F5369C}.Release|Any CPU.Build.0 = Release|Any CPU
		{F4ADEBDB-CD20-4532-B4E3-FE7424F5369C}.Release|Mixed Platforms.ActiveCfg = Release|Any CPU
		{F4ADEBDB-CD20-4532-B4E3-FE7424F5369C}.Release|Mixed Platforms.Build.0 = Release|Any CPU
		{F4ADEBDB-CD20-4532-B4E3-FE7424F5369C}.Release|Win32.ActiveCfg = Release|Any CPU
		{F4ADEBDB-CD20-4532-B4E3-FE7424F5369C}.SingleImage|Any CPU.ActiveCfg = Release|Any CPU
		{F4ADEBDB-CD20-4532-B4E3-FE7424F5369C}.SingleImage|Any CPU.Build.0 = Release|Any CPU
		{F4ADEBDB-CD20-4532-B4E3-FE7424F5369C}.SingleImage|Mixed Platforms.ActiveCfg = Release|Any CPU
		{F4ADEBDB-CD20-4532-B4E3-FE7424F5369C}.SingleImage|Mixed Platforms.Build.0 = Release|Any CPU
		{F4ADEBDB-CD20-4532-B4E3-FE7424F5369C}.SingleImage|Win32.ActiveCfg = Release|Any CPU
		{B5172BC9-5B82-45CB-8A51-A2F838C832B6}.CD_ROM|Any CPU.ActiveCfg = CD_ROM
		{B5172BC9-5B82-45CB-8A51-A2F838C832B6}.CD_ROM|Any CPU.Build.0 = CD_ROM
		{B5172BC9-5B82-45CB-8A51-A2F838C832B6}.CD_ROM|Mixed Platforms.ActiveCfg = CD_ROM
		{B5172BC9-5B82-45CB-8A51-A2F838C832B6}.CD_ROM|Mixed Platforms.Build.0 = CD_ROM
		{B5172BC9-5B82-45CB-8A51-A2F838C832B6}.CD_ROM|Win32.ActiveCfg = CD_ROM
		{B5172BC9-5B82-45CB-8A51-A2F838C832B6}.CD_ROM|Win32.Build.0 = CD_ROM
		{B5172BC9-5B82-45CB-8A51-A2F838C832B6}.Debug|Any CPU.ActiveCfg = DVD-5
		{B5172BC9-5B82-45CB-8A51-A2F838C832B6}.Debug|Any CPU.Build.0 = DVD-5
		{B5172BC9-5B82-45CB-8A51-A2F838C832B6}.Debug|Mixed Platforms.ActiveCfg = DVD-5
		{B5172BC9-5B82-45CB-8A51-A2F838C832B6}.Debug|Mixed Platforms.Build.0 = DVD-5
		{B5172BC9-5B82-45CB-8A51-A2F838C832B6}.Debug|Win32.ActiveCfg = DVD-5
		{B5172BC9-5B82-45CB-8A51-A2F838C832B6}.Debug|Win32.Build.0 = DVD-5
		{B5172BC9-5B82-45CB-8A51-A2F838C832B6}.DVD-5|Any CPU.ActiveCfg = DVD-5
		{B5172BC9-5B82-45CB-8A51-A2F838C832B6}.DVD-5|Any CPU.Build.0 = DVD-5
		{B5172BC9-5B82-45CB-8A51-A2F838C832B6}.DVD-5|Mixed Platforms.ActiveCfg = DVD-5
		{B5172BC9-5B82-45CB-8A51-A2F838C832B6}.DVD-5|Mixed Platforms.Build.0 = DVD-5
		{B5172BC9-5B82-45CB-8A51-A2F838C832B6}.DVD-5|Win32.ActiveCfg = DVD-5
		{B5172BC9-5B82-45CB-8A51-A2F838C832B6}.DVD-5|Win32.Build.0 = DVD-5
		{B5172BC9-5B82-45CB-8A51-A2F838C832B6}.Release|Any CPU.ActiveCfg = SingleImage
		{B5172BC9-5B82-45CB-8A51-A2F838C832B6}.Release|Any CPU.Build.0 = SingleImage
		{B5172BC9-5B82-45CB-8A51-A2F838C832B6}.Release|Mixed Platforms.ActiveCfg = SingleImage
		{B5172BC9-5B82-45CB-8A51-A2F838C832B6}.Release|Mixed Platforms.Build.0 = SingleImage
		{B5172BC9-5B82-45CB-8A51-A2F838C832B6}.Release|Win32.ActiveCfg = SingleImage
		{B5172BC9-5B82-45CB-8A51-A2F838C832B6}.Release|Win32.Build.0 = SingleImage
		{B5172BC9-5B82-45CB-8A51-A2F838C832B6}.SingleImage|Any CPU.ActiveCfg = SingleImage
		{B5172BC9-5B82-45CB-8A51-A2F838C832B6}.SingleImage|Any CPU.Build.0 = SingleImage
		{B5172BC9-5B82-45CB-8A51-A2F838C832B6}.SingleImage|Mixed Platforms.ActiveCfg = SingleImage
		{B5172BC9-5B82-45CB-8A51-A2F838C832B6}.SingleImage|Mixed Platforms.Build.0 = SingleImage
		{B5172BC9-5B82-45CB-8A51-A2F838C832B6}.SingleImage|Win32.ActiveCfg = SingleImage
		{B5172BC9-5B82-45CB-8A51-A2F838C832B6}.SingleImage|Win32.Build.0 = SingleImage
		{4FAC072C-B03D-4E77-A403-5E131EB85DC4}.CD_ROM|Any CPU.ActiveCfg = Release|Any CPU
		{4FAC072C-B03D-4E77-A403-5E131EB85DC4}.CD_ROM|Any CPU.Build.0 = Release|Any CPU
		{4FAC072C-B03D-4E77-A403-5E131EB85DC4}.CD_ROM|Mixed Platforms.ActiveCfg = Release|Any CPU
		{4FAC072C-B03D-4E77-A403-5E131EB85DC4}.CD_ROM|Mixed Platforms.Build.0 = Release|Any CPU
		{4FAC072C-B03D-4E77-A403-5E131EB85DC4}.CD_ROM|Win32.ActiveCfg = Release|Any CPU
		{4FAC072C-B03D-4E77-A403-5E131EB85DC4}.Debug|Any CPU.ActiveCfg = Debug|Any CPU
		{4FAC072C-B03D-4E77-A403-5E131EB85DC4}.Debug|Any CPU.Build.0 = Debug|Any CPU
		{4FAC072C-B03D-4E77-A403-5E131EB85DC4}.Debug|Mixed Platforms.ActiveCfg = Debug|Any CPU
		{4FAC072C-B03D-4E77-A403-5E131EB85DC4}.Debug|Mixed Platforms.Build.0 = Debug|Any CPU
		{4FAC072C-B03D-4E77-A403-5E131EB85DC4}.Debug|Win32.ActiveCfg = Debug|Any CPU
		{4FAC072C-B03D-4E77-A403-5E131EB85DC4}.DVD-5|Any CPU.ActiveCfg = Debug|Any CPU
		{4FAC072C-B03D-4E77-A403-5E131EB85DC4}.DVD-5|Any CPU.Build.0 = Debug|Any CPU
		{4FAC072C-B03D-4E77-A403-5E131EB85DC4}.DVD-5|Mixed Platforms.ActiveCfg = Debug|Any CPU
		{4FAC072C-B03D-4E77-A403-5E131EB85DC4}.DVD-5|Mixed Platforms.Build.0 = Debug|Any CPU
		{4FAC072C-B03D-4E77-A403-5E131EB85DC4}.DVD-5|Win32.ActiveCfg = Debug|Any CPU
		{4FAC072C-B03D-4E77-A403-5E131EB85DC4}.Release|Any CPU.ActiveCfg = Release|Any CPU
		{4FAC072C-B03D-4E77-A403-5E131EB85DC4}.Release|Any CPU.Build.0 = Release|Any CPU
		{4FAC072C-B03D-4E77-A403-5E131EB85DC4}.Release|Mixed Platforms.ActiveCfg = Release|Any CPU
		{4FAC072C-B03D-4E77-A403-5E131EB85DC4}.Release|Mixed Platforms.Build.0 = Release|Any CPU
		{4FAC072C-B03D-4E77-A403-5E131EB85DC4}.Release|Win32.ActiveCfg = Release|Any CPU
		{4FAC072C-B03D-4E77-A403-5E131EB85DC4}.SingleImage|Any CPU.ActiveCfg = Release|Any CPU
		{4FAC072C-B03D-4E77-A403-5E131EB85DC4}.SingleImage|Any CPU.Build.0 = Release|Any CPU
		{4FAC072C-B03D-4E77-A403-5E131EB85DC4}.SingleImage|Mixed Platforms.ActiveCfg = Release|Any CPU
		{4FAC072C-B03D-4E77-A403-5E131EB85DC4}.SingleImage|Mixed Platforms.Build.0 = Release|Any CPU
		{4FAC072C-B03D-4E77-A403-5E131EB85DC4}.SingleImage|Win32.ActiveCfg = Release|Any CPU
		{9B3BC44C-C4AD-4382-8E01-6060BD05493B}.CD_ROM|Any CPU.ActiveCfg = Release|Any CPU
		{9B3BC44C-C4AD-4382-8E01-6060BD05493B}.CD_ROM|Any CPU.Build.0 = Release|Any CPU
		{9B3BC44C-C4AD-4382-8E01-6060BD05493B}.CD_ROM|Mixed Platforms.ActiveCfg = Release|Any CPU
		{9B3BC44C-C4AD-4382-8E01-6060BD05493B}.CD_ROM|Mixed Platforms.Build.0 = Release|Any CPU
		{9B3BC44C-C4AD-4382-8E01-6060BD05493B}.CD_ROM|Win32.ActiveCfg = Release|Any CPU
		{9B3BC44C-C4AD-4382-8E01-6060BD05493B}.Debug|Any CPU.ActiveCfg = Debug|Any CPU
		{9B3BC44C-C4AD-4382-8E01-6060BD05493B}.Debug|Any CPU.Build.0 = Debug|Any CPU
		{9B3BC44C-C4AD-4382-8E01-6060BD05493B}.Debug|Mixed Platforms.ActiveCfg = Debug|Any CPU
		{9B3BC44C-C4AD-4382-8E01-6060BD05493B}.Debug|Mixed Platforms.Build.0 = Debug|Any CPU
		{9B3BC44C-C4AD-4382-8E01-6060BD05493B}.Debug|Win32.ActiveCfg = Debug|Any CPU
		{9B3BC44C-C4AD-4382-8E01-6060BD05493B}.DVD-5|Any CPU.ActiveCfg = Debug|Any CPU
		{9B3BC44C-C4AD-4382-8E01-6060BD05493B}.DVD-5|Any CPU.Build.0 = Debug|Any CPU
		{9B3BC44C-C4AD-4382-8E01-6060BD05493B}.DVD-5|Mixed Platforms.ActiveCfg = Debug|Any CPU
		{9B3BC44C-C4AD-4382-8E01-6060BD05493B}.DVD-5|Mixed Platforms.Build.0 = Debug|Any CPU
		{9B3BC44C-C4AD-4382-8E01-6060BD05493B}.DVD-5|Win32.ActiveCfg = Debug|Any CPU
		{9B3BC44C-C4AD-4382-8E01-6060BD05493B}.Release|Any CPU.ActiveCfg = Release|Any CPU
		{9B3BC44C-C4AD-4382-8E01-6060BD05493B}.Release|Any CPU.Build.0 = Release|Any CPU
		{9B3BC44C-C4AD-4382-8E01-6060BD05493B}.Release|Mixed Platforms.ActiveCfg = Release|Any CPU
		{9B3BC44C-C4AD-4382-8E01-6060BD05493B}.Release|Mixed Platforms.Build.0 = Release|Any CPU
		{9B3BC44C-C4AD-4382-8E01-6060BD05493B}.Release|Win32.ActiveCfg = Release|Any CPU
		{9B3BC44C-C4AD-4382-8E01-6060BD05493B}.SingleImage|Any CPU.ActiveCfg = Release|Any CPU
		{9B3BC44C-C4AD-4382-8E01-6060BD05493B}.SingleImage|Any CPU.Build.0 = Release|Any CPU
		{9B3BC44C-C4AD-4382-8E01-6060BD05493B}.SingleImage|Mixed Platforms.ActiveCfg = Release|Any CPU
		{9B3BC44C-C4AD-4382-8E01-6060BD05493B}.SingleImage|Mixed Platforms.Build.0 = Release|Any CPU
		{9B3BC44C-C4AD-4382-8E01-6060BD05493B}.SingleImage|Win32.ActiveCfg = Release|Any CPU
	EndGlobalSection
	GlobalSection(SolutionProperties) = preSolution
		HideSolutionNode = FALSE
	EndGlobalSection
	GlobalSection(NestedProjects) = preSolution
		{ED26D07D-9EB3-4018-849E-2A6CBF8B8892} = {4948E6B6-EDB1-4480-BA49-4A06D9693A1A}
		{88D543E1-D8E2-4542-B96A-9B9F3D913B71} = {4948E6B6-EDB1-4480-BA49-4A06D9693A1A}
		{F4ADEBDB-CD20-4532-B4E3-FE7424F5369C} = {378406CE-B1E0-4805-9754-61DCA1DAE70B}
		{4FAC072C-B03D-4E77-A403-5E131EB85DC4} = {4948E6B6-EDB1-4480-BA49-4A06D9693A1A}
		{9B3BC44C-C4AD-4382-8E01-6060BD05493B} = {FB9EBDA5-1C60-4AEE-9E2D-D6DB0B4DA8F0}
	EndGlobalSection
	GlobalSection(TeamFoundationVersionControl) = preSolution
		SccNumberOfProjects = 11
		SccEnterpriseProvider = {4CA58AB2-18FA-4F8D-95D4-32DDF27D184C}
		SccTeamFoundationServer = http://tfs.linx-inves.com.br:8080/tfs/linxcollection
		SccLocalPath0 = .
		SccProjectUniqueName1 = DSL\\LinxDMD\\Dsl\\Dsl.csproj
		SccProjectTopLevelParentUniqueName1 = LinxDataModelEditor.sln
		SccProjectName1 = DSL/LinxDMD/Dsl
		SccLocalPath1 = DSL\\LinxDMD\\Dsl
		SccProjectUniqueName2 = DSL\\LinxDMD\\DslPackage\\DslPackage.csproj
		SccProjectTopLevelParentUniqueName2 = LinxDataModelEditor.sln
		SccProjectName2 = DSL/LinxDMD/DslPackage
		SccLocalPath2 = DSL\\LinxDMD\\DslPackage
		SccProjectUniqueName3 = Extend\\Samples\\CSharp\\DataModelProject\\Src\\DataModelProject.csproj
		SccProjectTopLevelParentUniqueName3 = LinxDataModelEditor.sln
		SccProjectName3 = Extend/Samples/CSharp/DataModelProject/Src
		SccLocalPath3 = Extend\\Samples\\CSharp\\DataModelProject\\Src
		SccProjectUniqueName4 = LinxDataModelEditor\\LinxDataModelEditor.AboutBoxPackage\\LinxDataModelEditor.AboutBoxPackage.csproj
		SccProjectName4 = LinxDataModelEditor/LinxDataModelEditor.AboutBoxPackage
		SccLocalPath4 = LinxDataModelEditor\\LinxDataModelEditor.AboutBoxPackage
		SccProjectUniqueName5 = LinxDataModelEditor\\LinxDataModelEditor\\LinxDataModelEditor.vcxproj
		SccProjectName5 = LinxDataModelEditor/LinxDataModelEditor
		SccLocalPath5 = LinxDataModelEditor\\LinxDataModelEditor
		SccProjectUniqueName6 = LinxDataModelEditor\\LinxDataModelEditorUI\\LinxDataModelEditorUI.vcxproj
		SccProjectName6 = LinxDataModelEditor/LinxDataModelEditorUI
		SccLocalPath6 = LinxDataModelEditor\\LinxDataModelEditorUI
		SccProjectUniqueName7 = LinxDataModelEditor\\ShellExtensionsVSIX\\ShellExtensionsVSIX.csproj
		SccProjectName7 = LinxDataModelEditor/ShellExtensionsVSIX
		SccLocalPath7 = LinxDataModelEditor\\ShellExtensionsVSIX
		SccProjectUniqueName8 = SetupDataModelEditor\\SetupDataModelEditor.isproj
		SccProjectName8 = SetupDataModelEditor
		SccLocalPath8 = SetupDataModelEditor
		SccProjectUniqueName9 = DSL\\LinxDMD\\ModelBusAdapter\\ModelBusAdapter.csproj
		SccProjectTopLevelParentUniqueName9 = LinxDataModelEditor.sln
		SccProjectName9 = DSL/LinxDMD/ModelBusAdapter
		SccLocalPath9 = DSL\\LinxDMD\\ModelBusAdapter
		SccProjectUniqueName10 = Editors\\JsEditor\\JsEditor.csproj
		SccProjectTopLevelParentUniqueName10 = LinxDataModelEditor.sln
		SccProjectName10 = Editors/JsEditor
		SccLocalPath10 = Editors\\JsEditor
	EndGlobalSection
EndGlobal
