
Microsoft Visual Studio Solution File, Format Version 12.00
# Visual Studio 15
VisualStudioVersion = 15.0.26403.7
MinimumVisualStudioVersion = 10.0.40219.1
Project("{FAE04EC0-301F-11D3-BF4B-00C04F79EFBC}") = "Linx.DataService", "Linx.DataService\Linx.DataService.csproj", "{C5859307-D71A-462C-97E9-AC75A80D3445}"
EndProject
Project("{9A19103F-16F7-4668-BE54-9A1E7A4F7556}") = "Linx.DataService.Core", "Linx.DataService.Core\Linx.DataService.Core.csproj", "{DE783568-2A59-436B-81DA-207E46D1C9DF}"
EndProject
Project("{9A19103F-16F7-4668-BE54-9A1E7A4F7556}") = "Linx.DomainService.Core", "Linx.DomainService.Core\Linx.DomainService.Core.csproj", "{1E9E71A1-FFF0-4CDF-8213-7AEFA3B81BDF}"
EndProject
Global
	GlobalSection(SolutionConfigurationPlatforms) = preSolution
		Debug|Any CPU = Debug|Any CPU
		Release|Any CPU = Release|Any CPU
	EndGlobalSection
	GlobalSection(ProjectConfigurationPlatforms) = postSolution
		{C5859307-D71A-462C-97E9-AC75A80D3445}.Debug|Any CPU.ActiveCfg = Debug|Any CPU
		{C5859307-D71A-462C-97E9-AC75A80D3445}.Debug|Any CPU.Build.0 = Debug|Any CPU
		{C5859307-D71A-462C-97E9-AC75A80D3445}.Release|Any CPU.ActiveCfg = Release|Any CPU
		{C5859307-D71A-462C-97E9-AC75A80D3445}.Release|Any CPU.Build.0 = Release|Any CPU
		{DE783568-2A59-436B-81DA-207E46D1C9DF}.Debug|Any CPU.ActiveCfg = Debug|Any CPU
		{DE783568-2A59-436B-81DA-207E46D1C9DF}.Debug|Any CPU.Build.0 = Debug|Any CPU
		{DE783568-2A59-436B-81DA-207E46D1C9DF}.Release|Any CPU.ActiveCfg = Release|Any CPU
		{DE783568-2A59-436B-81DA-207E46D1C9DF}.Release|Any CPU.Build.0 = Release|Any CPU
		{1E9E71A1-FFF0-4CDF-8213-7AEFA3B81BDF}.Debug|Any CPU.ActiveCfg = Debug|Any CPU
		{1E9E71A1-FFF0-4CDF-8213-7AEFA3B81BDF}.Debug|Any CPU.Build.0 = Debug|Any CPU
		{1E9E71A1-FFF0-4CDF-8213-7AEFA3B81BDF}.Release|Any CPU.ActiveCfg = Release|Any CPU
		{1E9E71A1-FFF0-4CDF-8213-7AEFA3B81BDF}.Release|Any CPU.Build.0 = Release|Any CPU
	EndGlobalSection
	GlobalSection(SolutionProperties) = preSolution
		HideSolutionNode = FALSE
	EndGlobalSection
	GlobalSection(TeamFoundationVersionControl) = preSolution
		SccNumberOfProjects = 4
		SccEnterpriseProvider = {4CA58AB2-18FA-4F8D-95D4-32DDF27D184C}
		SccTeamFoundationServer = http://tfs.linx-inves.com.br:8080/tfs/linxcollection
		SccLocalPath0 = .
		SccProjectUniqueName1 = Linx.DataService\\Linx.DataService.csproj
		SccProjectName1 = Linx.DataService
		SccLocalPath1 = Linx.DataService
		SccProjectUniqueName2 = Linx.DataService.Core\\Linx.DataService.Core.csproj
		SccProjectName2 = Linx.DataService.Core
		SccLocalPath2 = Linx.DataService.Core
		SccProjectUniqueName3 = Linx.DomainService.Core\\Linx.DomainService.Core.csproj
		SccProjectName3 = Linx.DomainService.Core
		SccLocalPath3 = Linx.DomainService.Core
	EndGlobalSection
EndGlobal
