
Microsoft Visual Studio Solution File, Format Version 12.00
# Visual Studio 2012
Project("{FAE04EC0-301F-11D3-BF4B-00C04F79EFBC}") = "Linx.Framework.Loja.BM", "Linx.Framework.Loja.BM\Linx.Framework.Loja.BM.csproj", "{D9B679C8-AF78-4376-BA46-8769A9F78ED1}"
EndProject
Global
	GlobalSection(TeamFoundationVersionControl) = preSolution
		SccNumberOfProjects = 2
		SccEnterpriseProvider = {4CA58AB2-18FA-4F8D-95D4-32DDF27D184C}
		SccTeamFoundationServer = http://tfs.linx-inves.com.br:8080/tfs/linxcollection
		SccLocalPath0 = .
		SccProjectUniqueName1 = Linx.Framework.Loja.BM\\Linx.Framework.Loja.BM.csproj
		SccProjectName1 = Linx.Framework.Loja.BM
		SccLocalPath1 = Linx.Framework.Loja.BM
	EndGlobalSection
	GlobalSection(SolutionConfigurationPlatforms) = preSolution
		Debug|Any CPU = Debug|Any CPU
		Release|Any CPU = Release|Any CPU
	EndGlobalSection
	GlobalSection(ProjectConfigurationPlatforms) = postSolution
		{D9B679C8-AF78-4376-BA46-8769A9F78ED1}.Debug|Any CPU.ActiveCfg = Debug|Any CPU
		{D9B679C8-AF78-4376-BA46-8769A9F78ED1}.Debug|Any CPU.Build.0 = Debug|Any CPU
		{D9B679C8-AF78-4376-BA46-8769A9F78ED1}.Release|Any CPU.ActiveCfg = Release|Any CPU
		{D9B679C8-AF78-4376-BA46-8769A9F78ED1}.Release|Any CPU.Build.0 = Release|Any CPU
	EndGlobalSection
	GlobalSection(SolutionProperties) = preSolution
		HideSolutionNode = FALSE
	EndGlobalSection
EndGlobal
