
Microsoft Visual Studio Solution File, Format Version 12.00
# Visual Studio 2012
Project("{2150E333-8FDC-42A3-9474-1A3956D46DE8}") = "DesktopBus", "DesktopBus", "{5861AC01-11EF-4F34-B069-7E80DF0CDC97}"
EndProject
Project("{FAE04EC0-301F-11D3-BF4B-00C04F79EFBC}") = "Linx.DesktopBus.Business.Tools", "DesktopBus\Linx.DesktopBus.Business.Tools\Linx.DesktopBus.Business.Tools.csproj", "{8CDEAEA0-45FA-40D7-8615-B697F1A7CFF9}"
EndProject
Global
	GlobalSection(TeamFoundationVersionControl) = preSolution
		SccNumberOfProjects = 2
		SccEnterpriseProvider = {4CA58AB2-18FA-4F8D-95D4-32DDF27D184C}
		SccTeamFoundationServer = http://tfs.linx-inves.com.br:8080/tfs/linxcollection
		SccLocalPath0 = .
		SccProjectUniqueName1 = DesktopBus\\Linx.DesktopBus.Business.Tools\\Linx.DesktopBus.Business.Tools.csproj
		SccProjectTopLevelParentUniqueName1 = Linx.Business.Tools.Library.sln
		SccProjectName1 = DesktopBus/Linx.DesktopBus.Business.Tools
		SccLocalPath1 = DesktopBus\\Linx.DesktopBus.Business.Tools
	EndGlobalSection
	GlobalSection(SolutionConfigurationPlatforms) = preSolution
		Debug|Any CPU = Debug|Any CPU
		Release|Any CPU = Release|Any CPU
	EndGlobalSection
	GlobalSection(ProjectConfigurationPlatforms) = postSolution
		{8CDEAEA0-45FA-40D7-8615-B697F1A7CFF9}.Debug|Any CPU.ActiveCfg = Debug|Any CPU
		{8CDEAEA0-45FA-40D7-8615-B697F1A7CFF9}.Debug|Any CPU.Build.0 = Debug|Any CPU
		{8CDEAEA0-45FA-40D7-8615-B697F1A7CFF9}.Release|Any CPU.ActiveCfg = Release|Any CPU
		{8CDEAEA0-45FA-40D7-8615-B697F1A7CFF9}.Release|Any CPU.Build.0 = Release|Any CPU
	EndGlobalSection
	GlobalSection(SolutionProperties) = preSolution
		HideSolutionNode = FALSE
	EndGlobalSection
	GlobalSection(NestedProjects) = preSolution
		{8CDEAEA0-45FA-40D7-8615-B697F1A7CFF9} = {5861AC01-11EF-4F34-B069-7E80DF0CDC97}
	EndGlobalSection
EndGlobal
