
Microsoft Visual Studio Solution File, Format Version 12.00
# Visual Studio 2012
Project("{2150E333-8FDC-42A3-9474-1A3956D46DE8}") = "Business Rules", "Business Rules", "{F06ACFD3-91B0-4703-90E7-23973B955704}"
EndProject
Project("{FAE04EC0-301F-11D3-BF4B-00C04F79EFBC}") = "LinxTraining001.BV", "LinxTraining001.BV\LinxTraining001.BV.csproj", "{A2CF0E84-6BD5-4F26-AD1A-C524260C35A2}"
EndProject
Project("{2150E333-8FDC-42A3-9474-1A3956D46DE8}") = "Business Reports", "Business Reports", "{0E9B5018-5333-4A62-83C5-A91CEFF96D13}"
EndProject
Project("{FAE04EC0-301F-11D3-BF4B-00C04F79EFBC}") = "LinxTraining001.BV.Reports", "LinxTraining001.BV.Reports\LinxTraining001.BV.Reports.csproj", "{67D948F1-147F-42ED-9B77-BCBD28593366}"
EndProject
Project("{2150E333-8FDC-42A3-9474-1A3956D46DE8}") = "Web API Controllers", "Web API Controllers", "{B56EE4FB-900B-470C-8FE3-71112890A443}"
EndProject
Project("{FAE04EC0-301F-11D3-BF4B-00C04F79EFBC}") = "LinxTraining001.BV.WebAPI.DS", "LinxTraining001.BV.WebAPI.DS\LinxTraining001.BV.WebAPI.DS.csproj", "{4BA8160D-919A-4A5F-8716-6A95707986BA}"
EndProject
Project("{2150E333-8FDC-42A3-9474-1A3956D46DE8}") = "SPA User Interface Modules", "SPA User Interface Modules", "{51509CDE-1AEC-4124-975F-48B0E3FCEFB1}"
EndProject
Project("{FAE04EC0-301F-11D3-BF4B-00C04F79EFBC}") = "LinxTraining001.BV.SPA", "LinxTraining001.BV.SPA\LinxTraining001.BV.SPA.csproj", "{6F2EA1C1-7114-4F49-BE64-437D9D77EAC5}"
EndProject
Global
	GlobalSection(TeamFoundationVersionControl) = preSolution
		SccNumberOfProjects = 5
		SccEnterpriseProvider = {4CA58AB2-18FA-4F8D-95D4-32DDF27D184C}
		SccTeamFoundationServer = http://tfs.linx-inves.com.br:8080/tfs/linxcollection
		SccLocalPath0 = .
		SccProjectUniqueName1 = LinxTraining001.BV\\LinxTraining001.BV.csproj
		SccProjectTopLevelParentUniqueName1 = LinxTraining001.BV.sln
		SccProjectName1 = LinxTraining001.BV
		SccLocalPath1 = LinxTraining001.BV
		SccProjectUniqueName2 = LinxTraining001.BV.Reports\\LinxTraining001.BV.Reports.csproj
		SccProjectTopLevelParentUniqueName2 = LinxTraining001.BV.sln
		SccProjectName2 = LinxTraining001.BV.Reports
		SccLocalPath2 = LinxTraining001.BV.Reports
		SccProjectUniqueName3 = LinxTraining001.BV.WebAPI.DS\\LinxTraining001.BV.WebAPI.DS.csproj
		SccProjectTopLevelParentUniqueName3 = LinxTraining001.BV.sln
		SccProjectName3 = LinxTraining001.BV.WebAPI.DS
		SccLocalPath3 = LinxTraining001.BV.WebAPI.DS
		SccProjectUniqueName4 = LinxTraining001.BV.SPA\\LinxTraining001.BV.SPA.csproj
		SccProjectTopLevelParentUniqueName4 = LinxTraining001.BV.sln
		SccProjectName4 = LinxTraining001.BV.SPA
		SccLocalPath4 = LinxTraining001.BV.SPA
	EndGlobalSection
	GlobalSection(SolutionConfigurationPlatforms) = preSolution
		Debug|Any CPU = Debug|Any CPU
		Release|Any CPU = Release|Any CPU
	EndGlobalSection
	GlobalSection(ProjectConfigurationPlatforms) = postSolution
		{A2CF0E84-6BD5-4F26-AD1A-C524260C35A2}.Debug|Any CPU.ActiveCfg = Debug|Any CPU
		{A2CF0E84-6BD5-4F26-AD1A-C524260C35A2}.Debug|Any CPU.Build.0 = Debug|Any CPU
		{A2CF0E84-6BD5-4F26-AD1A-C524260C35A2}.Release|Any CPU.ActiveCfg = Release|Any CPU
		{A2CF0E84-6BD5-4F26-AD1A-C524260C35A2}.Release|Any CPU.Build.0 = Release|Any CPU
		{67D948F1-147F-42ED-9B77-BCBD28593366}.Debug|Any CPU.ActiveCfg = Debug|Any CPU
		{67D948F1-147F-42ED-9B77-BCBD28593366}.Debug|Any CPU.Build.0 = Debug|Any CPU
		{67D948F1-147F-42ED-9B77-BCBD28593366}.Release|Any CPU.ActiveCfg = Release|Any CPU
		{67D948F1-147F-42ED-9B77-BCBD28593366}.Release|Any CPU.Build.0 = Release|Any CPU
		{4BA8160D-919A-4A5F-8716-6A95707986BA}.Debug|Any CPU.ActiveCfg = Debug|Any CPU
		{4BA8160D-919A-4A5F-8716-6A95707986BA}.Debug|Any CPU.Build.0 = Debug|Any CPU
		{4BA8160D-919A-4A5F-8716-6A95707986BA}.Release|Any CPU.ActiveCfg = Release|Any CPU
		{4BA8160D-919A-4A5F-8716-6A95707986BA}.Release|Any CPU.Build.0 = Release|Any CPU
		{6F2EA1C1-7114-4F49-BE64-437D9D77EAC5}.Debug|Any CPU.ActiveCfg = Debug|Any CPU
		{6F2EA1C1-7114-4F49-BE64-437D9D77EAC5}.Debug|Any CPU.Build.0 = Debug|Any CPU
		{6F2EA1C1-7114-4F49-BE64-437D9D77EAC5}.Release|Any CPU.ActiveCfg = Release|Any CPU
		{6F2EA1C1-7114-4F49-BE64-437D9D77EAC5}.Release|Any CPU.Build.0 = Release|Any CPU
	EndGlobalSection
	GlobalSection(SolutionProperties) = preSolution
		HideSolutionNode = FALSE
	EndGlobalSection
	GlobalSection(NestedProjects) = preSolution
		{A2CF0E84-6BD5-4F26-AD1A-C524260C35A2} = {F06ACFD3-91B0-4703-90E7-23973B955704}
		{67D948F1-147F-42ED-9B77-BCBD28593366} = {0E9B5018-5333-4A62-83C5-A91CEFF96D13}
		{4BA8160D-919A-4A5F-8716-6A95707986BA} = {B56EE4FB-900B-470C-8FE3-71112890A443}
		{6F2EA1C1-7114-4F49-BE64-437D9D77EAC5} = {51509CDE-1AEC-4124-975F-48B0E3FCEFB1}
	EndGlobalSection
EndGlobal
