
Microsoft Visual Studio Solution File, Format Version 12.00
# Visual Studio 14
VisualStudioVersion = 14.0.25420.1
MinimumVisualStudioVersion = 10.0.40219.1
Project("{2150E333-8FDC-42A3-9474-1A3956D46DE8}") = "Business Reports", "Business Reports", "{4C82E88E-4818-48C8-8759-CF5C4087487B}"
EndProject
Project("{FAE04EC0-301F-11D3-BF4B-00C04F79EFBC}") = "VAREJO.BV.Reports", "VAREJO.BV.Reports\VAREJO.BV.Reports.csproj", "{EE523430-D3D1-4D0E-9AF1-39ADF5C96479}"
EndProject
Project("{2150E333-8FDC-42A3-9474-1A3956D46DE8}") = "Web API Controllers", "Web API Controllers", "{046929B9-70BA-4C0F-8A55-DEE5BFC0A334}"
EndProject
Project("{FAE04EC0-301F-11D3-BF4B-00C04F79EFBC}") = "VAREJO.BV.WebAPI.DS", "VAREJO.BV.WebAPI.DS\VAREJO.BV.WebAPI.DS.csproj", "{A8B8B117-09D2-49F0-ABE8-750E679B9B8A}"
EndProject
Project("{2150E333-8FDC-42A3-9474-1A3956D46DE8}") = "Business Rules", "Business Rules", "{3C2CAA26-8BC8-4F99-A742-438968F622E8}"
EndProject
Project("{FAE04EC0-301F-11D3-BF4B-00C04F79EFBC}") = "VAREJO.BV", "VAREJO.BV\VAREJO.BV.csproj", "{823AC7E2-1F8F-4584-9AFB-F2197E24D4F7}"
EndProject
Project("{2150E333-8FDC-42A3-9474-1A3956D46DE8}") = "SPA User Interface Modules", "SPA User Interface Modules", "{813BBDF5-4B17-4E00-A512-8449BE8F48FD}"
EndProject
Project("{FAE04EC0-301F-11D3-BF4B-00C04F79EFBC}") = "VAREJO.BV.SPA", "VAREJO.BV.SPA\VAREJO.BV.SPA.csproj", "{D31E6C5E-D50D-454A-90DD-3122EA333046}"
EndProject
Global
	GlobalSection(SolutionConfigurationPlatforms) = preSolution
		Debug|Any CPU = Debug|Any CPU
		Release|Any CPU = Release|Any CPU
	EndGlobalSection
	GlobalSection(ProjectConfigurationPlatforms) = postSolution
		{EE523430-D3D1-4D0E-9AF1-39ADF5C96479}.Debug|Any CPU.ActiveCfg = Debug|Any CPU
		{EE523430-D3D1-4D0E-9AF1-39ADF5C96479}.Debug|Any CPU.Build.0 = Debug|Any CPU
		{EE523430-D3D1-4D0E-9AF1-39ADF5C96479}.Release|Any CPU.ActiveCfg = Release|Any CPU
		{EE523430-D3D1-4D0E-9AF1-39ADF5C96479}.Release|Any CPU.Build.0 = Release|Any CPU
		{A8B8B117-09D2-49F0-ABE8-750E679B9B8A}.Debug|Any CPU.ActiveCfg = Debug|Any CPU
		{A8B8B117-09D2-49F0-ABE8-750E679B9B8A}.Debug|Any CPU.Build.0 = Debug|Any CPU
		{A8B8B117-09D2-49F0-ABE8-750E679B9B8A}.Release|Any CPU.ActiveCfg = Release|Any CPU
		{A8B8B117-09D2-49F0-ABE8-750E679B9B8A}.Release|Any CPU.Build.0 = Release|Any CPU
		{823AC7E2-1F8F-4584-9AFB-F2197E24D4F7}.Debug|Any CPU.ActiveCfg = Debug|Any CPU
		{823AC7E2-1F8F-4584-9AFB-F2197E24D4F7}.Debug|Any CPU.Build.0 = Debug|Any CPU
		{823AC7E2-1F8F-4584-9AFB-F2197E24D4F7}.Release|Any CPU.ActiveCfg = Release|Any CPU
		{823AC7E2-1F8F-4584-9AFB-F2197E24D4F7}.Release|Any CPU.Build.0 = Release|Any CPU
		{D31E6C5E-D50D-454A-90DD-3122EA333046}.Debug|Any CPU.ActiveCfg = Debug|Any CPU
		{D31E6C5E-D50D-454A-90DD-3122EA333046}.Debug|Any CPU.Build.0 = Debug|Any CPU
		{D31E6C5E-D50D-454A-90DD-3122EA333046}.Release|Any CPU.ActiveCfg = Release|Any CPU
		{D31E6C5E-D50D-454A-90DD-3122EA333046}.Release|Any CPU.Build.0 = Release|Any CPU
	EndGlobalSection
	GlobalSection(SolutionProperties) = preSolution
		HideSolutionNode = FALSE
	EndGlobalSection
	GlobalSection(NestedProjects) = preSolution
		{EE523430-D3D1-4D0E-9AF1-39ADF5C96479} = {4C82E88E-4818-48C8-8759-CF5C4087487B}
		{A8B8B117-09D2-49F0-ABE8-750E679B9B8A} = {046929B9-70BA-4C0F-8A55-DEE5BFC0A334}
		{823AC7E2-1F8F-4584-9AFB-F2197E24D4F7} = {3C2CAA26-8BC8-4F99-A742-438968F622E8}
		{D31E6C5E-D50D-454A-90DD-3122EA333046} = {813BBDF5-4B17-4E00-A512-8449BE8F48FD}
	EndGlobalSection
	GlobalSection(TeamFoundationVersionControl) = preSolution
		SccNumberOfProjects = 5
		SccEnterpriseProvider = {4CA58AB2-18FA-4F8D-95D4-32DDF27D184C}
		SccTeamFoundationServer = http://tfs.linx-inves.com.br:8080/tfs/linxcollection
		SccLocalPath0 = .
		SccProjectUniqueName1 = VAREJO.BV.Reports\\VAREJO.BV.Reports.csproj
		SccProjectTopLevelParentUniqueName1 = VAREJO.BV.sln
		SccProjectName1 = VAREJO.BV.Reports
		SccLocalPath1 = VAREJO.BV.Reports
		SccProjectUniqueName2 = VAREJO.BV.SPA\\VAREJO.BV.SPA.csproj
		SccProjectTopLevelParentUniqueName2 = VAREJO.BV.sln
		SccProjectName2 = VAREJO.BV.SPA
		SccLocalPath2 = VAREJO.BV.SPA
		SccProjectUniqueName3 = VAREJO.BV.WebAPI.DS\\VAREJO.BV.WebAPI.DS.csproj
		SccProjectTopLevelParentUniqueName3 = VAREJO.BV.sln
		SccProjectName3 = VAREJO.BV.WebAPI.DS
		SccLocalPath3 = VAREJO.BV.WebAPI.DS
		SccProjectUniqueName4 = VAREJO.BV\\VAREJO.BV.csproj
		SccProjectTopLevelParentUniqueName4 = VAREJO.BV.sln
		SccProjectName4 = VAREJO.BV
		SccLocalPath4 = VAREJO.BV
	EndGlobalSection
EndGlobal
