
Microsoft Visual Studio Solution File, Format Version 12.00
# Visual Studio 15
VisualStudioVersion = 15.0.26730.3
MinimumVisualStudioVersion = 10.0.40219.1
Project("{2150E333-8FDC-42A3-9474-1A3956D46DE8}") = "Business Models Core", "Business Models Core", "{980C926A-6788-4C86-B333-1CE66DFA56D2}"
EndProject
Project("{9A19103F-16F7-4668-BE54-9A1E7A4F7556}") = "Linx.License.Client.Core", "Linx.License.Client.Core\Linx.License.Client.Core.csproj", "{007FCEDE-6117-4A6C-829D-5D768D440509}"
EndProject
Project("{2150E333-8FDC-42A3-9474-1A3956D46DE8}") = "Web API Controllers Core", "Web API Controllers Core", "{6C0D9718-2AC1-4C69-8D1B-28DBD8609E15}"
EndProject
Project("{9A19103F-16F7-4668-BE54-9A1E7A4F7556}") = "Linx.License.Client.WebAPICore", "Linx.License.Client.WebAPICore\Linx.License.Client.WebAPICore.csproj", "{C85CEEC2-3EB3-431E-BA74-52DF63EF4B4C}"
EndProject
Project("{2150E333-8FDC-42A3-9474-1A3956D46DE8}") = "Business Models", "Business Models", "{0A7B2830-DE7B-4487-8C8F-C4085AE38338}"
EndProject
Project("{FAE04EC0-301F-11D3-BF4B-00C04F79EFBC}") = "Linx.License.Client", "Linx.License.Client\Linx.License.Client.csproj", "{6D3C42F0-86CA-49F9-B880-CC694B793FEF}"
EndProject
Project("{FAE04EC0-301F-11D3-BF4B-00C04F79EFBC}") = "Linx.License.Proxy", "Linx.License.Proxy\Linx.License.Proxy.csproj", "{79E85054-F10B-410B-9143-BD0CE6077E98}"
EndProject
Project("{FAE04EC0-301F-11D3-BF4B-00C04F79EFBC}") = "Linx.License.Proxy.Test", "Linx.License.Proxy.Test\Linx.License.Proxy.Test.csproj", "{33F5F32F-C68A-43AF-8E1A-AE878F7EE2F2}"
EndProject
Global
	GlobalSection(SolutionConfigurationPlatforms) = preSolution
		Debug|Any CPU = Debug|Any CPU
		Release|Any CPU = Release|Any CPU
	EndGlobalSection
	GlobalSection(ProjectConfigurationPlatforms) = postSolution
		{007FCEDE-6117-4A6C-829D-5D768D440509}.Debug|Any CPU.ActiveCfg = Debug|Any CPU
		{007FCEDE-6117-4A6C-829D-5D768D440509}.Debug|Any CPU.Build.0 = Debug|Any CPU
		{007FCEDE-6117-4A6C-829D-5D768D440509}.Release|Any CPU.ActiveCfg = Release|Any CPU
		{007FCEDE-6117-4A6C-829D-5D768D440509}.Release|Any CPU.Build.0 = Release|Any CPU
		{C85CEEC2-3EB3-431E-BA74-52DF63EF4B4C}.Debug|Any CPU.ActiveCfg = Debug|Any CPU
		{C85CEEC2-3EB3-431E-BA74-52DF63EF4B4C}.Debug|Any CPU.Build.0 = Debug|Any CPU
		{C85CEEC2-3EB3-431E-BA74-52DF63EF4B4C}.Release|Any CPU.ActiveCfg = Release|Any CPU
		{C85CEEC2-3EB3-431E-BA74-52DF63EF4B4C}.Release|Any CPU.Build.0 = Release|Any CPU
		{6D3C42F0-86CA-49F9-B880-CC694B793FEF}.Debug|Any CPU.ActiveCfg = Debug|Any CPU
		{6D3C42F0-86CA-49F9-B880-CC694B793FEF}.Debug|Any CPU.Build.0 = Debug|Any CPU
		{6D3C42F0-86CA-49F9-B880-CC694B793FEF}.Release|Any CPU.ActiveCfg = Release|Any CPU
		{6D3C42F0-86CA-49F9-B880-CC694B793FEF}.Release|Any CPU.Build.0 = Release|Any CPU
		{79E85054-F10B-410B-9143-BD0CE6077E98}.Debug|Any CPU.ActiveCfg = Debug|Any CPU
		{79E85054-F10B-410B-9143-BD0CE6077E98}.Debug|Any CPU.Build.0 = Debug|Any CPU
		{79E85054-F10B-410B-9143-BD0CE6077E98}.Release|Any CPU.ActiveCfg = Release|Any CPU
		{79E85054-F10B-410B-9143-BD0CE6077E98}.Release|Any CPU.Build.0 = Release|Any CPU
		{33F5F32F-C68A-43AF-8E1A-AE878F7EE2F2}.Debug|Any CPU.ActiveCfg = Debug|Any CPU
		{33F5F32F-C68A-43AF-8E1A-AE878F7EE2F2}.Debug|Any CPU.Build.0 = Debug|Any CPU
		{33F5F32F-C68A-43AF-8E1A-AE878F7EE2F2}.Release|Any CPU.ActiveCfg = Release|Any CPU
		{33F5F32F-C68A-43AF-8E1A-AE878F7EE2F2}.Release|Any CPU.Build.0 = Release|Any CPU
	EndGlobalSection
	GlobalSection(SolutionProperties) = preSolution
		HideSolutionNode = FALSE
	EndGlobalSection
	GlobalSection(NestedProjects) = preSolution
		{007FCEDE-6117-4A6C-829D-5D768D440509} = {980C926A-6788-4C86-B333-1CE66DFA56D2}
		{C85CEEC2-3EB3-431E-BA74-52DF63EF4B4C} = {6C0D9718-2AC1-4C69-8D1B-28DBD8609E15}
		{6D3C42F0-86CA-49F9-B880-CC694B793FEF} = {0A7B2830-DE7B-4487-8C8F-C4085AE38338}
		{79E85054-F10B-410B-9143-BD0CE6077E98} = {0A7B2830-DE7B-4487-8C8F-C4085AE38338}
	EndGlobalSection
	GlobalSection(ExtensibilityGlobals) = postSolution
		SolutionGuid = {2ECEB9C6-8854-4028-B52E-923CC7F2B39B}
	EndGlobalSection
	GlobalSection(TeamFoundationVersionControl) = preSolution
		SccNumberOfProjects = 6
		SccEnterpriseProvider = {4CA58AB2-18FA-4F8D-95D4-32DDF27D184C}
		SccTeamFoundationServer = http://tfs.linx-inves.com.br:8080/tfs/linxcollection
		SccLocalPath0 = .
		SccProjectUniqueName1 = Linx.License.Client.Core\\Linx.License.Client.Core.csproj
		SccProjectTopLevelParentUniqueName1 = Linx.License.Client.sln
		SccProjectName1 = Linx.License.Client.Core
		SccLocalPath1 = Linx.License.Client.Core
		SccProjectUniqueName2 = Linx.License.Client.WebAPICore\\Linx.License.Client.WebAPICore.csproj
		SccProjectTopLevelParentUniqueName2 = Linx.License.Client.sln
		SccProjectName2 = Linx.License.Client.WebAPICore
		SccLocalPath2 = Linx.License.Client.WebAPICore
		SccProjectUniqueName3 = Linx.License.Client\\Linx.License.Client.csproj
		SccProjectTopLevelParentUniqueName3 = Linx.License.Client.sln
		SccProjectName3 = Linx.License.Client
		SccLocalPath3 = Linx.License.Client
		SccProjectUniqueName4 = Linx.License.Proxy\\Linx.License.Proxy.csproj
		SccProjectTopLevelParentUniqueName4 = Linx.License.Client.sln
		SccProjectName4 = Linx.License.Proxy
		SccLocalPath4 = Linx.License.Proxy
		SccProjectUniqueName5 = Linx.License.Proxy.Test\\Linx.License.Proxy.Test.csproj
		SccProjectName5 = Linx.License.Proxy.Test
		SccLocalPath5 = Linx.License.Proxy.Test
	EndGlobalSection
EndGlobal
