
Microsoft Visual Studio Solution File, Format Version 12.00
# Visual Studio 2012
Project("{FAE04EC0-301F-11D3-BF4B-00C04F79EFBC}") = "Dsl", "Dsl\Dsl.csproj", "{B1EF900B-B35C-4531-A01D-211114C28C07}"
EndProject
Project("{FAE04EC0-301F-11D3-BF4B-00C04F79EFBC}") = "DslPackage", "DslPackage\DslPackage.csproj", "{565E12F6-5858-460B-97BF-FF571E0056E4}"
EndProject
Global
	GlobalSection(TeamFoundationVersionControl) = preSolution
		SccNumberOfProjects = 3
		SccEnterpriseProvider = {4CA58AB2-18FA-4F8D-95D4-32DDF27D184C}
		SccTeamFoundationServer = http://tfs.linx-inves.com.br:8080/tfs/linxcollection
		SccLocalPath0 = .
		SccProjectUniqueName1 = Dsl\\Dsl.csproj
		SccProjectName1 = Dsl
		SccLocalPath1 = Dsl
		SccProjectUniqueName2 = DslPackage\\DslPackage.csproj
		SccProjectName2 = DslPackage
		SccLocalPath2 = DslPackage
	EndGlobalSection
	GlobalSection(SolutionConfigurationPlatforms) = preSolution
		Debug|Any CPU = Debug|Any CPU
		Release|Any CPU = Release|Any CPU
	EndGlobalSection
	GlobalSection(ProjectConfigurationPlatforms) = postSolution
		{B1EF900B-B35C-4531-A01D-211114C28C07}.Debug|Any CPU.ActiveCfg = Debug|Any CPU
		{B1EF900B-B35C-4531-A01D-211114C28C07}.Debug|Any CPU.Build.0 = Debug|Any CPU
		{B1EF900B-B35C-4531-A01D-211114C28C07}.Release|Any CPU.ActiveCfg = Release|Any CPU
		{B1EF900B-B35C-4531-A01D-211114C28C07}.Release|Any CPU.Build.0 = Release|Any CPU
		{565E12F6-5858-460B-97BF-FF571E0056E4}.Debug|Any CPU.ActiveCfg = Debug|Any CPU
		{565E12F6-5858-460B-97BF-FF571E0056E4}.Debug|Any CPU.Build.0 = Debug|Any CPU
		{565E12F6-5858-460B-97BF-FF571E0056E4}.Release|Any CPU.ActiveCfg = Release|Any CPU
		{565E12F6-5858-460B-97BF-FF571E0056E4}.Release|Any CPU.Build.0 = Release|Any CPU
	EndGlobalSection
	GlobalSection(SolutionProperties) = preSolution
		HideSolutionNode = FALSE
	EndGlobalSection
EndGlobal
