
Microsoft Visual Studio Solution File, Format Version 12.00
# Visual Studio 15
VisualStudioVersion = 15.0.28307.329
MinimumVisualStudioVersion = 10.0.40219.1
Project("{2150E333-8FDC-42A3-9474-1A3956D46DE8}") = "Business Rules", "Business Rules", "{02E189AE-B918-4CF9-A9A8-3FA383A3499B}"
EndProject
Project("{FAE04EC0-301F-11D3-BF4B-00C04F79EFBC}") = "Linx.Framework.Custom.BV", "Linx.Framework.Custom.BV\Linx.Framework.Custom.BV.csproj", "{FC329C37-2716-4AD0-BA89-6DA20997F6EB}"
EndProject
Project("{2150E333-8FDC-42A3-9474-1A3956D46DE8}") = "Business Reports", "Business Reports", "{C6384015-3967-4EBB-A2C4-0A082E9EDE1F}"
EndProject
Project("{FAE04EC0-301F-11D3-BF4B-00C04F79EFBC}") = "Linx.Framework.Custom.BV.Reports", "Linx.Framework.Custom.BV.Reports\Linx.Framework.Custom.BV.Reports.csproj", "{5017CD02-FAC6-47F1-AF0A-1F93700192A7}"
EndProject
Project("{2150E333-8FDC-42A3-9474-1A3956D46DE8}") = "Web API Controllers", "Web API Controllers", "{E1C4433C-C44F-4FD6-9FB4-566155975FB3}"
EndProject
Project("{FAE04EC0-301F-11D3-BF4B-00C04F79EFBC}") = "Linx.Framework.Custom.BV.WebAPI.DS", "Linx.Framework.Custom.BV.WebAPI.DS\Linx.Framework.Custom.BV.WebAPI.DS.csproj", "{CC732456-8D2A-4535-898B-1493357733B8}"
EndProject
Project("{2150E333-8FDC-42A3-9474-1A3956D46DE8}") = "SPA User Interface Modules", "SPA User Interface Modules", "{150AAD25-BC2D-4ADA-88E9-4540D7E3EB72}"
EndProject
Project("{FAE04EC0-301F-11D3-BF4B-00C04F79EFBC}") = "Linx.Framework.Custom.BV.SPA", "Linx.Framework.Custom.BV.SPA\Linx.Framework.Custom.BV.SPA.csproj", "{BD14D3BB-FA3C-4770-A87C-3A99C37EDA3B}"
EndProject
Global
	GlobalSection(SolutionConfigurationPlatforms) = preSolution
		Debug|Any CPU = Debug|Any CPU
		Release|Any CPU = Release|Any CPU
	EndGlobalSection
	GlobalSection(ProjectConfigurationPlatforms) = postSolution
		{FC329C37-2716-4AD0-BA89-6DA20997F6EB}.Debug|Any CPU.ActiveCfg = Debug|Any CPU
		{FC329C37-2716-4AD0-BA89-6DA20997F6EB}.Debug|Any CPU.Build.0 = Debug|Any CPU
		{FC329C37-2716-4AD0-BA89-6DA20997F6EB}.Release|Any CPU.ActiveCfg = Release|Any CPU
		{FC329C37-2716-4AD0-BA89-6DA20997F6EB}.Release|Any CPU.Build.0 = Release|Any CPU
		{5017CD02-FAC6-47F1-AF0A-1F93700192A7}.Debug|Any CPU.ActiveCfg = Debug|Any CPU
		{5017CD02-FAC6-47F1-AF0A-1F93700192A7}.Debug|Any CPU.Build.0 = Debug|Any CPU
		{5017CD02-FAC6-47F1-AF0A-1F93700192A7}.Release|Any CPU.ActiveCfg = Release|Any CPU
		{5017CD02-FAC6-47F1-AF0A-1F93700192A7}.Release|Any CPU.Build.0 = Release|Any CPU
		{CC732456-8D2A-4535-898B-1493357733B8}.Debug|Any CPU.ActiveCfg = Debug|Any CPU
		{CC732456-8D2A-4535-898B-1493357733B8}.Debug|Any CPU.Build.0 = Debug|Any CPU
		{CC732456-8D2A-4535-898B-1493357733B8}.Release|Any CPU.ActiveCfg = Release|Any CPU
		{CC732456-8D2A-4535-898B-1493357733B8}.Release|Any CPU.Build.0 = Release|Any CPU
		{BD14D3BB-FA3C-4770-A87C-3A99C37EDA3B}.Debug|Any CPU.ActiveCfg = Debug|Any CPU
		{BD14D3BB-FA3C-4770-A87C-3A99C37EDA3B}.Debug|Any CPU.Build.0 = Debug|Any CPU
		{BD14D3BB-FA3C-4770-A87C-3A99C37EDA3B}.Release|Any CPU.ActiveCfg = Release|Any CPU
		{BD14D3BB-FA3C-4770-A87C-3A99C37EDA3B}.Release|Any CPU.Build.0 = Release|Any CPU
	EndGlobalSection
	GlobalSection(SolutionProperties) = preSolution
		HideSolutionNode = FALSE
	EndGlobalSection
	GlobalSection(NestedProjects) = preSolution
		{FC329C37-2716-4AD0-BA89-6DA20997F6EB} = {02E189AE-B918-4CF9-A9A8-3FA383A3499B}
		{5017CD02-FAC6-47F1-AF0A-1F93700192A7} = {C6384015-3967-4EBB-A2C4-0A082E9EDE1F}
		{CC732456-8D2A-4535-898B-1493357733B8} = {E1C4433C-C44F-4FD6-9FB4-566155975FB3}
		{BD14D3BB-FA3C-4770-A87C-3A99C37EDA3B} = {150AAD25-BC2D-4ADA-88E9-4540D7E3EB72}
	EndGlobalSection
	GlobalSection(ExtensibilityGlobals) = postSolution
		SolutionGuid = {04ED0CE9-2379-4DD8-A2B2-39012858AA3F}
	EndGlobalSection
	GlobalSection(TeamFoundationVersionControl) = preSolution
		SccNumberOfProjects = 5
		SccEnterpriseProvider = {4CA58AB2-18FA-4F8D-95D4-32DDF27D184C}
		SccTeamFoundationServer = https://grupolinx.visualstudio.com/
		SccLocalPath0 = .
		SccProjectUniqueName1 = Linx.Framework.Custom.BV\\Linx.Framework.Custom.BV.csproj
		SccProjectTopLevelParentUniqueName1 = Linx.Framework.Custom.BV.sln
		SccProjectName1 = Linx.Framework.Custom.BV
		SccLocalPath1 = Linx.Framework.Custom.BV
		SccProjectUniqueName2 = Linx.Framework.Custom.BV.Reports\\Linx.Framework.Custom.BV.Reports.csproj
		SccProjectTopLevelParentUniqueName2 = Linx.Framework.Custom.BV.sln
		SccProjectName2 = Linx.Framework.Custom.BV.Reports
		SccLocalPath2 = Linx.Framework.Custom.BV.Reports
		SccProjectUniqueName3 = Linx.Framework.Custom.BV.WebAPI.DS\\Linx.Framework.Custom.BV.WebAPI.DS.csproj
		SccProjectTopLevelParentUniqueName3 = Linx.Framework.Custom.BV.sln
		SccProjectName3 = Linx.Framework.Custom.BV.WebAPI.DS
		SccLocalPath3 = Linx.Framework.Custom.BV.WebAPI.DS
		SccProjectUniqueName4 = Linx.Framework.Custom.BV.SPA\\Linx.Framework.Custom.BV.SPA.csproj
		SccProjectTopLevelParentUniqueName4 = Linx.Framework.Custom.BV.sln
		SccProjectName4 = Linx.Framework.Custom.BV.SPA
		SccLocalPath4 = Linx.Framework.Custom.BV.SPA
	EndGlobalSection
EndGlobal
