
Microsoft Visual Studio Solution File, Format Version 12.00
# Visual Studio 2012
Project("{2150E333-8FDC-42A3-9474-1A3956D46DE8}") = "Business Rules", "Business Rules", "{17F6847A-39B8-42CC-82DA-3068220AD271}"
EndProject
Project("{FAE04EC0-301F-11D3-BF4B-00C04F79EFBC}") = "Linx.Report.Access.BV", "Linx.Report.Access.BV\Linx.Report.Access.BV.csproj", "{5C3DEAA2-1046-44CC-86E6-8AD8CA6571BF}"
EndProject
Project("{2150E333-8FDC-42A3-9474-1A3956D46DE8}") = "Web API Controllers", "Web API Controllers", "{A2CEE68A-C1AE-4FF2-BBBA-5569F2807045}"
EndProject
Project("{FAE04EC0-301F-11D3-BF4B-00C04F79EFBC}") = "Linx.Report.Access.BV.WebAPI.DS", "Linx.Report.Access.BV.WebAPI.DS\Linx.Report.Access.BV.WebAPI.DS.csproj", "{E17137C8-30C6-42D0-9E3E-4186D8BA3FBE}"
EndProject
Project("{FAE04EC0-301F-11D3-BF4B-00C04F79EFBC}") = "Linx.Report.Access.BV.TelerikReport.WebAPI.DS", "Linx.Report.Access.BV.TelerikReport\Linx.Report.Access.BV.TelerikReport.WebAPI.DS.csproj", "{BC286BE3-BBED-4807-A56E-AEF2B7882100}"
EndProject
Project("{2150E333-8FDC-42A3-9474-1A3956D46DE8}") = "Business Reports", "Business Reports", "{FCE60E95-8F7A-4C10-BEFB-9D86E4BA211A}"
EndProject
Project("{FAE04EC0-301F-11D3-BF4B-00C04F79EFBC}") = "Linx.Report.Access.BV.Reports", "Linx.Report.Access.BV.Reports\Linx.Report.Access.BV.Reports.csproj", "{242C7049-677B-4A3E-9B73-CE80D1C56408}"
EndProject
Global
	GlobalSection(TeamFoundationVersionControl) = preSolution
		SccNumberOfProjects = 5
		SccEnterpriseProvider = {4CA58AB2-18FA-4F8D-95D4-32DDF27D184C}
		SccTeamFoundationServer = http://tfs.linx-inves.com.br:8080/tfs/linxcollection
		SccLocalPath0 = .
		SccProjectUniqueName1 = Linx.Report.Access.BV\\Linx.Report.Access.BV.csproj
		SccProjectTopLevelParentUniqueName1 = Linx.Report.Access.BV.sln
		SccProjectName1 = Linx.Report.Access.BV
		SccLocalPath1 = Linx.Report.Access.BV
		SccProjectUniqueName2 = Linx.Report.Access.BV.WebAPI.DS\\Linx.Report.Access.BV.WebAPI.DS.csproj
		SccProjectTopLevelParentUniqueName2 = Linx.Report.Access.BV.sln
		SccProjectName2 = Linx.Report.Access.BV.WebAPI.DS
		SccLocalPath2 = Linx.Report.Access.BV.WebAPI.DS
		SccProjectUniqueName3 = Linx.Report.Access.BV.TelerikReport\\Linx.Report.Access.BV.TelerikReport.WebAPI.DS.csproj
		SccProjectName3 = Linx.Report.Access.BV.TelerikReport
		SccLocalPath3 = Linx.Report.Access.BV.TelerikReport
		SccProjectUniqueName4 = Linx.Report.Access.BV.Reports\\Linx.Report.Access.BV.Reports.csproj
		SccProjectTopLevelParentUniqueName4 = Linx.Report.Access.BV.sln
		SccProjectName4 = Linx.Report.Access.BV.Reports
		SccLocalPath4 = Linx.Report.Access.BV.Reports
	EndGlobalSection
	GlobalSection(SolutionConfigurationPlatforms) = preSolution
		Debug|Any CPU = Debug|Any CPU
		Release|Any CPU = Release|Any CPU
	EndGlobalSection
	GlobalSection(ProjectConfigurationPlatforms) = postSolution
		{5C3DEAA2-1046-44CC-86E6-8AD8CA6571BF}.Debug|Any CPU.ActiveCfg = Debug|Any CPU
		{5C3DEAA2-1046-44CC-86E6-8AD8CA6571BF}.Debug|Any CPU.Build.0 = Debug|Any CPU
		{5C3DEAA2-1046-44CC-86E6-8AD8CA6571BF}.Release|Any CPU.ActiveCfg = Release|Any CPU
		{5C3DEAA2-1046-44CC-86E6-8AD8CA6571BF}.Release|Any CPU.Build.0 = Release|Any CPU
		{E17137C8-30C6-42D0-9E3E-4186D8BA3FBE}.Debug|Any CPU.ActiveCfg = Debug|Any CPU
		{E17137C8-30C6-42D0-9E3E-4186D8BA3FBE}.Debug|Any CPU.Build.0 = Debug|Any CPU
		{E17137C8-30C6-42D0-9E3E-4186D8BA3FBE}.Release|Any CPU.ActiveCfg = Release|Any CPU
		{E17137C8-30C6-42D0-9E3E-4186D8BA3FBE}.Release|Any CPU.Build.0 = Release|Any CPU
		{BC286BE3-BBED-4807-A56E-AEF2B7882100}.Debug|Any CPU.ActiveCfg = Debug|Any CPU
		{BC286BE3-BBED-4807-A56E-AEF2B7882100}.Debug|Any CPU.Build.0 = Debug|Any CPU
		{BC286BE3-BBED-4807-A56E-AEF2B7882100}.Release|Any CPU.ActiveCfg = Release|Any CPU
		{BC286BE3-BBED-4807-A56E-AEF2B7882100}.Release|Any CPU.Build.0 = Release|Any CPU
		{242C7049-677B-4A3E-9B73-CE80D1C56408}.Debug|Any CPU.ActiveCfg = Debug|Any CPU
		{242C7049-677B-4A3E-9B73-CE80D1C56408}.Debug|Any CPU.Build.0 = Debug|Any CPU
		{242C7049-677B-4A3E-9B73-CE80D1C56408}.Release|Any CPU.ActiveCfg = Release|Any CPU
		{242C7049-677B-4A3E-9B73-CE80D1C56408}.Release|Any CPU.Build.0 = Release|Any CPU
	EndGlobalSection
	GlobalSection(SolutionProperties) = preSolution
		HideSolutionNode = FALSE
	EndGlobalSection
	GlobalSection(NestedProjects) = preSolution
		{5C3DEAA2-1046-44CC-86E6-8AD8CA6571BF} = {17F6847A-39B8-42CC-82DA-3068220AD271}
		{E17137C8-30C6-42D0-9E3E-4186D8BA3FBE} = {A2CEE68A-C1AE-4FF2-BBBA-5569F2807045}
		{242C7049-677B-4A3E-9B73-CE80D1C56408} = {FCE60E95-8F7A-4C10-BEFB-9D86E4BA211A}
	EndGlobalSection
EndGlobal
