
Microsoft Visual Studio Solution File, Format Version 12.00
# Visual Studio 2012
Project("{FAE04EC0-301F-11D3-BF4B-00C04F79EFBC}") = "Linx.Build.Automation", "Linx.Build.Automation\Linx.Build.Automation.csproj", "{C81F65FD-E308-4E67-8CBB-FF75C1FBABFB}"
EndProject
Global
	GlobalSection(TeamFoundationVersionControl) = preSolution
		SccNumberOfProjects = 2
		SccEnterpriseProvider = {4CA58AB2-18FA-4F8D-95D4-32DDF27D184C}
		SccTeamFoundationServer = http://tfs.linx-inves.com.br:8080/tfs/linxcollection
		SccLocalPath0 = .
		SccProjectUniqueName1 = Linx.Build.Automation\\Linx.Build.Automation.csproj
		SccProjectName1 = Linx.Build.Automation
		SccLocalPath1 = Linx.Build.Automation
	EndGlobalSection
	GlobalSection(SolutionConfigurationPlatforms) = preSolution
		Debug|Any CPU = Debug|Any CPU
		Release|Any CPU = Release|Any CPU
	EndGlobalSection
	GlobalSection(ProjectConfigurationPlatforms) = postSolution
		{C81F65FD-E308-4E67-8CBB-FF75C1FBABFB}.Debug|Any CPU.ActiveCfg = Debug|Any CPU
		{C81F65FD-E308-4E67-8CBB-FF75C1FBABFB}.Debug|Any CPU.Build.0 = Debug|Any CPU
		{C81F65FD-E308-4E67-8CBB-FF75C1FBABFB}.Release|Any CPU.ActiveCfg = Release|Any CPU
		{C81F65FD-E308-4E67-8CBB-FF75C1FBABFB}.Release|Any CPU.Build.0 = Release|Any CPU
	EndGlobalSection
	GlobalSection(SolutionProperties) = preSolution
		HideSolutionNode = FALSE
	EndGlobalSection
EndGlobal
